
Microsoft Visual Studio Solution File, Format Version 12.00
# Visual Studio 15
VisualStudioVersion = 15.0.28307.271
MinimumVisualStudioVersion = 10.0.40219.1
Project("{9A19103F-16F7-4668-BE54-9A1E7A4F7556}") = "MS.Az.Mgmt.CI.Common", "CI\CI.Common\Mgmt.CI.Common\MS.Az.Mgmt.CI.Common.csproj", "{29C506E3-A06F-46C3-A0FD-D0297C80370D}"
EndProject
Project("{9A19103F-16F7-4668-BE54-9A1E7A4F7556}") = "MS.Az.Mgmt.CI.BuildTasks", "CI\CI.BuildTasks\Mgmt.CI.BuildTasks\MS.Az.Mgmt.CI.BuildTasks.csproj", "{AEE2FE4B-1EFE-4193-8813-DB0BE821D57E}"
EndProject
Project("{2150E333-8FDC-42A3-9474-1A3956D46DE8}") = "Tests", "Tests", "{83512B45-D9E5-4449-AD9D-D9316BCA8B98}"
EndProject
Project("{9A19103F-16F7-4668-BE54-9A1E7A4F7556}") = "Tests.CI.BuildTasks", "CI\CI.BuildTasks\Tests\CI.BuildTasks.Tests\Tests.CI.BuildTasks.csproj", "{1BC3F60A-454B-4E93-8DBE-6F376651820E}"
EndProject
Project("{9A19103F-16F7-4668-BE54-9A1E7A4F7556}") = "Tests.CI.Common", "CI\CI.Common\Tests\Tests.CI.Common.csproj", "{DB4263F3-7041-4C7E-A373-BB04A5A32C34}"
EndProject
Global
	GlobalSection(SolutionConfigurationPlatforms) = preSolution
		Debug|Any CPU = Debug|Any CPU
		Release|Any CPU = Release|Any CPU
	EndGlobalSection
	GlobalSection(ProjectConfigurationPlatforms) = postSolution
		{29C506E3-A06F-46C3-A0FD-D0297C80370D}.Debug|Any CPU.ActiveCfg = Debug|Any CPU
		{29C506E3-A06F-46C3-A0FD-D0297C80370D}.Debug|Any CPU.Build.0 = Debug|Any CPU
		{29C506E3-A06F-46C3-A0FD-D0297C80370D}.Release|Any CPU.ActiveCfg = Release|Any CPU
		{29C506E3-A06F-46C3-A0FD-D0297C80370D}.Release|Any CPU.Build.0 = Release|Any CPU
		{AEE2FE4B-1EFE-4193-8813-DB0BE821D57E}.Debug|Any CPU.ActiveCfg = Debug|Any CPU
		{AEE2FE4B-1EFE-4193-8813-DB0BE821D57E}.Debug|Any CPU.Build.0 = Debug|Any CPU
		{AEE2FE4B-1EFE-4193-8813-DB0BE821D57E}.Release|Any CPU.ActiveCfg = Release|Any CPU
		{AEE2FE4B-1EFE-4193-8813-DB0BE821D57E}.Release|Any CPU.Build.0 = Release|Any CPU
		{1BC3F60A-454B-4E93-8DBE-6F376651820E}.Debug|Any CPU.ActiveCfg = Debug|Any CPU
		{1BC3F60A-454B-4E93-8DBE-6F376651820E}.Debug|Any CPU.Build.0 = Debug|Any CPU
		{1BC3F60A-454B-4E93-8DBE-6F376651820E}.Release|Any CPU.ActiveCfg = Release|Any CPU
		{1BC3F60A-454B-4E93-8DBE-6F376651820E}.Release|Any CPU.Build.0 = Release|Any CPU
		{DB4263F3-7041-4C7E-A373-BB04A5A32C34}.Debug|Any CPU.ActiveCfg = Debug|Any CPU
		{DB4263F3-7041-4C7E-A373-BB04A5A32C34}.Debug|Any CPU.Build.0 = Debug|Any CPU
		{DB4263F3-7041-4C7E-A373-BB04A5A32C34}.Release|Any CPU.ActiveCfg = Release|Any CPU
		{DB4263F3-7041-4C7E-A373-BB04A5A32C34}.Release|Any CPU.Build.0 = Release|Any CPU
	EndGlobalSection
	GlobalSection(SolutionProperties) = preSolution
		HideSolutionNode = FALSE
	EndGlobalSection
	GlobalSection(NestedProjects) = preSolution
		{1BC3F60A-454B-4E93-8DBE-6F376651820E} = {83512B45-D9E5-4449-AD9D-D9316BCA8B98}
		{DB4263F3-7041-4C7E-A373-BB04A5A32C34} = {83512B45-D9E5-4449-AD9D-D9316BCA8B98}
	EndGlobalSection
	GlobalSection(ExtensibilityGlobals) = postSolution
		SolutionGuid = {4F1C0D03-B9D3-42C7-B3BD-ACB1A093C83C}
	EndGlobalSection
EndGlobal
