
Microsoft Visual Studio Solution File, Format Version 12.00
# Visual Studio Version 17
VisualStudioVersion = 17.7.34202.233
MinimumVisualStudioVersion = 10.0.40219.1
Project("{9A19103F-16F7-4668-BE54-9A1E7A4F7556}") = "identity-resolution", "identity-resolution.csproj", "{9BD15934-C50E-4E33-92C7-56FA60BB20F8}"
EndProject
Global
	GlobalSection(SolutionConfigurationPlatforms) = preSolution
		Debug|Any CPU = Debug|Any CPU
		Release|Any CPU = Release|Any CPU
	EndGlobalSection
	GlobalSection(ProjectConfigurationPlatforms) = postSolution
		{9BD15934-C50E-4E33-92C7-56FA60BB20F8}.Debug|Any CPU.ActiveCfg = Debug|Any CPU
		{9BD15934-C50E-4E33-92C7-56FA60BB20F8}.Debug|Any CPU.Build.0 = Debug|Any CPU
		{9BD15934-C50E-4E33-92C7-56FA60BB20F8}.Release|Any CPU.ActiveCfg = Release|Any CPU
		{9BD15934-C50E-4E33-92C7-56FA60BB20F8}.Release|Any CPU.Build.0 = Release|Any CPU
	EndGlobalSection
	GlobalSection(SolutionProperties) = preSolution
		HideSolutionNode = FALSE
	EndGlobalSection
	GlobalSection(ExtensibilityGlobals) = postSolution
		SolutionGuid = {3D8B639A-3BC6-4B18-974F-D413F644F371}
	EndGlobalSection
EndGlobal
