
Microsoft Visual Studio Solution File, Format Version 12.00
# Visual Studio Version 16
VisualStudioVersion = 16.0.30114.105
MinimumVisualStudioVersion = 10.0.40219.1
Project("{FAE04EC0-301F-11D3-BF4B-00C04F79EFBC}") = "Azure.Sdk.Tools.SnippetGenerator", "Azure.Sdk.Tools.SnippetGenerator\Azure.Sdk.Tools.SnippetGenerator.csproj", "{D7439AF5-4FA7-4747-933C-887ED6FC89B3}"
EndProject
Project("{FAE04EC0-301F-11D3-BF4B-00C04F79EFBC}") = "Azure.Sdk.Tools.SnippetGenerator.Tests", "Azure.Sdk.Tools.SnippetGenerator.Tests\Azure.Sdk.Tools.SnippetGenerator.Tests.csproj", "{83AFC5E6-0AE7-402C-A047-8502836C5DF7}"
EndProject
Global
	GlobalSection(SolutionConfigurationPlatforms) = preSolution
		Debug|Any CPU = Debug|Any CPU
		Debug|x64 = Debug|x64
		Debug|x86 = Debug|x86
		Release|Any CPU = Release|Any CPU
		Release|x64 = Release|x64
		Release|x86 = Release|x86
	EndGlobalSection
	GlobalSection(SolutionProperties) = preSolution
		HideSolutionNode = FALSE
	EndGlobalSection
	GlobalSection(ProjectConfigurationPlatforms) = postSolution
		{D7439AF5-4FA7-4747-933C-887ED6FC89B3}.Debug|Any CPU.ActiveCfg = Debug|Any CPU
		{D7439AF5-4FA7-4747-933C-887ED6FC89B3}.Debug|Any CPU.Build.0 = Debug|Any CPU
		{D7439AF5-4FA7-4747-933C-887ED6FC89B3}.Debug|x64.ActiveCfg = Debug|Any CPU
		{D7439AF5-4FA7-4747-933C-887ED6FC89B3}.Debug|x64.Build.0 = Debug|Any CPU
		{D7439AF5-4FA7-4747-933C-887ED6FC89B3}.Debug|x86.ActiveCfg = Debug|Any CPU
		{D7439AF5-4FA7-4747-933C-887ED6FC89B3}.Debug|x86.Build.0 = Debug|Any CPU
		{D7439AF5-4FA7-4747-933C-887ED6FC89B3}.Release|Any CPU.ActiveCfg = Release|Any CPU
		{D7439AF5-4FA7-4747-933C-887ED6FC89B3}.Release|Any CPU.Build.0 = Release|Any CPU
		{D7439AF5-4FA7-4747-933C-887ED6FC89B3}.Release|x64.ActiveCfg = Release|Any CPU
		{D7439AF5-4FA7-4747-933C-887ED6FC89B3}.Release|x64.Build.0 = Release|Any CPU
		{D7439AF5-4FA7-4747-933C-887ED6FC89B3}.Release|x86.ActiveCfg = Release|Any CPU
		{D7439AF5-4FA7-4747-933C-887ED6FC89B3}.Release|x86.Build.0 = Release|Any CPU
		{83AFC5E6-0AE7-402C-A047-8502836C5DF7}.Debug|Any CPU.ActiveCfg = Debug|Any CPU
		{83AFC5E6-0AE7-402C-A047-8502836C5DF7}.Debug|Any CPU.Build.0 = Debug|Any CPU
		{83AFC5E6-0AE7-402C-A047-8502836C5DF7}.Debug|x64.ActiveCfg = Debug|Any CPU
		{83AFC5E6-0AE7-402C-A047-8502836C5DF7}.Debug|x64.Build.0 = Debug|Any CPU
		{83AFC5E6-0AE7-402C-A047-8502836C5DF7}.Debug|x86.ActiveCfg = Debug|Any CPU
		{83AFC5E6-0AE7-402C-A047-8502836C5DF7}.Debug|x86.Build.0 = Debug|Any CPU
		{83AFC5E6-0AE7-402C-A047-8502836C5DF7}.Release|Any CPU.ActiveCfg = Release|Any CPU
		{83AFC5E6-0AE7-402C-A047-8502836C5DF7}.Release|Any CPU.Build.0 = Release|Any CPU
		{83AFC5E6-0AE7-402C-A047-8502836C5DF7}.Release|x64.ActiveCfg = Release|Any CPU
		{83AFC5E6-0AE7-402C-A047-8502836C5DF7}.Release|x64.Build.0 = Release|Any CPU
		{83AFC5E6-0AE7-402C-A047-8502836C5DF7}.Release|x86.ActiveCfg = Release|Any CPU
		{83AFC5E6-0AE7-402C-A047-8502836C5DF7}.Release|x86.Build.0 = Release|Any CPU
	EndGlobalSection
EndGlobal
