
Microsoft Visual Studio Solution File, Format Version 12.00
# Visual Studio Version 17
VisualStudioVersion = 17.8.34601.278
MinimumVisualStudioVersion = 10.0.40219.1
Project("{9A19103F-16F7-4668-BE54-9A1E7A4F7556}") = "APIView", "..\..\..\..\src\dotnet\APIView\APIView\APIView.csproj", "{B12E5F4E-D63D-411F-A22D-9DD0DE1769A3}"
EndProject
Project("{9A19103F-16F7-4668-BE54-9A1E7A4F7556}") = "Azure.ClientSdk.Analyzers", "..\..\..\..\src\dotnet\Azure.ClientSdk.Analyzers\Azure.ClientSdk.Analyzers\Azure.ClientSdk.Analyzers.csproj", "{4ECD9A58-ABEB-4285-A5D7-7CDA8A558AE0}"
EndProject
Project("{9A19103F-16F7-4668-BE54-9A1E7A4F7556}") = "CSharpAPIParser", "CSharpAPIParser\CSharpAPIParser.csproj", "{EB159E3D-9732-4EB3-A3C2-817475B9D749}"
EndProject
Project("{FAE04EC0-301F-11D3-BF4B-00C04F79EFBC}") = "CSharpAPIParserTests", "CSharpAPIParserTests\CSharpAPIParserTests.csproj", "{FCAB6D7C-E9F6-4074-95A3-861C0750F13B}"
EndProject
Global
	GlobalSection(SolutionConfigurationPlatforms) = preSolution
		Debug|Any CPU = Debug|Any CPU
		Release|Any CPU = Release|Any CPU
	EndGlobalSection
	GlobalSection(ProjectConfigurationPlatforms) = postSolution
		{B12E5F4E-D63D-411F-A22D-9DD0DE1769A3}.Debug|Any CPU.ActiveCfg = Debug|Any CPU
		{B12E5F4E-D63D-411F-A22D-9DD0DE1769A3}.Debug|Any CPU.Build.0 = Debug|Any CPU
		{B12E5F4E-D63D-411F-A22D-9DD0DE1769A3}.Release|Any CPU.ActiveCfg = Release|Any CPU
		{B12E5F4E-D63D-411F-A22D-9DD0DE1769A3}.Release|Any CPU.Build.0 = Release|Any CPU
		{4ECD9A58-ABEB-4285-A5D7-7CDA8A558AE0}.Debug|Any CPU.ActiveCfg = Debug|Any CPU
		{4ECD9A58-ABEB-4285-A5D7-7CDA8A558AE0}.Debug|Any CPU.Build.0 = Debug|Any CPU
		{4ECD9A58-ABEB-4285-A5D7-7CDA8A558AE0}.Release|Any CPU.ActiveCfg = Release|Any CPU
		{4ECD9A58-ABEB-4285-A5D7-7CDA8A558AE0}.Release|Any CPU.Build.0 = Release|Any CPU
		{EB159E3D-9732-4EB3-A3C2-817475B9D749}.Debug|Any CPU.ActiveCfg = Debug|Any CPU
		{EB159E3D-9732-4EB3-A3C2-817475B9D749}.Debug|Any CPU.Build.0 = Debug|Any CPU
		{EB159E3D-9732-4EB3-A3C2-817475B9D749}.Release|Any CPU.ActiveCfg = Release|Any CPU
		{EB159E3D-9732-4EB3-A3C2-817475B9D749}.Release|Any CPU.Build.0 = Release|Any CPU
		{FCAB6D7C-E9F6-4074-95A3-861C0750F13B}.Debug|Any CPU.ActiveCfg = Debug|Any CPU
		{FCAB6D7C-E9F6-4074-95A3-861C0750F13B}.Debug|Any CPU.Build.0 = Debug|Any CPU
		{FCAB6D7C-E9F6-4074-95A3-861C0750F13B}.Release|Any CPU.ActiveCfg = Release|Any CPU
		{FCAB6D7C-E9F6-4074-95A3-861C0750F13B}.Release|Any CPU.Build.0 = Release|Any CPU
	EndGlobalSection
	GlobalSection(SolutionProperties) = preSolution
		HideSolutionNode = FALSE
	EndGlobalSection
	GlobalSection(ExtensibilityGlobals) = postSolution
		SolutionGuid = {D2777671-F5DD-4279-BF51-B9C81E05BD5A}
	EndGlobalSection
EndGlobal
