
Microsoft Visual Studio Solution File, Format Version 12.00
# Visual Studio Version 17
VisualStudioVersion = 17.0.31903.59
MinimumVisualStudioVersion = 10.0.40219.1
Project("{FAE04EC0-301F-11D3-BF4B-00C04F79EFBC}") = "Azure.Sdk.Tools.CodeownersMigration", "Azure.Sdk.Tools.CodeownersMigration\Azure.Sdk.Tools.CodeownersMigration.csproj", "{5F498E03-0DB4-4263-AFA5-1831A7E953E9}"
EndProject
Project("{FAE04EC0-301F-11D3-BF4B-00C04F79EFBC}") = "Azure.Sdk.Tools.CodeownersMigration.Tests", "Azure.Sdk.Tools.CodeownersMigration.Tests\Azure.Sdk.Tools.CodeownersMigration.Tests.csproj", "{1B5449C7-F5D7-4315-8893-8C53E59090A2}"
EndProject
Global
	GlobalSection(SolutionConfigurationPlatforms) = preSolution
		Debug|Any CPU = Debug|Any CPU
		Debug|x64 = Debug|x64
		Debug|x86 = Debug|x86
		Release|Any CPU = Release|Any CPU
		Release|x64 = Release|x64
		Release|x86 = Release|x86
	EndGlobalSection
	GlobalSection(ProjectConfigurationPlatforms) = postSolution
		{5F498E03-0DB4-4263-AFA5-1831A7E953E9}.Debug|Any CPU.ActiveCfg = Debug|Any CPU
		{5F498E03-0DB4-4263-AFA5-1831A7E953E9}.Debug|Any CPU.Build.0 = Debug|Any CPU
		{5F498E03-0DB4-4263-AFA5-1831A7E953E9}.Debug|x64.ActiveCfg = Debug|Any CPU
		{5F498E03-0DB4-4263-AFA5-1831A7E953E9}.Debug|x64.Build.0 = Debug|Any CPU
		{5F498E03-0DB4-4263-AFA5-1831A7E953E9}.Debug|x86.ActiveCfg = Debug|Any CPU
		{5F498E03-0DB4-4263-AFA5-1831A7E953E9}.Debug|x86.Build.0 = Debug|Any CPU
		{5F498E03-0DB4-4263-AFA5-1831A7E953E9}.Release|Any CPU.ActiveCfg = Release|Any CPU
		{5F498E03-0DB4-4263-AFA5-1831A7E953E9}.Release|Any CPU.Build.0 = Release|Any CPU
		{5F498E03-0DB4-4263-AFA5-1831A7E953E9}.Release|x64.ActiveCfg = Release|Any CPU
		{5F498E03-0DB4-4263-AFA5-1831A7E953E9}.Release|x64.Build.0 = Release|Any CPU
		{5F498E03-0DB4-4263-AFA5-1831A7E953E9}.Release|x86.ActiveCfg = Release|Any CPU
		{5F498E03-0DB4-4263-AFA5-1831A7E953E9}.Release|x86.Build.0 = Release|Any CPU
		{1B5449C7-F5D7-4315-8893-8C53E59090A2}.Debug|Any CPU.ActiveCfg = Debug|Any CPU
		{1B5449C7-F5D7-4315-8893-8C53E59090A2}.Debug|Any CPU.Build.0 = Debug|Any CPU
		{1B5449C7-F5D7-4315-8893-8C53E59090A2}.Debug|x64.ActiveCfg = Debug|Any CPU
		{1B5449C7-F5D7-4315-8893-8C53E59090A2}.Debug|x64.Build.0 = Debug|Any CPU
		{1B5449C7-F5D7-4315-8893-8C53E59090A2}.Debug|x86.ActiveCfg = Debug|Any CPU
		{1B5449C7-F5D7-4315-8893-8C53E59090A2}.Debug|x86.Build.0 = Debug|Any CPU
		{1B5449C7-F5D7-4315-8893-8C53E59090A2}.Release|Any CPU.ActiveCfg = Release|Any CPU
		{1B5449C7-F5D7-4315-8893-8C53E59090A2}.Release|Any CPU.Build.0 = Release|Any CPU
		{1B5449C7-F5D7-4315-8893-8C53E59090A2}.Release|x64.ActiveCfg = Release|Any CPU
		{1B5449C7-F5D7-4315-8893-8C53E59090A2}.Release|x64.Build.0 = Release|Any CPU
		{1B5449C7-F5D7-4315-8893-8C53E59090A2}.Release|x86.ActiveCfg = Release|Any CPU
		{1B5449C7-F5D7-4315-8893-8C53E59090A2}.Release|x86.Build.0 = Release|Any CPU
	EndGlobalSection
	GlobalSection(SolutionProperties) = preSolution
		HideSolutionNode = FALSE
	EndGlobalSection
EndGlobal
