
Microsoft Visual Studio Solution File, Format Version 12.00
# Visual Studio Version 17
VisualStudioVersion = 17.6.33815.320
MinimumVisualStudioVersion = 10.0.40219.1
Project("{9A19103F-16F7-4668-BE54-9A1E7A4F7556}") = "CloneAPIViewDB", "CloneAPIView\CloneAPIViewDB.csproj", "{885CFD45-6AA5-4EA7-A316-BEB885D001EB}"
EndProject
Global
	GlobalSection(SolutionConfigurationPlatforms) = preSolution
		Debug|Any CPU = Debug|Any CPU
		Release|Any CPU = Release|Any CPU
	EndGlobalSection
	GlobalSection(ProjectConfigurationPlatforms) = postSolution
		{885CFD45-6AA5-4EA7-A316-BEB885D001EB}.Debug|Any CPU.ActiveCfg = Debug|Any CPU
		{885CFD45-6AA5-4EA7-A316-BEB885D001EB}.Debug|Any CPU.Build.0 = Debug|Any CPU
		{885CFD45-6AA5-4EA7-A316-BEB885D001EB}.Release|Any CPU.ActiveCfg = Release|Any CPU
		{885CFD45-6AA5-4EA7-A316-BEB885D001EB}.Release|Any CPU.Build.0 = Release|Any CPU
	EndGlobalSection
	GlobalSection(SolutionProperties) = preSolution
		HideSolutionNode = FALSE
	EndGlobalSection
	GlobalSection(ExtensibilityGlobals) = postSolution
		SolutionGuid = {7365040A-CE61-4F24-85C9-0EDCCB5A22CB}
	EndGlobalSection
EndGlobal
