{
  "name": "azure-sdk-tools",
  "lockfileVersion": 3,
  "requires": true,
  "packages": {
    "": {
      "dependencies": {
        "class-transformer": "^0.5.1",
        "yaml": "^2.9.0"
      }
    },
    "node_modules/class-transformer": {
      "version": "0.5.1",
      "resolved": "https://registry.npmjs.org/class-transformer/-/class-transformer-0.5.1.tgz",
      "integrity": "sha512-SQa1Ws6hUbfC98vKGxZH3KFY0Y1lm5Zm0SY8XX9zbK7FJCyVEac3ATW0RIpwzW+oOfmHE5PMPufDG9hCfoEOMw=="
    },
    "node_modules/yaml": {
      "version": "2.9.0",
      "resolved": "https://ms-feed-17.pkgs.visualstudio.com/1es-public/_packaging/npm-public/npm/registry/yaml/-/yaml-2.9.0.tgz",
      "integrity": "sha1-eCdK/ZNZih391hMN9qVm3vy/mqQ=",
      "license": "ISC",
      "bin": {
        "yaml": "bin.mjs"
      },
      "engines": {
        "node": ">= 14.6"
      },
      "funding": {
        "url": "https://github.com/sponsors/eemeli"
      }
    }
  }
}
