{
  "name": "azure-sdk-tools",
  "lockfileVersion": 3,
  "requires": true,
  "packages": {
    "": {
      "dependencies": {
        "class-transformer": "^0.5.1"
      },
      "devDependencies": {
        "@microsoft/vally-cli": "^0.2.0"
      }
    },
    "node_modules/@github/copilot": {
      "version": "1.0.30",
      "resolved": "https://registry.npmjs.org/@github/copilot/-/copilot-1.0.30.tgz",
      "integrity": "sha512-JYZNMM6hteAE6tIMbHobRjpAaXzvqeeglXgGlDCr26rRq3K6h5ul2GN27qzhMBaWyujUQN402KLKdrhDPqcL7A==",
      "dev": true,
      "license": "SEE LICENSE IN LICENSE.md",
      "peer": true,
      "bin": {
        "copilot": "npm-loader.js"
      },
      "optionalDependencies": {
        "@github/copilot-darwin-arm64": "1.0.30",
        "@github/copilot-darwin-x64": "1.0.30",
        "@github/copilot-linux-arm64": "1.0.30",
        "@github/copilot-linux-x64": "1.0.30",
        "@github/copilot-win32-arm64": "1.0.30",
        "@github/copilot-win32-x64": "1.0.30"
      }
    },
    "node_modules/@github/copilot-darwin-arm64": {
      "version": "1.0.30",
      "resolved": "https://registry.npmjs.org/@github/copilot-darwin-arm64/-/copilot-darwin-arm64-1.0.30.tgz",
      "integrity": "sha512-qhLMhAY7nskG6yabbsWSqErxPWcZLX1ixJBdQX3RLqgw5dyNvZRNzG2evUnABo5bqgndztsFXjE3u4XtfX0WkA==",
      "cpu": [
        "arm64"
      ],
      "dev": true,
      "license": "SEE LICENSE IN LICENSE.md",
      "optional": true,
      "os": [
        "darwin"
      ],
      "peer": true,
      "bin": {
        "copilot-darwin-arm64": "copilot"
      }
    },
    "node_modules/@github/copilot-darwin-x64": {
      "version": "1.0.30",
      "resolved": "https://registry.npmjs.org/@github/copilot-darwin-x64/-/copilot-darwin-x64-1.0.30.tgz",
      "integrity": "sha512-nsjGRt1jLBzCaVd6eb3ok75zqePr8eU8GSTqu1KVf5KUrnvvfIlsvESkEAE8l+lkR14f7SGQLfMJ2EEbcJMGcg==",
      "cpu": [
        "x64"
      ],
      "dev": true,
      "license": "SEE LICENSE IN LICENSE.md",
      "optional": true,
      "os": [
        "darwin"
      ],
      "peer": true,
      "bin": {
        "copilot-darwin-x64": "copilot"
      }
    },
    "node_modules/@github/copilot-linux-arm64": {
      "version": "1.0.30",
      "resolved": "https://registry.npmjs.org/@github/copilot-linux-arm64/-/copilot-linux-arm64-1.0.30.tgz",
      "integrity": "sha512-7wOrOKm9MHnglyzzGeZnXSkfRi4sXB2Db7rK/CgUenxS+dwwIuXhT4rgkH/DIOiDbGCxYjigICxln28Jvbs+cA==",
      "cpu": [
        "arm64"
      ],
      "dev": true,
      "license": "SEE LICENSE IN LICENSE.md",
      "optional": true,
      "os": [
        "linux"
      ],
      "peer": true,
      "bin": {
        "copilot-linux-arm64": "copilot"
      }
    },
    "node_modules/@github/copilot-linux-x64": {
      "version": "1.0.30",
      "resolved": "https://registry.npmjs.org/@github/copilot-linux-x64/-/copilot-linux-x64-1.0.30.tgz",
      "integrity": "sha512-OSJtP7mV9vnDzGFjBkI3sgbNOcxsRcq7vXrT4PNrjJw4Mc71aaW55hc5F1j2fElfGWIb+Jubm3AB8nb6AoufnA==",
      "cpu": [
        "x64"
      ],
      "dev": true,
      "license": "SEE LICENSE IN LICENSE.md",
      "optional": true,
      "os": [
        "linux"
      ],
      "peer": true,
      "bin": {
        "copilot-linux-x64": "copilot"
      }
    },
    "node_modules/@github/copilot-sdk": {
      "version": "0.2.2",
      "resolved": "https://registry.npmjs.org/@github/copilot-sdk/-/copilot-sdk-0.2.2.tgz",
      "integrity": "sha512-VZCqS08YlUM90bUKJ7VLeIxgTTEHtfXBo84T1IUMNvXRREX2csjPH6Z+CPw3S2468RcCLvzBXcc9LtJJTLIWFw==",
      "dev": true,
      "license": "MIT",
      "peer": true,
      "dependencies": {
        "@github/copilot": "^1.0.21",
        "vscode-jsonrpc": "^8.2.1",
        "zod": "^4.3.6"
      },
      "engines": {
        "node": ">=20.0.0"
      }
    },
    "node_modules/@github/copilot-win32-arm64": {
      "version": "1.0.30",
      "resolved": "https://registry.npmjs.org/@github/copilot-win32-arm64/-/copilot-win32-arm64-1.0.30.tgz",
      "integrity": "sha512-5nCz/+9VWJdNvW2uRYeMmnRdQq/gpuSlmYMvRv8fIsFF8KH0mdJndJn8xN6GeJtx0fKJrLzgKqJHWdgb5MtLgA==",
      "cpu": [
        "arm64"
      ],
      "dev": true,
      "license": "SEE LICENSE IN LICENSE.md",
      "optional": true,
      "os": [
        "win32"
      ],
      "peer": true,
      "bin": {
        "copilot-win32-arm64": "copilot.exe"
      }
    },
    "node_modules/@github/copilot-win32-x64": {
      "version": "1.0.30",
      "resolved": "https://registry.npmjs.org/@github/copilot-win32-x64/-/copilot-win32-x64-1.0.30.tgz",
      "integrity": "sha512-tJvgCsWLJVQvHLvFyQZ0P5MQ7YGX51/bl9kbXDUFCGATtPpELul3NyHWwEYGjRv+VDPvhFxjbf+V7Bf/VzYZ7w==",
      "cpu": [
        "x64"
      ],
      "dev": true,
      "license": "SEE LICENSE IN LICENSE.md",
      "optional": true,
      "os": [
        "win32"
      ],
      "peer": true,
      "bin": {
        "copilot-win32-x64": "copilot.exe"
      }
    },
    "node_modules/@inquirer/ansi": {
      "version": "2.0.5",
      "resolved": "https://registry.npmjs.org/@inquirer/ansi/-/ansi-2.0.5.tgz",
      "integrity": "sha512-doc2sWgJpbFQ64UflSVd17ibMGDuxO1yKgOgLMwavzESnXjFWJqUeG8saYosqKpHp4kWiM5x1nXvEjbpx90gzw==",
      "dev": true,
      "license": "MIT",
      "engines": {
        "node": ">=23.5.0 || ^22.13.0 || ^21.7.0 || ^20.12.0"
      }
    },
    "node_modules/@inquirer/checkbox": {
      "version": "5.1.3",
      "resolved": "https://registry.npmjs.org/@inquirer/checkbox/-/checkbox-5.1.3.tgz",
      "integrity": "sha512-+G7I8CT+EHv/hasNfUl3P37DVoMoZfpA+2FXmM54dA8MxYle1YqucxbacxHalw1iAFSdKNEDTGNV7F+j1Ldqcg==",
      "dev": true,
      "license": "MIT",
      "dependencies": {
        "@inquirer/ansi": "^2.0.5",
        "@inquirer/core": "^11.1.8",
        "@inquirer/figures": "^2.0.5",
        "@inquirer/type": "^4.0.5"
      },
      "engines": {
        "node": ">=23.5.0 || ^22.13.0 || ^21.7.0 || ^20.12.0"
      },
      "peerDependencies": {
        "@types/node": ">=18"
      },
      "peerDependenciesMeta": {
        "@types/node": {
          "optional": true
        }
      }
    },
    "node_modules/@inquirer/confirm": {
      "version": "6.0.11",
      "resolved": "https://registry.npmjs.org/@inquirer/confirm/-/confirm-6.0.11.tgz",
      "integrity": "sha512-pTpHjg0iEIRMYV/7oCZUMf27/383E6Wyhfc/MY+AVQGEoUobffIYWOK9YLP2XFRGz/9i6WlTQh1CkFVIo2Y7XA==",
      "dev": true,
      "license": "MIT",
      "dependencies": {
        "@inquirer/core": "^11.1.8",
        "@inquirer/type": "^4.0.5"
      },
      "engines": {
        "node": ">=23.5.0 || ^22.13.0 || ^21.7.0 || ^20.12.0"
      },
      "peerDependencies": {
        "@types/node": ">=18"
      },
      "peerDependenciesMeta": {
        "@types/node": {
          "optional": true
        }
      }
    },
    "node_modules/@inquirer/core": {
      "version": "11.1.8",
      "resolved": "https://registry.npmjs.org/@inquirer/core/-/core-11.1.8.tgz",
      "integrity": "sha512-/u+yJk2pOKNDOh1ZgdUH2RQaRx6OOH4I0uwL95qPvTFTIL38YBsuSC4r1yXBB3Q6JvNqFFc202gk0Ew79rrcjA==",
      "dev": true,
      "license": "MIT",
      "dependencies": {
        "@inquirer/ansi": "^2.0.5",
        "@inquirer/figures": "^2.0.5",
        "@inquirer/type": "^4.0.5",
        "cli-width": "^4.1.0",
        "fast-wrap-ansi": "^0.2.0",
        "mute-stream": "^3.0.0",
        "signal-exit": "^4.1.0"
      },
      "engines": {
        "node": ">=23.5.0 || ^22.13.0 || ^21.7.0 || ^20.12.0"
      },
      "peerDependencies": {
        "@types/node": ">=18"
      },
      "peerDependenciesMeta": {
        "@types/node": {
          "optional": true
        }
      }
    },
    "node_modules/@inquirer/editor": {
      "version": "5.1.0",
      "resolved": "https://registry.npmjs.org/@inquirer/editor/-/editor-5.1.0.tgz",
      "integrity": "sha512-6wlkYl65Qfayy48gPCfU4D7li6KCAGN79mLXa/tYHZH99OfZ820yY+HA+DgE88r8YwwgeuY6PQgNqMeK6LuMmw==",
      "dev": true,
      "license": "MIT",
      "dependencies": {
        "@inquirer/core": "^11.1.8",
        "@inquirer/external-editor": "^3.0.0",
        "@inquirer/type": "^4.0.5"
      },
      "engines": {
        "node": ">=23.5.0 || ^22.13.0 || ^21.7.0 || ^20.12.0"
      },
      "peerDependencies": {
        "@types/node": ">=18"
      },
      "peerDependenciesMeta": {
        "@types/node": {
          "optional": true
        }
      }
    },
    "node_modules/@inquirer/expand": {
      "version": "5.0.12",
      "resolved": "https://registry.npmjs.org/@inquirer/expand/-/expand-5.0.12.tgz",
      "integrity": "sha512-vOfrB33b7YIZfDauXS8vNNz2Z86FozTZLIt7e+7/dCaPJ1RXZsHCuI9TlcERzEUq57vkM+UdnBgxP0rFd23JYQ==",
      "dev": true,
      "license": "MIT",
      "dependencies": {
        "@inquirer/core": "^11.1.8",
        "@inquirer/type": "^4.0.5"
      },
      "engines": {
        "node": ">=23.5.0 || ^22.13.0 || ^21.7.0 || ^20.12.0"
      },
      "peerDependencies": {
        "@types/node": ">=18"
      },
      "peerDependenciesMeta": {
        "@types/node": {
          "optional": true
        }
      }
    },
    "node_modules/@inquirer/external-editor": {
      "version": "3.0.0",
      "resolved": "https://registry.npmjs.org/@inquirer/external-editor/-/external-editor-3.0.0.tgz",
      "integrity": "sha512-lDSwMgg+M5rq6JKBYaJwSX6T9e/HK2qqZ1oxmOwn4AQoJE5D+7TumsxLGC02PWS//rkIVqbZv3XA3ejsc9FYvg==",
      "dev": true,
      "license": "MIT",
      "dependencies": {
        "chardet": "^2.1.1",
        "iconv-lite": "^0.7.2"
      },
      "engines": {
        "node": ">=23.5.0 || ^22.13.0 || ^21.7.0 || ^20.12.0"
      },
      "peerDependencies": {
        "@types/node": ">=18"
      },
      "peerDependenciesMeta": {
        "@types/node": {
          "optional": true
        }
      }
    },
    "node_modules/@inquirer/figures": {
      "version": "2.0.5",
      "resolved": "https://registry.npmjs.org/@inquirer/figures/-/figures-2.0.5.tgz",
      "integrity": "sha512-NsSs4kzfm12lNetHwAn3GEuH317IzpwrMCbOuMIVytpjnJ90YYHNwdRgYGuKmVxwuIqSgqk3M5qqQt1cDk0tGQ==",
      "dev": true,
      "license": "MIT",
      "engines": {
        "node": ">=23.5.0 || ^22.13.0 || ^21.7.0 || ^20.12.0"
      }
    },
    "node_modules/@inquirer/input": {
      "version": "5.0.11",
      "resolved": "https://registry.npmjs.org/@inquirer/input/-/input-5.0.11.tgz",
      "integrity": "sha512-twUWidn4ocPO8qi6fRM7tNWt7W1FOnOZqQ+/+PsfLUacMR5rFLDPK9ql0nBPwxi0oELbo8T5NhRs8B2+qQEqFQ==",
      "dev": true,
      "license": "MIT",
      "dependencies": {
        "@inquirer/core": "^11.1.8",
        "@inquirer/type": "^4.0.5"
      },
      "engines": {
        "node": ">=23.5.0 || ^22.13.0 || ^21.7.0 || ^20.12.0"
      },
      "peerDependencies": {
        "@types/node": ">=18"
      },
      "peerDependenciesMeta": {
        "@types/node": {
          "optional": true
        }
      }
    },
    "node_modules/@inquirer/number": {
      "version": "4.0.11",
      "resolved": "https://registry.npmjs.org/@inquirer/number/-/number-4.0.11.tgz",
      "integrity": "sha512-Vscmim9TCksQsfjPtka/JwPUcbLhqWYrgfPf1cHrCm24X/F2joFwnageD50yMKsaX14oNGOyKf/RNXAFkNjWpA==",
      "dev": true,
      "license": "MIT",
      "dependencies": {
        "@inquirer/core": "^11.1.8",
        "@inquirer/type": "^4.0.5"
      },
      "engines": {
        "node": ">=23.5.0 || ^22.13.0 || ^21.7.0 || ^20.12.0"
      },
      "peerDependencies": {
        "@types/node": ">=18"
      },
      "peerDependenciesMeta": {
        "@types/node": {
          "optional": true
        }
      }
    },
    "node_modules/@inquirer/password": {
      "version": "5.0.11",
      "resolved": "https://registry.npmjs.org/@inquirer/password/-/password-5.0.11.tgz",
      "integrity": "sha512-9KZFeRaNHIcejtPb0wN4ddFc7EvobVoAFa049eS3LrDZFxI8O7xUXiITEOinBzkZFAIwY5V4yzQae/QfO9cbbg==",
      "dev": true,
      "license": "MIT",
      "dependencies": {
        "@inquirer/ansi": "^2.0.5",
        "@inquirer/core": "^11.1.8",
        "@inquirer/type": "^4.0.5"
      },
      "engines": {
        "node": ">=23.5.0 || ^22.13.0 || ^21.7.0 || ^20.12.0"
      },
      "peerDependencies": {
        "@types/node": ">=18"
      },
      "peerDependenciesMeta": {
        "@types/node": {
          "optional": true
        }
      }
    },
    "node_modules/@inquirer/prompts": {
      "version": "8.4.1",
      "resolved": "https://registry.npmjs.org/@inquirer/prompts/-/prompts-8.4.1.tgz",
      "integrity": "sha512-AH5xPQ997K7e0F0vulPlteIHke2awMkFi8F0dBemrDfmvtPmHJo82mdHbONC4F/t8d1NHwrbI5cGVI+RbLWdoQ==",
      "dev": true,
      "license": "MIT",
      "dependencies": {
        "@inquirer/checkbox": "^5.1.3",
        "@inquirer/confirm": "^6.0.11",
        "@inquirer/editor": "^5.1.0",
        "@inquirer/expand": "^5.0.12",
        "@inquirer/input": "^5.0.11",
        "@inquirer/number": "^4.0.11",
        "@inquirer/password": "^5.0.11",
        "@inquirer/rawlist": "^5.2.7",
        "@inquirer/search": "^4.1.7",
        "@inquirer/select": "^5.1.3"
      },
      "engines": {
        "node": ">=23.5.0 || ^22.13.0 || ^21.7.0 || ^20.12.0"
      },
      "peerDependencies": {
        "@types/node": ">=18"
      },
      "peerDependenciesMeta": {
        "@types/node": {
          "optional": true
        }
      }
    },
    "node_modules/@inquirer/rawlist": {
      "version": "5.2.7",
      "resolved": "https://registry.npmjs.org/@inquirer/rawlist/-/rawlist-5.2.7.tgz",
      "integrity": "sha512-AqRMiD9+uE1lskDPrdqHwrV/EUmxKEBLX44SR7uxK3vD2413AmVfE5EQaPeNzYf5Pq5SitHJDYUFVF0poIr09w==",
      "dev": true,
      "license": "MIT",
      "dependencies": {
        "@inquirer/core": "^11.1.8",
        "@inquirer/type": "^4.0.5"
      },
      "engines": {
        "node": ">=23.5.0 || ^22.13.0 || ^21.7.0 || ^20.12.0"
      },
      "peerDependencies": {
        "@types/node": ">=18"
      },
      "peerDependenciesMeta": {
        "@types/node": {
          "optional": true
        }
      }
    },
    "node_modules/@inquirer/search": {
      "version": "4.1.7",
      "resolved": "https://registry.npmjs.org/@inquirer/search/-/search-4.1.7.tgz",
      "integrity": "sha512-1y7+0N65AWk5RdlXH/Kn13txf3IjIQ7OEfhCEkDTU+h5wKMLq8DUF3P6z+/kLSxDGDtQT1dRBWEUC3o/VvImsQ==",
      "dev": true,
      "license": "MIT",
      "dependencies": {
        "@inquirer/core": "^11.1.8",
        "@inquirer/figures": "^2.0.5",
        "@inquirer/type": "^4.0.5"
      },
      "engines": {
        "node": ">=23.5.0 || ^22.13.0 || ^21.7.0 || ^20.12.0"
      },
      "peerDependencies": {
        "@types/node": ">=18"
      },
      "peerDependenciesMeta": {
        "@types/node": {
          "optional": true
        }
      }
    },
    "node_modules/@inquirer/select": {
      "version": "5.1.3",
      "resolved": "https://registry.npmjs.org/@inquirer/select/-/select-5.1.3.tgz",
      "integrity": "sha512-zYyqWgGQi3NhBcNq4Isc5rB3oEdQEh1Q/EcAnOW0FK4MpnXWkvSBYgA4cYrTM4A9UB573omouZbnL9JJ74Mq3A==",
      "dev": true,
      "license": "MIT",
      "dependencies": {
        "@inquirer/ansi": "^2.0.5",
        "@inquirer/core": "^11.1.8",
        "@inquirer/figures": "^2.0.5",
        "@inquirer/type": "^4.0.5"
      },
      "engines": {
        "node": ">=23.5.0 || ^22.13.0 || ^21.7.0 || ^20.12.0"
      },
      "peerDependencies": {
        "@types/node": ">=18"
      },
      "peerDependenciesMeta": {
        "@types/node": {
          "optional": true
        }
      }
    },
    "node_modules/@inquirer/type": {
      "version": "4.0.5",
      "resolved": "https://registry.npmjs.org/@inquirer/type/-/type-4.0.5.tgz",
      "integrity": "sha512-aetVUNeKNc/VriqXlw1NRSW0zhMBB0W4bNbWRJgzRl/3d0QNDQFfk0GO5SDdtjMZVg6o8ZKEiadd7SCCzoOn5Q==",
      "dev": true,
      "license": "MIT",
      "engines": {
        "node": ">=23.5.0 || ^22.13.0 || ^21.7.0 || ^20.12.0"
      },
      "peerDependencies": {
        "@types/node": ">=18"
      },
      "peerDependenciesMeta": {
        "@types/node": {
          "optional": true
        }
      }
    },
    "node_modules/@microsoft/vally": {
      "version": "0.2.0",
      "resolved": "https://npm.pkg.github.com/download/@microsoft/vally/0.2.0/404ce4a2c14170e6b18ded3654abc9ff54bcda9d",
      "integrity": "sha512-CaeqVJXGedxALxpbmVeVuPJiKfGZKFJ8FHcnT2Q4yZmJG4Elj6MybBKm0UrGyGVv3JTwuOdxm5u4RvNqUdmg1A==",
      "dev": true,
      "dependencies": {
        "js-tiktoken": "^1.0.21",
        "picomatch": "^4.0.4",
        "yaml": "^2.8.2"
      },
      "peerDependencies": {
        "@github/copilot-sdk": "^0.2.0"
      }
    },
    "node_modules/@microsoft/vally-cli": {
      "version": "0.2.0",
      "resolved": "https://npm.pkg.github.com/download/@microsoft/vally-cli/0.2.0/3cfca375ff22ddadcf1386385b86c8f9c1321b77",
      "integrity": "sha512-Jje2zwd2Xj2q/LdDk7nkK4rr6MpKP5W+Lo+zcfZp8kPPLOalHMNZxe+oox5ecXK5ettUm0XS0/6FavJ/Xn7Jfg==",
      "dev": true,
      "dependencies": {
        "@inquirer/prompts": "^8.3.2",
        "@microsoft/vally": "^0.2.0",
        "commander": "^14.0.3"
      },
      "bin": {
        "vally": "dist/index.js"
      }
    },
    "node_modules/base64-js": {
      "version": "1.5.1",
      "resolved": "https://registry.npmjs.org/base64-js/-/base64-js-1.5.1.tgz",
      "integrity": "sha512-AKpaYlHn8t4SVbOHCy+b5+KKgvR4vrsD8vbvrbiQJps7fKDTkjkDry6ji0rUJjC0kzbNePLwzxq8iypo41qeWA==",
      "dev": true,
      "funding": [
        {
          "type": "github",
          "url": "https://github.com/sponsors/feross"
        },
        {
          "type": "patreon",
          "url": "https://www.patreon.com/feross"
        },
        {
          "type": "consulting",
          "url": "https://feross.org/support"
        }
      ],
      "license": "MIT"
    },
    "node_modules/chardet": {
      "version": "2.1.1",
      "resolved": "https://registry.npmjs.org/chardet/-/chardet-2.1.1.tgz",
      "integrity": "sha512-PsezH1rqdV9VvyNhxxOW32/d75r01NY7TQCmOqomRo15ZSOKbpTFVsfjghxo6JloQUCGnH4k1LGu0R4yCLlWQQ==",
      "dev": true,
      "license": "MIT"
    },
    "node_modules/class-transformer": {
      "version": "0.5.1",
      "resolved": "https://registry.npmjs.org/class-transformer/-/class-transformer-0.5.1.tgz",
      "integrity": "sha512-SQa1Ws6hUbfC98vKGxZH3KFY0Y1lm5Zm0SY8XX9zbK7FJCyVEac3ATW0RIpwzW+oOfmHE5PMPufDG9hCfoEOMw=="
    },
    "node_modules/cli-width": {
      "version": "4.1.0",
      "resolved": "https://registry.npmjs.org/cli-width/-/cli-width-4.1.0.tgz",
      "integrity": "sha512-ouuZd4/dm2Sw5Gmqy6bGyNNNe1qt9RpmxveLSO7KcgsTnU7RXfsw+/bukWGo1abgBiMAic068rclZsO4IWmmxQ==",
      "dev": true,
      "license": "ISC",
      "engines": {
        "node": ">= 12"
      }
    },
    "node_modules/commander": {
      "version": "14.0.3",
      "resolved": "https://registry.npmjs.org/commander/-/commander-14.0.3.tgz",
      "integrity": "sha512-H+y0Jo/T1RZ9qPP4Eh1pkcQcLRglraJaSLoyOtHxu6AapkjWVCy2Sit1QQ4x3Dng8qDlSsZEet7g5Pq06MvTgw==",
      "dev": true,
      "license": "MIT",
      "engines": {
        "node": ">=20"
      }
    },
    "node_modules/fast-string-truncated-width": {
      "version": "3.0.3",
      "resolved": "https://registry.npmjs.org/fast-string-truncated-width/-/fast-string-truncated-width-3.0.3.tgz",
      "integrity": "sha512-0jjjIEL6+0jag3l2XWWizO64/aZVtpiGE3t0Zgqxv0DPuxiMjvB3M24fCyhZUO4KomJQPj3LTSUnDP3GpdwC0g==",
      "dev": true,
      "license": "MIT"
    },
    "node_modules/fast-string-width": {
      "version": "3.0.2",
      "resolved": "https://registry.npmjs.org/fast-string-width/-/fast-string-width-3.0.2.tgz",
      "integrity": "sha512-gX8LrtNEI5hq8DVUfRQMbr5lpaS4nMIWV+7XEbXk2b8kiQIizgnlr12B4dA3ZEx3308ze0O4Q1R+cHts8kyUJg==",
      "dev": true,
      "license": "MIT",
      "dependencies": {
        "fast-string-truncated-width": "^3.0.2"
      }
    },
    "node_modules/fast-wrap-ansi": {
      "version": "0.2.0",
      "resolved": "https://registry.npmjs.org/fast-wrap-ansi/-/fast-wrap-ansi-0.2.0.tgz",
      "integrity": "sha512-rLV8JHxTyhVmFYhBJuMujcrHqOT2cnO5Zxj37qROj23CP39GXubJRBUFF0z8KFK77Uc0SukZUf7JZhsVEQ6n8w==",
      "dev": true,
      "license": "MIT",
      "dependencies": {
        "fast-string-width": "^3.0.2"
      }
    },
    "node_modules/iconv-lite": {
      "version": "0.7.2",
      "resolved": "https://registry.npmjs.org/iconv-lite/-/iconv-lite-0.7.2.tgz",
      "integrity": "sha512-im9DjEDQ55s9fL4EYzOAv0yMqmMBSZp6G0VvFyTMPKWxiSBHUj9NW/qqLmXUwXrrM7AvqSlTCfvqRb0cM8yYqw==",
      "dev": true,
      "license": "MIT",
      "dependencies": {
        "safer-buffer": ">= 2.1.2 < 3.0.0"
      },
      "engines": {
        "node": ">=0.10.0"
      },
      "funding": {
        "type": "opencollective",
        "url": "https://opencollective.com/express"
      }
    },
    "node_modules/js-tiktoken": {
      "version": "1.0.21",
      "resolved": "https://registry.npmjs.org/js-tiktoken/-/js-tiktoken-1.0.21.tgz",
      "integrity": "sha512-biOj/6M5qdgx5TKjDnFT1ymSpM5tbd3ylwDtrQvFQSu0Z7bBYko2dF+W/aUkXUPuk6IVpRxk/3Q2sHOzGlS36g==",
      "dev": true,
      "license": "MIT",
      "dependencies": {
        "base64-js": "^1.5.1"
      }
    },
    "node_modules/mute-stream": {
      "version": "3.0.0",
      "resolved": "https://registry.npmjs.org/mute-stream/-/mute-stream-3.0.0.tgz",
      "integrity": "sha512-dkEJPVvun4FryqBmZ5KhDo0K9iDXAwn08tMLDinNdRBNPcYEDiWYysLcc6k3mjTMlbP9KyylvRpd4wFtwrT9rw==",
      "dev": true,
      "license": "ISC",
      "engines": {
        "node": "^20.17.0 || >=22.9.0"
      }
    },
    "node_modules/picomatch": {
      "version": "4.0.4",
      "resolved": "https://registry.npmjs.org/picomatch/-/picomatch-4.0.4.tgz",
      "integrity": "sha512-QP88BAKvMam/3NxH6vj2o21R6MjxZUAd6nlwAS/pnGvN9IVLocLHxGYIzFhg6fUQ+5th6P4dv4eW9jX3DSIj7A==",
      "dev": true,
      "license": "MIT",
      "engines": {
        "node": ">=12"
      },
      "funding": {
        "url": "https://github.com/sponsors/jonschlinkert"
      }
    },
    "node_modules/safer-buffer": {
      "version": "2.1.2",
      "resolved": "https://registry.npmjs.org/safer-buffer/-/safer-buffer-2.1.2.tgz",
      "integrity": "sha512-YZo3K82SD7Riyi0E1EQPojLz7kpepnSQI9IyPbHHg1XXXevb5dJI7tpyN2ADxGcQbHG7vcyRHk0cbwqcQriUtg==",
      "dev": true,
      "license": "MIT"
    },
    "node_modules/signal-exit": {
      "version": "4.1.0",
      "resolved": "https://registry.npmjs.org/signal-exit/-/signal-exit-4.1.0.tgz",
      "integrity": "sha512-bzyZ1e88w9O1iNJbKnOlvYTrWPDl46O1bG0D3XInv+9tkPrxrN8jUUTiFlDkkmKWgn1M6CfIA13SuGqOa9Korw==",
      "dev": true,
      "license": "ISC",
      "engines": {
        "node": ">=14"
      },
      "funding": {
        "url": "https://github.com/sponsors/isaacs"
      }
    },
    "node_modules/vscode-jsonrpc": {
      "version": "8.2.1",
      "resolved": "https://registry.npmjs.org/vscode-jsonrpc/-/vscode-jsonrpc-8.2.1.tgz",
      "integrity": "sha512-kdjOSJ2lLIn7r1rtrMbbNCHjyMPfRnowdKjBQ+mGq6NAW5QY2bEZC/khaC5OR8svbbjvLEaIXkOq45e2X9BIbQ==",
      "dev": true,
      "license": "MIT",
      "peer": true,
      "engines": {
        "node": ">=14.0.0"
      }
    },
    "node_modules/yaml": {
      "version": "2.8.3",
      "resolved": "https://registry.npmjs.org/yaml/-/yaml-2.8.3.tgz",
      "integrity": "sha512-AvbaCLOO2Otw/lW5bmh9d/WEdcDFdQp2Z2ZUH3pX9U2ihyUY0nvLv7J6TrWowklRGPYbB/IuIMfYgxaCPg5Bpg==",
      "dev": true,
      "license": "ISC",
      "bin": {
        "yaml": "bin.mjs"
      },
      "engines": {
        "node": ">= 14.6"
      },
      "funding": {
        "url": "https://github.com/sponsors/eemeli"
      }
    },
    "node_modules/zod": {
      "version": "4.3.6",
      "resolved": "https://registry.npmjs.org/zod/-/zod-4.3.6.tgz",
      "integrity": "sha512-rftlrkhHZOcjDwkGlnUtZZkvaPHCsDATp4pGpuOOMDaTdDDXF91wuVDJoWoPsKX/3YPQ5fHuF3STjcYyKr+Qhg==",
      "dev": true,
      "license": "MIT",
      "peer": true,
      "funding": {
        "url": "https://github.com/sponsors/colinhacks"
      }
    }
  }
}
