
Microsoft Visual Studio Solution File, Format Version 12.00
# Visual Studio Version 16
VisualStudioVersion = 16.0.30907.101
MinimumVisualStudioVersion = 10.0.40219.1
Project("{9A19103F-16F7-4668-BE54-9A1E7A4F7556}") = "Azure.Sdk.Tools.HttpFaultInjector", "Azure.Sdk.Tools.HttpFaultInjector\Azure.Sdk.Tools.HttpFaultInjector.csproj", "{6746BA43-A8F0-449E-9566-55535E123C0A}"
EndProject
Project("{9A19103F-16F7-4668-BE54-9A1E7A4F7556}") = "Azure.Sdk.Tools.HttpFaultInjector.HttpClientSample", "sample-clients\net\http-client\Azure.Sdk.Tools.HttpFaultInjector.HttpClientSample.csproj", "{43B895B8-6EF0-42CE-BBBE-4E3352FBB250}"
EndProject
Project("{9A19103F-16F7-4668-BE54-9A1E7A4F7556}") = "Azure.Sdk.Tools.HttpFaultInjector.StorageBlobSample", "sample-clients\net\storage-blob\Azure.Sdk.Tools.HttpFaultInjector.StorageBlobSample.csproj", "{B30425E7-16A6-4DC8-9B25-5787218EAB8E}"
EndProject
Global
	GlobalSection(SolutionConfigurationPlatforms) = preSolution
		Debug|Any CPU = Debug|Any CPU
		Release|Any CPU = Release|Any CPU
	EndGlobalSection
	GlobalSection(ProjectConfigurationPlatforms) = postSolution
		{6746BA43-A8F0-449E-9566-55535E123C0A}.Debug|Any CPU.ActiveCfg = Debug|Any CPU
		{6746BA43-A8F0-449E-9566-55535E123C0A}.Debug|Any CPU.Build.0 = Debug|Any CPU
		{6746BA43-A8F0-449E-9566-55535E123C0A}.Release|Any CPU.ActiveCfg = Release|Any CPU
		{6746BA43-A8F0-449E-9566-55535E123C0A}.Release|Any CPU.Build.0 = Release|Any CPU
		{43B895B8-6EF0-42CE-BBBE-4E3352FBB250}.Debug|Any CPU.ActiveCfg = Debug|Any CPU
		{43B895B8-6EF0-42CE-BBBE-4E3352FBB250}.Debug|Any CPU.Build.0 = Debug|Any CPU
		{43B895B8-6EF0-42CE-BBBE-4E3352FBB250}.Release|Any CPU.ActiveCfg = Release|Any CPU
		{43B895B8-6EF0-42CE-BBBE-4E3352FBB250}.Release|Any CPU.Build.0 = Release|Any CPU
		{B30425E7-16A6-4DC8-9B25-5787218EAB8E}.Debug|Any CPU.ActiveCfg = Debug|Any CPU
		{B30425E7-16A6-4DC8-9B25-5787218EAB8E}.Debug|Any CPU.Build.0 = Debug|Any CPU
		{B30425E7-16A6-4DC8-9B25-5787218EAB8E}.Release|Any CPU.ActiveCfg = Release|Any CPU
		{B30425E7-16A6-4DC8-9B25-5787218EAB8E}.Release|Any CPU.Build.0 = Release|Any CPU
	EndGlobalSection
	GlobalSection(SolutionProperties) = preSolution
		HideSolutionNode = FALSE
	EndGlobalSection
	GlobalSection(ExtensibilityGlobals) = postSolution
		SolutionGuid = {CD853086-3AE5-40DF-AEF5-5C7B2B7BD5EC}
	EndGlobalSection
EndGlobal
