github.com/Azure/azure-sdk-tools/src/go/cmd/testdata/test_service_group/group/internal v0.0.0-20260324015408-cf61876294d3 h1:XW+XCCHXUxVvr7jQkucijC4XLfU9GPPebrPOUbFoZws=
github.com/Azure/azure-sdk-tools/src/go/cmd/testdata/test_service_group/group/internal v0.0.0-20260324015408-cf61876294d3/go.mod h1:iSrKJNEzaabU2gTijPUWLprgUbOVGRhzN0ekUzeVvyE=
