github.com/Azure/azure-sdk-tools/src/go/cmd/testdata/test_service_group/group/internal v0.0.0-20260729090047-e9df8483316a h1:nK/I13UkcGHQZJmLRAO/dl1N4MS3wG1tsf1Uzg4frs0=
github.com/Azure/azure-sdk-tools/src/go/cmd/testdata/test_service_group/group/internal v0.0.0-20260729090047-e9df8483316a/go.mod h1:iSrKJNEzaabU2gTijPUWLprgUbOVGRhzN0ekUzeVvyE=
