
Microsoft Visual Studio Solution File, Format Version 12.00
# Visual Studio Version 17
VisualStudioVersion = 17.5.33530.505
MinimumVisualStudioVersion = 10.0.40219.1
Project("{FAE04EC0-301F-11D3-BF4B-00C04F79EFBC}") = "Azure.Sdk.Tools.Assets.MaintenanceTool", "Azure.Sdk.Tools.Assets.MaintenanceTool\Azure.Sdk.Tools.Assets.MaintenanceTool.csproj", "{8ECBAB4E-1209-454D-B0AA-F93A61C7C1B9}"
EndProject
Project("{9A19103F-16F7-4668-BE54-9A1E7A4F7556}") = "Azure.Sdk.Tools.TestProxy", "..\..\test-proxy\Azure.Sdk.Tools.TestProxy\Azure.Sdk.Tools.TestProxy.csproj", "{531B1A4C-B213-4486-B965-330585816BAA}"
EndProject
Project("{FAE04EC0-301F-11D3-BF4B-00C04F79EFBC}") = "Azure.Sdk.Tools.Assets.MaintenanceTool.Tests", "Azure.Sdk.Tools.Assets.MaintenanceTool.Tests\Azure.Sdk.Tools.Assets.MaintenanceTool.Tests.csproj", "{968EC25C-861D-4C10-967D-A3E0137D35C2}"
EndProject
Global
	GlobalSection(SolutionConfigurationPlatforms) = preSolution
		Debug|Any CPU = Debug|Any CPU
		Release|Any CPU = Release|Any CPU
	EndGlobalSection
	GlobalSection(ProjectConfigurationPlatforms) = postSolution
		{8ECBAB4E-1209-454D-B0AA-F93A61C7C1B9}.Debug|Any CPU.ActiveCfg = Debug|Any CPU
		{8ECBAB4E-1209-454D-B0AA-F93A61C7C1B9}.Debug|Any CPU.Build.0 = Debug|Any CPU
		{8ECBAB4E-1209-454D-B0AA-F93A61C7C1B9}.Release|Any CPU.ActiveCfg = Release|Any CPU
		{8ECBAB4E-1209-454D-B0AA-F93A61C7C1B9}.Release|Any CPU.Build.0 = Release|Any CPU
		{531B1A4C-B213-4486-B965-330585816BAA}.Debug|Any CPU.ActiveCfg = Debug|Any CPU
		{531B1A4C-B213-4486-B965-330585816BAA}.Debug|Any CPU.Build.0 = Debug|Any CPU
		{531B1A4C-B213-4486-B965-330585816BAA}.Release|Any CPU.ActiveCfg = Release|Any CPU
		{531B1A4C-B213-4486-B965-330585816BAA}.Release|Any CPU.Build.0 = Release|Any CPU
		{968EC25C-861D-4C10-967D-A3E0137D35C2}.Debug|Any CPU.ActiveCfg = Debug|Any CPU
		{968EC25C-861D-4C10-967D-A3E0137D35C2}.Debug|Any CPU.Build.0 = Debug|Any CPU
		{968EC25C-861D-4C10-967D-A3E0137D35C2}.Release|Any CPU.ActiveCfg = Release|Any CPU
		{968EC25C-861D-4C10-967D-A3E0137D35C2}.Release|Any CPU.Build.0 = Release|Any CPU
	EndGlobalSection
	GlobalSection(SolutionProperties) = preSolution
		HideSolutionNode = FALSE
	EndGlobalSection
	GlobalSection(ExtensibilityGlobals) = postSolution
		SolutionGuid = {A9C5822D-B16B-4043-A8FD-E7F8B5536855}
	EndGlobalSection
EndGlobal
