
Microsoft Visual Studio Solution File, Format Version 12.00
# Visual Studio Version 17
VisualStudioVersion = 17.5.33530.505
MinimumVisualStudioVersion = 10.0.40219.1
Project("{9A19103F-16F7-4668-BE54-9A1E7A4F7556}") = "Azure.Sdk.Tools.Assets.CleanupTool", "Azure.Sdk.Tools.Assets.CleanupTool\Azure.Sdk.Tools.Assets.CleanupTool.csproj", "{ED82B962-C2F1-4086-AD92-0417BF15B3DA}"
EndProject
Project("{9A19103F-16F7-4668-BE54-9A1E7A4F7556}") = "Azure.Sdk.Tools.Assets.BackupTool", "Azure.Sdk.Tools.Assets.BackupTool\Azure.Sdk.Tools.Assets.BackupTool.csproj", "{568E01C5-7BEA-4BAF-8012-1403241FFB49}"
EndProject
Global
	GlobalSection(SolutionConfigurationPlatforms) = preSolution
		Debug|Any CPU = Debug|Any CPU
		Release|Any CPU = Release|Any CPU
	EndGlobalSection
	GlobalSection(ProjectConfigurationPlatforms) = postSolution
		{ED82B962-C2F1-4086-AD92-0417BF15B3DA}.Debug|Any CPU.ActiveCfg = Debug|Any CPU
		{ED82B962-C2F1-4086-AD92-0417BF15B3DA}.Debug|Any CPU.Build.0 = Debug|Any CPU
		{ED82B962-C2F1-4086-AD92-0417BF15B3DA}.Release|Any CPU.ActiveCfg = Release|Any CPU
		{ED82B962-C2F1-4086-AD92-0417BF15B3DA}.Release|Any CPU.Build.0 = Release|Any CPU
		{568E01C5-7BEA-4BAF-8012-1403241FFB49}.Debug|Any CPU.ActiveCfg = Debug|Any CPU
		{568E01C5-7BEA-4BAF-8012-1403241FFB49}.Debug|Any CPU.Build.0 = Debug|Any CPU
		{568E01C5-7BEA-4BAF-8012-1403241FFB49}.Release|Any CPU.ActiveCfg = Release|Any CPU
		{568E01C5-7BEA-4BAF-8012-1403241FFB49}.Release|Any CPU.Build.0 = Release|Any CPU
	EndGlobalSection
	GlobalSection(SolutionProperties) = preSolution
		HideSolutionNode = FALSE
	EndGlobalSection
	GlobalSection(ExtensibilityGlobals) = postSolution
		SolutionGuid = {A9C5822D-B16B-4043-A8FD-E7F8B5536855}
	EndGlobalSection
EndGlobal
