
Microsoft Visual Studio Solution File, Format Version 12.00
# Visual Studio Version 16
VisualStudioVersion = 16.0.29926.136
MinimumVisualStudioVersion = 10.0.40219.1
Project("{9A19103F-16F7-4668-BE54-9A1E7A4F7556}") = "Azure.Sdk.Tools.GitHubIssues", "Azure.Sdk.Tools.GitHubIssues\Azure.Sdk.Tools.GitHubIssues.csproj", "{B4196DA5-3FAF-41C5-AF89-456541F06355}"
EndProject
Project("{9A19103F-16F7-4668-BE54-9A1E7A4F7556}") = "Azure.Sdk.Tools.GitHubIssues.Tests", "Azure.Sdk.Tools.GitHubIssues.Tests\Azure.Sdk.Tools.GitHubIssues.Tests.csproj", "{72A8D0A7-5851-4279-9022-48A38DC77155}"
EndProject
Project("{2150E333-8FDC-42A3-9474-1A3956D46DE8}") = "Solution Items", "Solution Items", "{182CD459-7F9B-447D-A10D-96932F7F6489}"
	ProjectSection(SolutionItems) = preProject
		.editorconfig = .editorconfig
	EndProjectSection
EndProject
Global
	GlobalSection(SolutionConfigurationPlatforms) = preSolution
		Debug|Any CPU = Debug|Any CPU
		Release|Any CPU = Release|Any CPU
	EndGlobalSection
	GlobalSection(ProjectConfigurationPlatforms) = postSolution
		{B4196DA5-3FAF-41C5-AF89-456541F06355}.Debug|Any CPU.ActiveCfg = Debug|Any CPU
		{B4196DA5-3FAF-41C5-AF89-456541F06355}.Debug|Any CPU.Build.0 = Debug|Any CPU
		{B4196DA5-3FAF-41C5-AF89-456541F06355}.Release|Any CPU.ActiveCfg = Release|Any CPU
		{B4196DA5-3FAF-41C5-AF89-456541F06355}.Release|Any CPU.Build.0 = Release|Any CPU
		{72A8D0A7-5851-4279-9022-48A38DC77155}.Debug|Any CPU.ActiveCfg = Debug|Any CPU
		{72A8D0A7-5851-4279-9022-48A38DC77155}.Debug|Any CPU.Build.0 = Debug|Any CPU
		{72A8D0A7-5851-4279-9022-48A38DC77155}.Release|Any CPU.ActiveCfg = Release|Any CPU
		{72A8D0A7-5851-4279-9022-48A38DC77155}.Release|Any CPU.Build.0 = Release|Any CPU
	EndGlobalSection
	GlobalSection(SolutionProperties) = preSolution
		HideSolutionNode = FALSE
	EndGlobalSection
	GlobalSection(ExtensibilityGlobals) = postSolution
		SolutionGuid = {697AC08F-6FB4-4B2E-9C03-D7EF89F9433C}
	EndGlobalSection
EndGlobal
