
Microsoft Visual Studio Solution File, Format Version 12.00
# Visual Studio Version 17
VisualStudioVersion = 17.14.36310.24 d17.14
MinimumVisualStudioVersion = 10.0.40219.1
Project("{FAE04EC0-301F-11D3-BF4B-00C04F79EFBC}") = "perf-regression-finder", "perf-regression-finder\perf-regression-finder.csproj", "{A35A616E-DCE4-4C35-B3D6-D14C1F981BCE}"
EndProject
Project("{2150E333-8FDC-42A3-9474-1A3956D46DE8}") = "Solution Items", "Solution Items", "{02EA681E-C7D8-13C7-8484-4AC65E1B71E8}"
	ProjectSection(SolutionItems) = preProject
		.editorconfig = .editorconfig
	EndProjectSection
EndProject
Global
	GlobalSection(SolutionConfigurationPlatforms) = preSolution
		Debug|Any CPU = Debug|Any CPU
		Release|Any CPU = Release|Any CPU
	EndGlobalSection
	GlobalSection(ProjectConfigurationPlatforms) = postSolution
		{A35A616E-DCE4-4C35-B3D6-D14C1F981BCE}.Debug|Any CPU.ActiveCfg = Debug|Any CPU
		{A35A616E-DCE4-4C35-B3D6-D14C1F981BCE}.Debug|Any CPU.Build.0 = Debug|Any CPU
		{A35A616E-DCE4-4C35-B3D6-D14C1F981BCE}.Release|Any CPU.ActiveCfg = Release|Any CPU
		{A35A616E-DCE4-4C35-B3D6-D14C1F981BCE}.Release|Any CPU.Build.0 = Release|Any CPU
	EndGlobalSection
	GlobalSection(SolutionProperties) = preSolution
		HideSolutionNode = FALSE
	EndGlobalSection
	GlobalSection(ExtensibilityGlobals) = postSolution
		SolutionGuid = {7AC5F9FE-83E3-4994-AF97-A32F69CC63EA}
	EndGlobalSection
EndGlobal
