// !$*UTF8*$!
{
	archiveVersion = 1;
	classes = {
	};
	objectVersion = 55;
	objects = {

/* Begin PBXBuildFile section */
		0A6C658A292D9EA00075C56F /* APIViewManager.swift in Sources */ = {isa = PBXBuildFile; fileRef = 0A846A1927879D0400C967A8 /* APIViewManager.swift */; };
		0A6C658B292D9ED60075C56F /* CommandLineArguments.swift in Sources */ = {isa = PBXBuildFile; fileRef = 0A846A0827879D0400C967A8 /* CommandLineArguments.swift */; };
		0A6C658C292D9ED60075C56F /* Errors.swift in Sources */ = {isa = PBXBuildFile; fileRef = 0A846A0C27879D0400C967A8 /* Errors.swift */; };
		0A6C658D292D9ED60075C56F /* Identifiers.swift in Sources */ = {isa = PBXBuildFile; fileRef = 0A84079827F3B34B00801E60 /* Identifiers.swift */; };
		0A6C658E292D9ED60075C56F /* Logger.swift in Sources */ = {isa = PBXBuildFile; fileRef = 0A846A0A27879D0400C967A8 /* Logger.swift */; };
		0A6C658F292D9F8B0075C56F /* APIViewModel.swift in Sources */ = {isa = PBXBuildFile; fileRef = 0A84076527EE3DCE00801E60 /* APIViewModel.swift */; };
		0A6C6590292D9F8B0075C56F /* PackageModel.swift in Sources */ = {isa = PBXBuildFile; fileRef = 0A84076327ED2CA400801E60 /* PackageModel.swift */; };
		0A6C6591292D9FE60075C56F /* Tokenizable.swift in Sources */ = {isa = PBXBuildFile; fileRef = 0A84076127ED2A2500801E60 /* Tokenizable.swift */; };
		0A6C6592292DA0090075C56F /* Token.swift in Sources */ = {isa = PBXBuildFile; fileRef = 0A846A1227879D0400C967A8 /* Token.swift */; };
		0A6C6593292DA0140075C56F /* Linkable.swift in Sources */ = {isa = PBXBuildFile; fileRef = 0A84076927EE4E2C00801E60 /* Linkable.swift */; };
		0A6C6598292E98890075C56F /* SourceKittenFramework in Frameworks */ = {isa = PBXBuildFile; productRef = 0A6C6597292E98890075C56F /* SourceKittenFramework */; };
		0A6C659F292EC8490075C56F /* NavigationTags.swift in Sources */ = {isa = PBXBuildFile; fileRef = 0A846A1127879D0400C967A8 /* NavigationTags.swift */; };
		0A6C65A0292EC8490075C56F /* NavigationToken.swift in Sources */ = {isa = PBXBuildFile; fileRef = 0A846A1327879D0400C967A8 /* NavigationToken.swift */; };
		0A76BF8B294A9A11007C776E /* TokenKind+Extensions.swift in Sources */ = {isa = PBXBuildFile; fileRef = 0A76BF8A294A9A11007C776E /* TokenKind+Extensions.swift */; };
		0A76BF8F294B8BCD007C776E /* SyntaxProtocol+Extensions.swift in Sources */ = {isa = PBXBuildFile; fileRef = 0A76BF8E294B8BCD007C776E /* SyntaxProtocol+Extensions.swift */; };
		0A76BF91294B940A007C776E /* DeclarationModel.swift in Sources */ = {isa = PBXBuildFile; fileRef = 0A76BF90294B940A007C776E /* DeclarationModel.swift */; };
		0A76BF93294B987C007C776E /* DeclSyntaxProtocol+Extensions.swift in Sources */ = {isa = PBXBuildFile; fileRef = 0A76BF92294B987C007C776E /* DeclSyntaxProtocol+Extensions.swift */; };
		0A76BF95294BA10A007C776E /* AccessLevel.swift in Sources */ = {isa = PBXBuildFile; fileRef = 0A76BF94294BA10A007C776E /* AccessLevel.swift */; };
		0A76BF97294BA4E3007C776E /* ModifierListSyntax+Extensions.swift in Sources */ = {isa = PBXBuildFile; fileRef = 0A76BF96294BA4E3007C776E /* ModifierListSyntax+Extensions.swift */; };
		0A8469EA27879AE200C967A8 /* SwiftAPIViewCore.framework in Frameworks */ = {isa = PBXBuildFile; fileRef = 0A8469E127879AE200C967A8 /* SwiftAPIViewCore.framework */; };
		0A846A0127879BE500C967A8 /* OrderedCollections in Frameworks */ = {isa = PBXBuildFile; productRef = 0A846A0027879BE500C967A8 /* OrderedCollections */; };
		0A846A2F27879E7800C967A8 /* SwiftAPIViewCoreTests.swift in Sources */ = {isa = PBXBuildFile; fileRef = 0A846A0327879D0400C967A8 /* SwiftAPIViewCoreTests.swift */; };
		0AA1BFBE2953839E00AE8C11 /* ExtensionModel.swift in Sources */ = {isa = PBXBuildFile; fileRef = 0AA1BFBD2953839E00AE8C11 /* ExtensionModel.swift */; };
		0AA1BFC02953955500AE8C11 /* PatternBindingListSyntax+Extensions.swift in Sources */ = {isa = PBXBuildFile; fileRef = 0AA1BFBF2953955500AE8C11 /* PatternBindingListSyntax+Extensions.swift */; };
		0AA207462A3B7DD900ED963F /* SwiftSyntax in Frameworks */ = {isa = PBXBuildFile; productRef = 0AA207452A3B7DD900ED963F /* SwiftSyntax */; };
		0AA207482A3B7DED00ED963F /* SwiftSyntaxParser in Frameworks */ = {isa = PBXBuildFile; productRef = 0AA207472A3B7DED00ED963F /* SwiftSyntaxParser */; };
/* End PBXBuildFile section */

/* Begin PBXContainerItemProxy section */
		0A8469EB27879AE200C967A8 /* PBXContainerItemProxy */ = {
			isa = PBXContainerItemProxy;
			containerPortal = 0A8469D827879AE200C967A8 /* Project object */;
			proxyType = 1;
			remoteGlobalIDString = 0A8469E027879AE200C967A8;
			remoteInfo = SwiftAPIViewCore;
		};
/* End PBXContainerItemProxy section */

/* Begin PBXFileReference section */
		0A76BF8A294A9A11007C776E /* TokenKind+Extensions.swift */ = {isa = PBXFileReference; lastKnownFileType = sourcecode.swift; path = "TokenKind+Extensions.swift"; sourceTree = "<group>"; };
		0A76BF8E294B8BCD007C776E /* SyntaxProtocol+Extensions.swift */ = {isa = PBXFileReference; lastKnownFileType = sourcecode.swift; path = "SyntaxProtocol+Extensions.swift"; sourceTree = "<group>"; };
		0A76BF90294B940A007C776E /* DeclarationModel.swift */ = {isa = PBXFileReference; lastKnownFileType = sourcecode.swift; path = DeclarationModel.swift; sourceTree = "<group>"; };
		0A76BF92294B987C007C776E /* DeclSyntaxProtocol+Extensions.swift */ = {isa = PBXFileReference; lastKnownFileType = sourcecode.swift; path = "DeclSyntaxProtocol+Extensions.swift"; sourceTree = "<group>"; };
		0A76BF94294BA10A007C776E /* AccessLevel.swift */ = {isa = PBXFileReference; lastKnownFileType = sourcecode.swift; path = AccessLevel.swift; sourceTree = "<group>"; };
		0A76BF96294BA4E3007C776E /* ModifierListSyntax+Extensions.swift */ = {isa = PBXFileReference; lastKnownFileType = sourcecode.swift; path = "ModifierListSyntax+Extensions.swift"; sourceTree = "<group>"; };
		0A84076127ED2A2500801E60 /* Tokenizable.swift */ = {isa = PBXFileReference; lastKnownFileType = sourcecode.swift; path = Tokenizable.swift; sourceTree = "<group>"; };
		0A84076327ED2CA400801E60 /* PackageModel.swift */ = {isa = PBXFileReference; lastKnownFileType = sourcecode.swift; path = PackageModel.swift; sourceTree = "<group>"; };
		0A84076527EE3DCE00801E60 /* APIViewModel.swift */ = {isa = PBXFileReference; lastKnownFileType = sourcecode.swift; path = APIViewModel.swift; sourceTree = "<group>"; };
		0A84076927EE4E2C00801E60 /* Linkable.swift */ = {isa = PBXFileReference; lastKnownFileType = sourcecode.swift; path = Linkable.swift; sourceTree = "<group>"; };
		0A84079827F3B34B00801E60 /* Identifiers.swift */ = {isa = PBXFileReference; lastKnownFileType = sourcecode.swift; path = Identifiers.swift; sourceTree = "<group>"; };
		0A8469E127879AE200C967A8 /* SwiftAPIViewCore.framework */ = {isa = PBXFileReference; explicitFileType = wrapper.framework; includeInIndex = 0; path = SwiftAPIViewCore.framework; sourceTree = BUILT_PRODUCTS_DIR; };
		0A8469E927879AE200C967A8 /* SwiftAPIViewCoreTests.xctest */ = {isa = PBXFileReference; explicitFileType = wrapper.cfbundle; includeInIndex = 0; path = SwiftAPIViewCoreTests.xctest; sourceTree = BUILT_PRODUCTS_DIR; };
		0A846A0327879D0400C967A8 /* SwiftAPIViewCoreTests.swift */ = {isa = PBXFileReference; fileEncoding = 4; lastKnownFileType = sourcecode.swift; path = SwiftAPIViewCoreTests.swift; sourceTree = "<group>"; };
		0A846A0827879D0400C967A8 /* CommandLineArguments.swift */ = {isa = PBXFileReference; fileEncoding = 4; lastKnownFileType = sourcecode.swift; path = CommandLineArguments.swift; sourceTree = "<group>"; };
		0A846A0A27879D0400C967A8 /* Logger.swift */ = {isa = PBXFileReference; fileEncoding = 4; lastKnownFileType = sourcecode.swift; path = Logger.swift; sourceTree = "<group>"; };
		0A846A0C27879D0400C967A8 /* Errors.swift */ = {isa = PBXFileReference; fileEncoding = 4; lastKnownFileType = sourcecode.swift; path = Errors.swift; sourceTree = "<group>"; };
		0A846A1127879D0400C967A8 /* NavigationTags.swift */ = {isa = PBXFileReference; fileEncoding = 4; lastKnownFileType = sourcecode.swift; path = NavigationTags.swift; sourceTree = "<group>"; };
		0A846A1227879D0400C967A8 /* Token.swift */ = {isa = PBXFileReference; fileEncoding = 4; lastKnownFileType = sourcecode.swift; path = Token.swift; sourceTree = "<group>"; };
		0A846A1327879D0400C967A8 /* NavigationToken.swift */ = {isa = PBXFileReference; fileEncoding = 4; lastKnownFileType = sourcecode.swift; path = NavigationToken.swift; sourceTree = "<group>"; };
		0A846A1927879D0400C967A8 /* APIViewManager.swift */ = {isa = PBXFileReference; fileEncoding = 4; lastKnownFileType = sourcecode.swift; path = APIViewManager.swift; sourceTree = "<group>"; };
		0A846A342787A88E00C967A8 /* CoreInfo.plist */ = {isa = PBXFileReference; fileEncoding = 4; lastKnownFileType = text.plist.xml; path = CoreInfo.plist; sourceTree = "<group>"; };
		0AA1BFBD2953839E00AE8C11 /* ExtensionModel.swift */ = {isa = PBXFileReference; lastKnownFileType = sourcecode.swift; path = ExtensionModel.swift; sourceTree = "<group>"; };
		0AA1BFBF2953955500AE8C11 /* PatternBindingListSyntax+Extensions.swift */ = {isa = PBXFileReference; lastKnownFileType = sourcecode.swift; path = "PatternBindingListSyntax+Extensions.swift"; sourceTree = "<group>"; };
/* End PBXFileReference section */

/* Begin PBXFrameworksBuildPhase section */
		0A8469DE27879AE200C967A8 /* Frameworks */ = {
			isa = PBXFrameworksBuildPhase;
			buildActionMask = 2147483647;
			files = (
				0A846A0127879BE500C967A8 /* OrderedCollections in Frameworks */,
				0AA207462A3B7DD900ED963F /* SwiftSyntax in Frameworks */,
				0AA207482A3B7DED00ED963F /* SwiftSyntaxParser in Frameworks */,
				0A6C6598292E98890075C56F /* SourceKittenFramework in Frameworks */,
			);
			runOnlyForDeploymentPostprocessing = 0;
		};
		0A8469E627879AE200C967A8 /* Frameworks */ = {
			isa = PBXFrameworksBuildPhase;
			buildActionMask = 2147483647;
			files = (
				0A8469EA27879AE200C967A8 /* SwiftAPIViewCore.framework in Frameworks */,
			);
			runOnlyForDeploymentPostprocessing = 0;
		};
/* End PBXFrameworksBuildPhase section */

/* Begin PBXGroup section */
		0A6C6599292EA7EC0075C56F /* Frameworks */ = {
			isa = PBXGroup;
			children = (
			);
			name = Frameworks;
			sourceTree = "<group>";
		};
		0A76BF89294A99FB007C776E /* SwiftSyntax+Extensions */ = {
			isa = PBXGroup;
			children = (
				0A76BF92294B987C007C776E /* DeclSyntaxProtocol+Extensions.swift */,
				0A76BF96294BA4E3007C776E /* ModifierListSyntax+Extensions.swift */,
				0AA1BFBF2953955500AE8C11 /* PatternBindingListSyntax+Extensions.swift */,
				0A76BF8E294B8BCD007C776E /* SyntaxProtocol+Extensions.swift */,
				0A76BF8A294A9A11007C776E /* TokenKind+Extensions.swift */,
			);
			path = "SwiftSyntax+Extensions";
			sourceTree = "<group>";
		};
		0A84077A27EE659100801E60 /* Protocols */ = {
			isa = PBXGroup;
			children = (
				0A84076927EE4E2C00801E60 /* Linkable.swift */,
				0A84076127ED2A2500801E60 /* Tokenizable.swift */,
			);
			path = Protocols;
			sourceTree = "<group>";
		};
		0A8469D727879AE200C967A8 = {
			isa = PBXGroup;
			children = (
				0A846A342787A88E00C967A8 /* CoreInfo.plist */,
				0A846A0627879D0400C967A8 /* Sources */,
				0A846A0227879D0400C967A8 /* Tests */,
				0A8469E227879AE200C967A8 /* Products */,
				0A6C6599292EA7EC0075C56F /* Frameworks */,
			);
			sourceTree = "<group>";
		};
		0A8469E227879AE200C967A8 /* Products */ = {
			isa = PBXGroup;
			children = (
				0A8469E127879AE200C967A8 /* SwiftAPIViewCore.framework */,
				0A8469E927879AE200C967A8 /* SwiftAPIViewCoreTests.xctest */,
			);
			name = Products;
			sourceTree = "<group>";
		};
		0A846A0227879D0400C967A8 /* Tests */ = {
			isa = PBXGroup;
			children = (
				0A846A0327879D0400C967A8 /* SwiftAPIViewCoreTests.swift */,
			);
			path = Tests;
			sourceTree = "<group>";
		};
		0A846A0627879D0400C967A8 /* Sources */ = {
			isa = PBXGroup;
			children = (
				0A76BF89294A99FB007C776E /* SwiftSyntax+Extensions */,
				0A846A1927879D0400C967A8 /* APIViewManager.swift */,
				0A84077A27EE659100801E60 /* Protocols */,
				0A846A0F27879D0400C967A8 /* Models */,
				0A846A0927879D0400C967A8 /* Util */,
			);
			path = Sources;
			sourceTree = "<group>";
		};
		0A846A0927879D0400C967A8 /* Util */ = {
			isa = PBXGroup;
			children = (
				0A846A0827879D0400C967A8 /* CommandLineArguments.swift */,
				0A846A0C27879D0400C967A8 /* Errors.swift */,
				0A84079827F3B34B00801E60 /* Identifiers.swift */,
				0A846A0A27879D0400C967A8 /* Logger.swift */,
			);
			path = Util;
			sourceTree = "<group>";
		};
		0A846A0F27879D0400C967A8 /* Models */ = {
			isa = PBXGroup;
			children = (
				0A76BF94294BA10A007C776E /* AccessLevel.swift */,
				0A84076527EE3DCE00801E60 /* APIViewModel.swift */,
				0A76BF90294B940A007C776E /* DeclarationModel.swift */,
				0AA1BFBD2953839E00AE8C11 /* ExtensionModel.swift */,
				0A84076327ED2CA400801E60 /* PackageModel.swift */,
				0A846A1127879D0400C967A8 /* NavigationTags.swift */,
				0A846A1327879D0400C967A8 /* NavigationToken.swift */,
				0A846A1227879D0400C967A8 /* Token.swift */,
			);
			path = Models;
			sourceTree = "<group>";
		};
/* End PBXGroup section */

/* Begin PBXHeadersBuildPhase section */
		0A8469DC27879AE200C967A8 /* Headers */ = {
			isa = PBXHeadersBuildPhase;
			buildActionMask = 2147483647;
			files = (
			);
			runOnlyForDeploymentPostprocessing = 0;
		};
/* End PBXHeadersBuildPhase section */

/* Begin PBXNativeTarget section */
		0A8469E027879AE200C967A8 /* SwiftAPIViewCore */ = {
			isa = PBXNativeTarget;
			buildConfigurationList = 0A8469F327879AE300C967A8 /* Build configuration list for PBXNativeTarget "SwiftAPIViewCore" */;
			buildPhases = (
				0A8469DC27879AE200C967A8 /* Headers */,
				0A8469DD27879AE200C967A8 /* Sources */,
				0A8469DE27879AE200C967A8 /* Frameworks */,
				0A8469DF27879AE200C967A8 /* Resources */,
			);
			buildRules = (
			);
			dependencies = (
			);
			name = SwiftAPIViewCore;
			packageProductDependencies = (
				0A846A0027879BE500C967A8 /* OrderedCollections */,
				0A6C6597292E98890075C56F /* SourceKittenFramework */,
				0AA207452A3B7DD900ED963F /* SwiftSyntax */,
				0AA207472A3B7DED00ED963F /* SwiftSyntaxParser */,
			);
			productName = SwiftAPIViewCore;
			productReference = 0A8469E127879AE200C967A8 /* SwiftAPIViewCore.framework */;
			productType = "com.apple.product-type.framework";
		};
		0A8469E827879AE200C967A8 /* SwiftAPIViewCoreTests */ = {
			isa = PBXNativeTarget;
			buildConfigurationList = 0A8469F627879AE300C967A8 /* Build configuration list for PBXNativeTarget "SwiftAPIViewCoreTests" */;
			buildPhases = (
				0A8469E527879AE200C967A8 /* Sources */,
				0A8469E627879AE200C967A8 /* Frameworks */,
				0A8469E727879AE200C967A8 /* Resources */,
			);
			buildRules = (
			);
			dependencies = (
				0A8469EC27879AE200C967A8 /* PBXTargetDependency */,
			);
			name = SwiftAPIViewCoreTests;
			productName = SwiftAPIViewCoreTests;
			productReference = 0A8469E927879AE200C967A8 /* SwiftAPIViewCoreTests.xctest */;
			productType = "com.apple.product-type.bundle.unit-test";
		};
/* End PBXNativeTarget section */

/* Begin PBXProject section */
		0A8469D827879AE200C967A8 /* Project object */ = {
			isa = PBXProject;
			attributes = {
				BuildIndependentTargetsInParallel = 1;
				LastSwiftUpdateCheck = 1320;
				LastUpgradeCheck = 1320;
				TargetAttributes = {
					0A8469E027879AE200C967A8 = {
						CreatedOnToolsVersion = 13.2.1;
					};
					0A8469E827879AE200C967A8 = {
						CreatedOnToolsVersion = 13.2.1;
					};
				};
			};
			buildConfigurationList = 0A8469DB27879AE200C967A8 /* Build configuration list for PBXProject "SwiftAPIViewCore" */;
			compatibilityVersion = "Xcode 13.0";
			developmentRegion = en;
			hasScannedForEncodings = 0;
			knownRegions = (
				en,
				Base,
			);
			mainGroup = 0A8469D727879AE200C967A8;
			packageReferences = (
				0A8469FF27879BE500C967A8 /* XCRemoteSwiftPackageReference "swift-collections" */,
				0A1CA129292D8B5800CC2367 /* XCRemoteSwiftPackageReference "swift-syntax" */,
				0A6C6596292E98890075C56F /* XCRemoteSwiftPackageReference "SourceKitten" */,
			);
			productRefGroup = 0A8469E227879AE200C967A8 /* Products */;
			projectDirPath = "";
			projectRoot = "";
			targets = (
				0A8469E027879AE200C967A8 /* SwiftAPIViewCore */,
				0A8469E827879AE200C967A8 /* SwiftAPIViewCoreTests */,
			);
		};
/* End PBXProject section */

/* Begin PBXResourcesBuildPhase section */
		0A8469DF27879AE200C967A8 /* Resources */ = {
			isa = PBXResourcesBuildPhase;
			buildActionMask = 2147483647;
			files = (
			);
			runOnlyForDeploymentPostprocessing = 0;
		};
		0A8469E727879AE200C967A8 /* Resources */ = {
			isa = PBXResourcesBuildPhase;
			buildActionMask = 2147483647;
			files = (
			);
			runOnlyForDeploymentPostprocessing = 0;
		};
/* End PBXResourcesBuildPhase section */

/* Begin PBXSourcesBuildPhase section */
		0A8469DD27879AE200C967A8 /* Sources */ = {
			isa = PBXSourcesBuildPhase;
			buildActionMask = 2147483647;
			files = (
				0A76BF8B294A9A11007C776E /* TokenKind+Extensions.swift in Sources */,
				0A6C659F292EC8490075C56F /* NavigationTags.swift in Sources */,
				0A6C65A0292EC8490075C56F /* NavigationToken.swift in Sources */,
				0A76BF97294BA4E3007C776E /* ModifierListSyntax+Extensions.swift in Sources */,
				0A6C6593292DA0140075C56F /* Linkable.swift in Sources */,
				0AA1BFBE2953839E00AE8C11 /* ExtensionModel.swift in Sources */,
				0A6C6592292DA0090075C56F /* Token.swift in Sources */,
				0A6C6591292D9FE60075C56F /* Tokenizable.swift in Sources */,
				0A76BF93294B987C007C776E /* DeclSyntaxProtocol+Extensions.swift in Sources */,
				0A6C658F292D9F8B0075C56F /* APIViewModel.swift in Sources */,
				0A76BF91294B940A007C776E /* DeclarationModel.swift in Sources */,
				0A6C6590292D9F8B0075C56F /* PackageModel.swift in Sources */,
				0A6C658B292D9ED60075C56F /* CommandLineArguments.swift in Sources */,
				0A6C658C292D9ED60075C56F /* Errors.swift in Sources */,
				0A76BF95294BA10A007C776E /* AccessLevel.swift in Sources */,
				0AA1BFC02953955500AE8C11 /* PatternBindingListSyntax+Extensions.swift in Sources */,
				0A6C658D292D9ED60075C56F /* Identifiers.swift in Sources */,
				0A6C658E292D9ED60075C56F /* Logger.swift in Sources */,
				0A76BF8F294B8BCD007C776E /* SyntaxProtocol+Extensions.swift in Sources */,
				0A6C658A292D9EA00075C56F /* APIViewManager.swift in Sources */,
			);
			runOnlyForDeploymentPostprocessing = 0;
		};
		0A8469E527879AE200C967A8 /* Sources */ = {
			isa = PBXSourcesBuildPhase;
			buildActionMask = 2147483647;
			files = (
				0A846A2F27879E7800C967A8 /* SwiftAPIViewCoreTests.swift in Sources */,
			);
			runOnlyForDeploymentPostprocessing = 0;
		};
/* End PBXSourcesBuildPhase section */

/* Begin PBXTargetDependency section */
		0A8469EC27879AE200C967A8 /* PBXTargetDependency */ = {
			isa = PBXTargetDependency;
			target = 0A8469E027879AE200C967A8 /* SwiftAPIViewCore */;
			targetProxy = 0A8469EB27879AE200C967A8 /* PBXContainerItemProxy */;
		};
/* End PBXTargetDependency section */

/* Begin XCBuildConfiguration section */
		0A8469F127879AE300C967A8 /* Debug */ = {
			isa = XCBuildConfiguration;
			buildSettings = {
				ALWAYS_SEARCH_USER_PATHS = NO;
				CLANG_ANALYZER_NONNULL = YES;
				CLANG_ANALYZER_NUMBER_OBJECT_CONVERSION = YES_AGGRESSIVE;
				CLANG_CXX_LANGUAGE_STANDARD = "gnu++17";
				CLANG_CXX_LIBRARY = "libc++";
				CLANG_ENABLE_MODULES = YES;
				CLANG_ENABLE_OBJC_ARC = YES;
				CLANG_ENABLE_OBJC_WEAK = YES;
				CLANG_WARN_BLOCK_CAPTURE_AUTORELEASING = YES;
				CLANG_WARN_BOOL_CONVERSION = YES;
				CLANG_WARN_COMMA = YES;
				CLANG_WARN_CONSTANT_CONVERSION = YES;
				CLANG_WARN_DEPRECATED_OBJC_IMPLEMENTATIONS = YES;
				CLANG_WARN_DIRECT_OBJC_ISA_USAGE = YES_ERROR;
				CLANG_WARN_DOCUMENTATION_COMMENTS = YES;
				CLANG_WARN_EMPTY_BODY = YES;
				CLANG_WARN_ENUM_CONVERSION = YES;
				CLANG_WARN_INFINITE_RECURSION = YES;
				CLANG_WARN_INT_CONVERSION = YES;
				CLANG_WARN_NON_LITERAL_NULL_CONVERSION = YES;
				CLANG_WARN_OBJC_IMPLICIT_RETAIN_SELF = YES;
				CLANG_WARN_OBJC_LITERAL_CONVERSION = YES;
				CLANG_WARN_OBJC_ROOT_CLASS = YES_ERROR;
				CLANG_WARN_QUOTED_INCLUDE_IN_FRAMEWORK_HEADER = YES;
				CLANG_WARN_RANGE_LOOP_ANALYSIS = YES;
				CLANG_WARN_STRICT_PROTOTYPES = YES;
				CLANG_WARN_SUSPICIOUS_MOVE = YES;
				CLANG_WARN_UNGUARDED_AVAILABILITY = YES_AGGRESSIVE;
				CLANG_WARN_UNREACHABLE_CODE = YES;
				CLANG_WARN__DUPLICATE_METHOD_MATCH = YES;
				COPY_PHASE_STRIP = NO;
				CURRENT_PROJECT_VERSION = 1;
				DEBUG_INFORMATION_FORMAT = dwarf;
				ENABLE_STRICT_OBJC_MSGSEND = YES;
				ENABLE_TESTABILITY = YES;
				GCC_C_LANGUAGE_STANDARD = gnu11;
				GCC_DYNAMIC_NO_PIC = NO;
				GCC_NO_COMMON_BLOCKS = YES;
				GCC_OPTIMIZATION_LEVEL = 0;
				GCC_PREPROCESSOR_DEFINITIONS = (
					"DEBUG=1",
					"$(inherited)",
				);
				GCC_WARN_64_TO_32_BIT_CONVERSION = YES;
				GCC_WARN_ABOUT_RETURN_TYPE = YES_ERROR;
				GCC_WARN_UNDECLARED_SELECTOR = YES;
				GCC_WARN_UNINITIALIZED_AUTOS = YES_AGGRESSIVE;
				GCC_WARN_UNUSED_FUNCTION = YES;
				GCC_WARN_UNUSED_VARIABLE = YES;
				MACOSX_DEPLOYMENT_TARGET = 12.0;
				MTL_ENABLE_DEBUG_INFO = INCLUDE_SOURCE;
				MTL_FAST_MATH = YES;
				ONLY_ACTIVE_ARCH = YES;
				SDKROOT = macosx;
				SWIFT_ACTIVE_COMPILATION_CONDITIONS = DEBUG;
				SWIFT_OPTIMIZATION_LEVEL = "-Onone";
				SWIFT_VERSION = 5.0;
				VERSIONING_SYSTEM = "apple-generic";
				VERSION_INFO_PREFIX = "";
			};
			name = Debug;
		};
		0A8469F227879AE300C967A8 /* Release */ = {
			isa = XCBuildConfiguration;
			buildSettings = {
				ALWAYS_SEARCH_USER_PATHS = NO;
				CLANG_ANALYZER_NONNULL = YES;
				CLANG_ANALYZER_NUMBER_OBJECT_CONVERSION = YES_AGGRESSIVE;
				CLANG_CXX_LANGUAGE_STANDARD = "gnu++17";
				CLANG_CXX_LIBRARY = "libc++";
				CLANG_ENABLE_MODULES = YES;
				CLANG_ENABLE_OBJC_ARC = YES;
				CLANG_ENABLE_OBJC_WEAK = YES;
				CLANG_WARN_BLOCK_CAPTURE_AUTORELEASING = YES;
				CLANG_WARN_BOOL_CONVERSION = YES;
				CLANG_WARN_COMMA = YES;
				CLANG_WARN_CONSTANT_CONVERSION = YES;
				CLANG_WARN_DEPRECATED_OBJC_IMPLEMENTATIONS = YES;
				CLANG_WARN_DIRECT_OBJC_ISA_USAGE = YES_ERROR;
				CLANG_WARN_DOCUMENTATION_COMMENTS = YES;
				CLANG_WARN_EMPTY_BODY = YES;
				CLANG_WARN_ENUM_CONVERSION = YES;
				CLANG_WARN_INFINITE_RECURSION = YES;
				CLANG_WARN_INT_CONVERSION = YES;
				CLANG_WARN_NON_LITERAL_NULL_CONVERSION = YES;
				CLANG_WARN_OBJC_IMPLICIT_RETAIN_SELF = YES;
				CLANG_WARN_OBJC_LITERAL_CONVERSION = YES;
				CLANG_WARN_OBJC_ROOT_CLASS = YES_ERROR;
				CLANG_WARN_QUOTED_INCLUDE_IN_FRAMEWORK_HEADER = YES;
				CLANG_WARN_RANGE_LOOP_ANALYSIS = YES;
				CLANG_WARN_STRICT_PROTOTYPES = YES;
				CLANG_WARN_SUSPICIOUS_MOVE = YES;
				CLANG_WARN_UNGUARDED_AVAILABILITY = YES_AGGRESSIVE;
				CLANG_WARN_UNREACHABLE_CODE = YES;
				CLANG_WARN__DUPLICATE_METHOD_MATCH = YES;
				COPY_PHASE_STRIP = NO;
				CURRENT_PROJECT_VERSION = 1;
				DEBUG_INFORMATION_FORMAT = "dwarf-with-dsym";
				ENABLE_NS_ASSERTIONS = NO;
				ENABLE_STRICT_OBJC_MSGSEND = YES;
				GCC_C_LANGUAGE_STANDARD = gnu11;
				GCC_NO_COMMON_BLOCKS = YES;
				GCC_WARN_64_TO_32_BIT_CONVERSION = YES;
				GCC_WARN_ABOUT_RETURN_TYPE = YES_ERROR;
				GCC_WARN_UNDECLARED_SELECTOR = YES;
				GCC_WARN_UNINITIALIZED_AUTOS = YES_AGGRESSIVE;
				GCC_WARN_UNUSED_FUNCTION = YES;
				GCC_WARN_UNUSED_VARIABLE = YES;
				MACOSX_DEPLOYMENT_TARGET = 12.0;
				MTL_ENABLE_DEBUG_INFO = NO;
				MTL_FAST_MATH = YES;
				SDKROOT = macosx;
				SWIFT_COMPILATION_MODE = wholemodule;
				SWIFT_OPTIMIZATION_LEVEL = "-O";
				SWIFT_VERSION = 5.0;
				VERSIONING_SYSTEM = "apple-generic";
				VERSION_INFO_PREFIX = "";
			};
			name = Release;
		};
		0A8469F427879AE300C967A8 /* Debug */ = {
			isa = XCBuildConfiguration;
			buildSettings = {
				CODE_SIGN_IDENTITY = "Apple Development";
				CODE_SIGN_STYLE = Automatic;
				COMBINE_HIDPI_IMAGES = YES;
				CURRENT_PROJECT_VERSION = 1;
				DEFINES_MODULE = YES;
				DEVELOPMENT_TEAM = UBF8T346G9;
				DYLIB_COMPATIBILITY_VERSION = 1;
				DYLIB_CURRENT_VERSION = 1;
				DYLIB_INSTALL_NAME_BASE = "@rpath";
				GENERATE_INFOPLIST_FILE = YES;
				INFOPLIST_FILE = "$(SRCROOT)/CoreInfo.plist";
				INFOPLIST_KEY_NSHumanReadableCopyright = "";
				INSTALL_PATH = "$(LOCAL_LIBRARY_DIR)/Frameworks";
				LD_RUNPATH_SEARCH_PATHS = (
					"$(inherited)",
					"@executable_path/../Frameworks",
					"@loader_path/Frameworks",
				);
				MARKETING_VERSION = 0.2.2;
				PRODUCT_BUNDLE_IDENTIFIER = com.microsoft.SwiftAPIViewCore;
				PRODUCT_NAME = "$(TARGET_NAME:c99extidentifier)";
				SKIP_INSTALL = YES;
				SWIFT_EMIT_LOC_STRINGS = YES;
				SWIFT_VERSION = 5.0;
			};
			name = Debug;
		};
		0A8469F527879AE300C967A8 /* Release */ = {
			isa = XCBuildConfiguration;
			buildSettings = {
				CODE_SIGN_IDENTITY = "Apple Development";
				CODE_SIGN_STYLE = Automatic;
				COMBINE_HIDPI_IMAGES = YES;
				CURRENT_PROJECT_VERSION = 1;
				DEFINES_MODULE = YES;
				DEVELOPMENT_TEAM = UBF8T346G9;
				DYLIB_COMPATIBILITY_VERSION = 1;
				DYLIB_CURRENT_VERSION = 1;
				DYLIB_INSTALL_NAME_BASE = "@rpath";
				GENERATE_INFOPLIST_FILE = YES;
				INFOPLIST_FILE = "$(SRCROOT)/CoreInfo.plist";
				INFOPLIST_KEY_NSHumanReadableCopyright = "";
				INSTALL_PATH = "$(LOCAL_LIBRARY_DIR)/Frameworks";
				LD_RUNPATH_SEARCH_PATHS = (
					"$(inherited)",
					"@executable_path/../Frameworks",
					"@loader_path/Frameworks",
				);
				MARKETING_VERSION = 0.2.2;
				PRODUCT_BUNDLE_IDENTIFIER = com.microsoft.SwiftAPIViewCore;
				PRODUCT_NAME = "$(TARGET_NAME:c99extidentifier)";
				SKIP_INSTALL = YES;
				SWIFT_EMIT_LOC_STRINGS = YES;
				SWIFT_VERSION = 5.0;
			};
			name = Release;
		};
		0A8469F727879AE300C967A8 /* Debug */ = {
			isa = XCBuildConfiguration;
			buildSettings = {
				ALWAYS_EMBED_SWIFT_STANDARD_LIBRARIES = YES;
				CODE_SIGN_STYLE = Automatic;
				CURRENT_PROJECT_VERSION = 1;
				DEVELOPMENT_TEAM = UBF8T346G9;
				GENERATE_INFOPLIST_FILE = YES;
				MARKETING_VERSION = 1.0;
				PRODUCT_BUNDLE_IDENTIFIER = com.microsoft.SwiftAPIViewCoreTests;
				PRODUCT_NAME = "$(TARGET_NAME)";
				SWIFT_EMIT_LOC_STRINGS = NO;
				SWIFT_VERSION = 5.0;
			};
			name = Debug;
		};
		0A8469F827879AE300C967A8 /* Release */ = {
			isa = XCBuildConfiguration;
			buildSettings = {
				ALWAYS_EMBED_SWIFT_STANDARD_LIBRARIES = YES;
				CODE_SIGN_STYLE = Automatic;
				CURRENT_PROJECT_VERSION = 1;
				DEVELOPMENT_TEAM = UBF8T346G9;
				GENERATE_INFOPLIST_FILE = YES;
				MARKETING_VERSION = 1.0;
				PRODUCT_BUNDLE_IDENTIFIER = com.microsoft.SwiftAPIViewCoreTests;
				PRODUCT_NAME = "$(TARGET_NAME)";
				SWIFT_EMIT_LOC_STRINGS = NO;
				SWIFT_VERSION = 5.0;
			};
			name = Release;
		};
/* End XCBuildConfiguration section */

/* Begin XCConfigurationList section */
		0A8469DB27879AE200C967A8 /* Build configuration list for PBXProject "SwiftAPIViewCore" */ = {
			isa = XCConfigurationList;
			buildConfigurations = (
				0A8469F127879AE300C967A8 /* Debug */,
				0A8469F227879AE300C967A8 /* Release */,
			);
			defaultConfigurationIsVisible = 0;
			defaultConfigurationName = Release;
		};
		0A8469F327879AE300C967A8 /* Build configuration list for PBXNativeTarget "SwiftAPIViewCore" */ = {
			isa = XCConfigurationList;
			buildConfigurations = (
				0A8469F427879AE300C967A8 /* Debug */,
				0A8469F527879AE300C967A8 /* Release */,
			);
			defaultConfigurationIsVisible = 0;
			defaultConfigurationName = Release;
		};
		0A8469F627879AE300C967A8 /* Build configuration list for PBXNativeTarget "SwiftAPIViewCoreTests" */ = {
			isa = XCConfigurationList;
			buildConfigurations = (
				0A8469F727879AE300C967A8 /* Debug */,
				0A8469F827879AE300C967A8 /* Release */,
			);
			defaultConfigurationIsVisible = 0;
			defaultConfigurationName = Release;
		};
/* End XCConfigurationList section */

/* Begin XCRemoteSwiftPackageReference section */
		0A1CA129292D8B5800CC2367 /* XCRemoteSwiftPackageReference "swift-syntax" */ = {
			isa = XCRemoteSwiftPackageReference;
			repositoryURL = "https://github.com/apple/swift-syntax.git";
			requirement = {
				kind = revision;
				revision = a82041008d2c678a97407fbd0ce420d3ab047538;
			};
		};
		0A6C6596292E98890075C56F /* XCRemoteSwiftPackageReference "SourceKitten" */ = {
			isa = XCRemoteSwiftPackageReference;
			repositoryURL = "https://github.com/jpsim/SourceKitten.git";
			requirement = {
				kind = upToNextMajorVersion;
				minimumVersion = 0.9.0;
			};
		};
		0A8469FF27879BE500C967A8 /* XCRemoteSwiftPackageReference "swift-collections" */ = {
			isa = XCRemoteSwiftPackageReference;
			repositoryURL = "https://github.com/apple/swift-collections.git";
			requirement = {
				kind = upToNextMajorVersion;
				minimumVersion = 0.0.7;
			};
		};
/* End XCRemoteSwiftPackageReference section */

/* Begin XCSwiftPackageProductDependency section */
		0A6C6597292E98890075C56F /* SourceKittenFramework */ = {
			isa = XCSwiftPackageProductDependency;
			package = 0A6C6596292E98890075C56F /* XCRemoteSwiftPackageReference "SourceKitten" */;
			productName = SourceKittenFramework;
		};
		0A846A0027879BE500C967A8 /* OrderedCollections */ = {
			isa = XCSwiftPackageProductDependency;
			package = 0A8469FF27879BE500C967A8 /* XCRemoteSwiftPackageReference "swift-collections" */;
			productName = OrderedCollections;
		};
		0AA207452A3B7DD900ED963F /* SwiftSyntax */ = {
			isa = XCSwiftPackageProductDependency;
			package = 0A1CA129292D8B5800CC2367 /* XCRemoteSwiftPackageReference "swift-syntax" */;
			productName = SwiftSyntax;
		};
		0AA207472A3B7DED00ED963F /* SwiftSyntaxParser */ = {
			isa = XCSwiftPackageProductDependency;
			package = 0A1CA129292D8B5800CC2367 /* XCRemoteSwiftPackageReference "swift-syntax" */;
			productName = SwiftSyntaxParser;
		};
/* End XCSwiftPackageProductDependency section */
	};
	rootObject = 0A8469D827879AE200C967A8 /* Project object */;
}
