
Microsoft Visual Studio Solution File, Format Version 12.00
# Visual Studio Version 16
VisualStudioVersion = 16.0.31911.196
MinimumVisualStudioVersion = 10.0.40219.1
Project("{FAE04EC0-301F-11D3-BF4B-00C04F79EFBC}") = "Azure.Sdk.Tools.Template", "Azure.Sdk.Tools.Template\Azure.Sdk.Tools.Template.csproj", "{40FDFB17-C7D5-462E-B27A-13A96BE3F591}"
EndProject
Global
	GlobalSection(SolutionConfigurationPlatforms) = preSolution
		Debug|Any CPU = Debug|Any CPU
		Release|Any CPU = Release|Any CPU
	EndGlobalSection
	GlobalSection(ProjectConfigurationPlatforms) = postSolution
		{40FDFB17-C7D5-462E-B27A-13A96BE3F591}.Debug|Any CPU.ActiveCfg = Debug|Any CPU
		{40FDFB17-C7D5-462E-B27A-13A96BE3F591}.Debug|Any CPU.Build.0 = Debug|Any CPU
		{40FDFB17-C7D5-462E-B27A-13A96BE3F591}.Release|Any CPU.ActiveCfg = Release|Any CPU
		{40FDFB17-C7D5-462E-B27A-13A96BE3F591}.Release|Any CPU.Build.0 = Release|Any CPU
	EndGlobalSection
	GlobalSection(SolutionProperties) = preSolution
		HideSolutionNode = FALSE
	EndGlobalSection
	GlobalSection(ExtensibilityGlobals) = postSolution
		SolutionGuid = {72AA5BAA-361A-48BA-A3EF-C82F2495D139}
	EndGlobalSection
EndGlobal
