Microsoft Visual Studio Solution File, Format Version 12.00
# Visual Studio Version 17
VisualStudioVersion = 17.5.2.0
MinimumVisualStudioVersion = 10.0.40219.1
Project("{FAE04EC0-301F-11D3-BF4B-00C04F79EFBC}") = "CSharpAPIParser", "CSharpAPIParser.csproj", "{BA8C1987-FF24-2381-09C9-8AB06F872C84}"
EndProject
Global
	GlobalSection(SolutionConfigurationPlatforms) = preSolution
		Debug|Any CPU = Debug|Any CPU
		Release|Any CPU = Release|Any CPU
	EndGlobalSection
	GlobalSection(ProjectConfigurationPlatforms) = postSolution
		{BA8C1987-FF24-2381-09C9-8AB06F872C84}.Debug|Any CPU.ActiveCfg = Debug|Any CPU
		{BA8C1987-FF24-2381-09C9-8AB06F872C84}.Debug|Any CPU.Build.0 = Debug|Any CPU
		{BA8C1987-FF24-2381-09C9-8AB06F872C84}.Release|Any CPU.ActiveCfg = Release|Any CPU
		{BA8C1987-FF24-2381-09C9-8AB06F872C84}.Release|Any CPU.Build.0 = Release|Any CPU
	EndGlobalSection
	GlobalSection(SolutionProperties) = preSolution
		HideSolutionNode = FALSE
	EndGlobalSection
	GlobalSection(ExtensibilityGlobals) = postSolution
		SolutionGuid = {51C1B3F3-9E75-4D10-91A1-DAE994FF3A5B}
	EndGlobalSection
EndGlobal
