
Microsoft Visual Studio Solution File, Format Version 12.00
# Visual Studio Version 17
VisualStudioVersion = 17.0.31903.59
MinimumVisualStudioVersion = 10.0.40219.1
Project("{2150E333-8FDC-42A3-9474-1A3956D46DE8}") = "Core", "Core", "{827E0CD3-B72D-47B6-A68D-7590B98EB39B}"
EndProject
Project("{2150E333-8FDC-42A3-9474-1A3956D46DE8}") = "src", "src", "{C1A1A1A1-A1A1-A1A1-A1A1-A1A1A1A1A1A1}"
EndProject
Project("{2150E333-8FDC-42A3-9474-1A3956D46DE8}") = "tests", "tests", "{C2A2A2A2-A2A2-A2A2-A2A2-A2A2A2A2A2A2}"
EndProject
Project("{FAE04EC0-301F-11D3-BF4B-00C04F79EFBC}") = "Azure.Tools.ErrorAnalyzers", "Core\src\Azure.Tools.ErrorAnalyzers\Azure.Tools.ErrorAnalyzers.csproj", "{289C389E-00E9-4ACA-AC32-2B1705DC874E}"
EndProject
Project("{FAE04EC0-301F-11D3-BF4B-00C04F79EFBC}") = "Azure.Tools.ErrorAnalyzers.Tests", "Core\tests\Azure.Tools.ErrorAnalyzers.Tests\Azure.Tools.ErrorAnalyzers.Tests.csproj", "{D89C389E-00E9-4ACA-AC32-2B1705DC874E}"
EndProject
Project("{2150E333-8FDC-42A3-9474-1A3956D46DE8}") = "Client", "Client", "{2CB42F12-E813-91B3-7D11-3220E40BEF4A}"
EndProject
Project("{2150E333-8FDC-42A3-9474-1A3956D46DE8}") = "src", "src", "{83D18252-257F-8A25-5324-27ABCB5F0760}"
EndProject
Project("{2150E333-8FDC-42A3-9474-1A3956D46DE8}") = "tests", "tests", "{BB1F9C5B-32DC-1D02-BC8B-46178ADB476B}"
EndProject
Project("{FAE04EC0-301F-11D3-BF4B-00C04F79EFBC}") = "Azure.Tools.ErrorAnalyzers.ClientRuleAnalyzers", "Client\src\Azure.Tools.ErrorAnalyzers.ClientRuleAnalyzers\Azure.Tools.ErrorAnalyzers.ClientRuleAnalyzers.csproj", "{313F2DE4-9F11-4C52-B340-39F160B8F24F}"
EndProject
Project("{FAE04EC0-301F-11D3-BF4B-00C04F79EFBC}") = "Azure.Tools.ErrorAnalyzers.ClientRuleAnalyzers.Tests", "Client\tests\Azure.Tools.ErrorAnalyzers.ClientRuleAnalyzers.Tests\Azure.Tools.ErrorAnalyzers.ClientRuleAnalyzers.Tests.csproj", "{E21DA819-F4DE-44AA-B9C8-C3C0E7319CBC}"
EndProject
Project("{2150E333-8FDC-42A3-9474-1A3956D46DE8}") = "Management", "Management", "{3CB42F12-E813-91B3-7D11-3220E40BEF4B}"
EndProject
Project("{2150E333-8FDC-42A3-9474-1A3956D46DE8}") = "src", "src", "{93D18252-257F-8A25-5324-27ABCB5F0761}"
EndProject
Project("{2150E333-8FDC-42A3-9474-1A3956D46DE8}") = "tests", "tests", "{CB1F9C5B-32DC-1D02-BC8B-46178ADB476C}"
EndProject
Project("{FAE04EC0-301F-11D3-BF4B-00C04F79EFBC}") = "Azure.Tools.ErrorAnalyzers.ManagementRuleAnalyzers", "Management\src\Azure.Tools.ErrorAnalyzers.ManagementRuleAnalyzers\Azure.Tools.ErrorAnalyzers.ManagementRuleAnalyzers.csproj", "{413F2DE4-9F11-4C52-B340-39F160B8F24F}"
EndProject
Project("{FAE04EC0-301F-11D3-BF4B-00C04F79EFBC}") = "Azure.Tools.ErrorAnalyzers.ManagementRuleAnalyzers.Tests", "Management\tests\Azure.Tools.ErrorAnalyzers.ManagementRuleAnalyzers.Tests\Azure.Tools.ErrorAnalyzers.ManagementRuleAnalyzers.Tests.csproj", "{F21DA819-F4DE-44AA-B9C8-C3C0E7319CBD}"
EndProject
Project("{2150E333-8FDC-42A3-9474-1A3956D46DE8}") = "General", "General", "{4CB42F12-E813-91B3-7D11-3220E40BEF4C}"
EndProject
Project("{2150E333-8FDC-42A3-9474-1A3956D46DE8}") = "src", "src", "{A3D18252-257F-8A25-5324-27ABCB5F0762}"
EndProject
Project("{2150E333-8FDC-42A3-9474-1A3956D46DE8}") = "tests", "tests", "{DB1F9C5B-32DC-1D02-BC8B-46178ADB476D}"
EndProject
Project("{FAE04EC0-301F-11D3-BF4B-00C04F79EFBC}") = "Azure.Tools.ErrorAnalyzers.GeneralRuleAnalyzers", "General\src\Azure.Tools.ErrorAnalyzers.GeneralRuleAnalyzers\Azure.Tools.ErrorAnalyzers.GeneralRuleAnalyzers.csproj", "{513F2DE4-9F11-4C52-B340-39F160B8F24F}"
EndProject
Project("{FAE04EC0-301F-11D3-BF4B-00C04F79EFBC}") = "Azure.Tools.ErrorAnalyzers.GeneralRuleAnalyzers.Tests", "General\tests\Azure.Tools.ErrorAnalyzers.GeneralRuleAnalyzers.Tests\Azure.Tools.ErrorAnalyzers.GeneralRuleAnalyzers.Tests.csproj", "{A8CED1AE-AA7C-06DE-F4EC-D97444E17CFF}"
EndProject
Global
	GlobalSection(SolutionConfigurationPlatforms) = preSolution
		Debug|Any CPU = Debug|Any CPU
		Debug|x64 = Debug|x64
		Debug|x86 = Debug|x86
		Release|Any CPU = Release|Any CPU
		Release|x64 = Release|x64
		Release|x86 = Release|x86
	EndGlobalSection
	GlobalSection(ProjectConfigurationPlatforms) = postSolution
		{289C389E-00E9-4ACA-AC32-2B1705DC874E}.Debug|Any CPU.ActiveCfg = Debug|Any CPU
		{289C389E-00E9-4ACA-AC32-2B1705DC874E}.Debug|Any CPU.Build.0 = Debug|Any CPU
		{289C389E-00E9-4ACA-AC32-2B1705DC874E}.Debug|x64.ActiveCfg = Debug|Any CPU
		{289C389E-00E9-4ACA-AC32-2B1705DC874E}.Debug|x64.Build.0 = Debug|Any CPU
		{289C389E-00E9-4ACA-AC32-2B1705DC874E}.Debug|x86.ActiveCfg = Debug|Any CPU
		{289C389E-00E9-4ACA-AC32-2B1705DC874E}.Debug|x86.Build.0 = Debug|Any CPU
		{289C389E-00E9-4ACA-AC32-2B1705DC874E}.Release|Any CPU.ActiveCfg = Release|Any CPU
		{289C389E-00E9-4ACA-AC32-2B1705DC874E}.Release|Any CPU.Build.0 = Release|Any CPU
		{289C389E-00E9-4ACA-AC32-2B1705DC874E}.Release|x64.ActiveCfg = Release|Any CPU
		{289C389E-00E9-4ACA-AC32-2B1705DC874E}.Release|x64.Build.0 = Release|Any CPU
		{289C389E-00E9-4ACA-AC32-2B1705DC874E}.Release|x86.ActiveCfg = Release|Any CPU
		{289C389E-00E9-4ACA-AC32-2B1705DC874E}.Release|x86.Build.0 = Release|Any CPU
		{D89C389E-00E9-4ACA-AC32-2B1705DC874E}.Debug|Any CPU.ActiveCfg = Debug|Any CPU
		{D89C389E-00E9-4ACA-AC32-2B1705DC874E}.Debug|Any CPU.Build.0 = Debug|Any CPU
		{D89C389E-00E9-4ACA-AC32-2B1705DC874E}.Debug|x64.ActiveCfg = Debug|Any CPU
		{D89C389E-00E9-4ACA-AC32-2B1705DC874E}.Debug|x64.Build.0 = Debug|Any CPU
		{D89C389E-00E9-4ACA-AC32-2B1705DC874E}.Debug|x86.ActiveCfg = Debug|Any CPU
		{D89C389E-00E9-4ACA-AC32-2B1705DC874E}.Debug|x86.Build.0 = Debug|Any CPU
		{D89C389E-00E9-4ACA-AC32-2B1705DC874E}.Release|Any CPU.ActiveCfg = Release|Any CPU
		{D89C389E-00E9-4ACA-AC32-2B1705DC874E}.Release|Any CPU.Build.0 = Release|Any CPU
		{D89C389E-00E9-4ACA-AC32-2B1705DC874E}.Release|x64.ActiveCfg = Release|Any CPU
		{D89C389E-00E9-4ACA-AC32-2B1705DC874E}.Release|x64.Build.0 = Release|Any CPU
		{D89C389E-00E9-4ACA-AC32-2B1705DC874E}.Release|x86.ActiveCfg = Release|Any CPU
		{D89C389E-00E9-4ACA-AC32-2B1705DC874E}.Release|x86.Build.0 = Release|Any CPU
		{E21DA819-F4DE-44AA-B9C8-C3C0E7319CBC}.Debug|Any CPU.ActiveCfg = Debug|Any CPU
		{E21DA819-F4DE-44AA-B9C8-C3C0E7319CBC}.Debug|Any CPU.Build.0 = Debug|Any CPU
		{E21DA819-F4DE-44AA-B9C8-C3C0E7319CBC}.Debug|x64.ActiveCfg = Debug|Any CPU
		{E21DA819-F4DE-44AA-B9C8-C3C0E7319CBC}.Debug|x64.Build.0 = Debug|Any CPU
		{E21DA819-F4DE-44AA-B9C8-C3C0E7319CBC}.Debug|x86.ActiveCfg = Debug|Any CPU
		{E21DA819-F4DE-44AA-B9C8-C3C0E7319CBC}.Debug|x86.Build.0 = Debug|Any CPU
		{E21DA819-F4DE-44AA-B9C8-C3C0E7319CBC}.Release|Any CPU.ActiveCfg = Release|Any CPU
		{E21DA819-F4DE-44AA-B9C8-C3C0E7319CBC}.Release|Any CPU.Build.0 = Release|Any CPU
		{E21DA819-F4DE-44AA-B9C8-C3C0E7319CBC}.Release|x64.ActiveCfg = Release|Any CPU
		{E21DA819-F4DE-44AA-B9C8-C3C0E7319CBC}.Release|x64.Build.0 = Release|Any CPU
		{E21DA819-F4DE-44AA-B9C8-C3C0E7319CBC}.Release|x86.ActiveCfg = Release|Any CPU
		{E21DA819-F4DE-44AA-B9C8-C3C0E7319CBC}.Release|x86.Build.0 = Release|Any CPU
		{313F2DE4-9F11-4C52-B340-39F160B8F24F}.Debug|Any CPU.ActiveCfg = Debug|Any CPU
		{313F2DE4-9F11-4C52-B340-39F160B8F24F}.Debug|Any CPU.Build.0 = Debug|Any CPU
		{313F2DE4-9F11-4C52-B340-39F160B8F24F}.Debug|x64.ActiveCfg = Debug|Any CPU
		{313F2DE4-9F11-4C52-B340-39F160B8F24F}.Debug|x64.Build.0 = Debug|Any CPU
		{313F2DE4-9F11-4C52-B340-39F160B8F24F}.Debug|x86.ActiveCfg = Debug|Any CPU
		{313F2DE4-9F11-4C52-B340-39F160B8F24F}.Debug|x86.Build.0 = Debug|Any CPU
		{313F2DE4-9F11-4C52-B340-39F160B8F24F}.Release|Any CPU.ActiveCfg = Release|Any CPU
		{313F2DE4-9F11-4C52-B340-39F160B8F24F}.Release|Any CPU.Build.0 = Release|Any CPU
		{313F2DE4-9F11-4C52-B340-39F160B8F24F}.Release|x64.ActiveCfg = Release|Any CPU
		{313F2DE4-9F11-4C52-B340-39F160B8F24F}.Release|x64.Build.0 = Release|Any CPU
		{313F2DE4-9F11-4C52-B340-39F160B8F24F}.Release|x86.ActiveCfg = Release|Any CPU
		{313F2DE4-9F11-4C52-B340-39F160B8F24F}.Release|x86.Build.0 = Release|Any CPU
		{413F2DE4-9F11-4C52-B340-39F160B8F24F}.Debug|Any CPU.ActiveCfg = Debug|Any CPU
		{413F2DE4-9F11-4C52-B340-39F160B8F24F}.Debug|Any CPU.Build.0 = Debug|Any CPU
		{413F2DE4-9F11-4C52-B340-39F160B8F24F}.Debug|x64.ActiveCfg = Debug|Any CPU
		{413F2DE4-9F11-4C52-B340-39F160B8F24F}.Debug|x64.Build.0 = Debug|Any CPU
		{413F2DE4-9F11-4C52-B340-39F160B8F24F}.Debug|x86.ActiveCfg = Debug|Any CPU
		{413F2DE4-9F11-4C52-B340-39F160B8F24F}.Debug|x86.Build.0 = Debug|Any CPU
		{413F2DE4-9F11-4C52-B340-39F160B8F24F}.Release|Any CPU.ActiveCfg = Release|Any CPU
		{413F2DE4-9F11-4C52-B340-39F160B8F24F}.Release|Any CPU.Build.0 = Release|Any CPU
		{413F2DE4-9F11-4C52-B340-39F160B8F24F}.Release|x64.ActiveCfg = Release|Any CPU
		{413F2DE4-9F11-4C52-B340-39F160B8F24F}.Release|x64.Build.0 = Debug|Any CPU
		{413F2DE4-9F11-4C52-B340-39F160B8F24F}.Release|x86.ActiveCfg = Release|Any CPU
		{413F2DE4-9F11-4C52-B340-39F160B8F24F}.Release|x86.Build.0 = Release|Any CPU
		{F21DA819-F4DE-44AA-B9C8-C3C0E7319CBD}.Debug|Any CPU.ActiveCfg = Debug|Any CPU
		{F21DA819-F4DE-44AA-B9C8-C3C0E7319CBD}.Debug|Any CPU.Build.0 = Debug|Any CPU
		{F21DA819-F4DE-44AA-B9C8-C3C0E7319CBD}.Debug|x64.ActiveCfg = Debug|Any CPU
		{F21DA819-F4DE-44AA-B9C8-C3C0E7319CBD}.Debug|x64.Build.0 = Debug|Any CPU
		{F21DA819-F4DE-44AA-B9C8-C3C0E7319CBD}.Debug|x86.ActiveCfg = Debug|Any CPU
		{F21DA819-F4DE-44AA-B9C8-C3C0E7319CBD}.Debug|x86.Build.0 = Debug|Any CPU
		{F21DA819-F4DE-44AA-B9C8-C3C0E7319CBD}.Release|Any CPU.ActiveCfg = Release|Any CPU
		{F21DA819-F4DE-44AA-B9C8-C3C0E7319CBD}.Release|Any CPU.Build.0 = Release|Any CPU
		{F21DA819-F4DE-44AA-B9C8-C3C0E7319CBD}.Release|x64.ActiveCfg = Release|Any CPU
		{F21DA819-F4DE-44AA-B9C8-C3C0E7319CBD}.Release|x64.Build.0 = Release|Any CPU
		{F21DA819-F4DE-44AA-B9C8-C3C0E7319CBD}.Release|x86.ActiveCfg = Release|Any CPU
		{F21DA819-F4DE-44AA-B9C8-C3C0E7319CBD}.Release|x86.Build.0 = Release|Any CPU
		{513F2DE4-9F11-4C52-B340-39F160B8F24F}.Debug|Any CPU.ActiveCfg = Debug|Any CPU
		{513F2DE4-9F11-4C52-B340-39F160B8F24F}.Debug|Any CPU.Build.0 = Debug|Any CPU
		{513F2DE4-9F11-4C52-B340-39F160B8F24F}.Debug|x64.ActiveCfg = Debug|Any CPU
		{513F2DE4-9F11-4C52-B340-39F160B8F24F}.Debug|x64.Build.0 = Debug|Any CPU
		{513F2DE4-9F11-4C52-B340-39F160B8F24F}.Debug|x86.ActiveCfg = Debug|Any CPU
		{513F2DE4-9F11-4C52-B340-39F160B8F24F}.Debug|x86.Build.0 = Debug|Any CPU
		{513F2DE4-9F11-4C52-B340-39F160B8F24F}.Release|Any CPU.ActiveCfg = Release|Any CPU
		{513F2DE4-9F11-4C52-B340-39F160B8F24F}.Release|Any CPU.Build.0 = Release|Any CPU
		{513F2DE4-9F11-4C52-B340-39F160B8F24F}.Release|x64.ActiveCfg = Release|Any CPU
		{513F2DE4-9F11-4C52-B340-39F160B8F24F}.Release|x64.Build.0 = Release|Any CPU
		{513F2DE4-9F11-4C52-B340-39F160B8F24F}.Release|x86.ActiveCfg = Release|Any CPU
		{513F2DE4-9F11-4C52-B340-39F160B8F24F}.Release|x86.Build.0 = Release|Any CPU
		{A8CED1AE-AA7C-06DE-F4EC-D97444E17CFF}.Debug|Any CPU.ActiveCfg = Debug|Any CPU
		{A8CED1AE-AA7C-06DE-F4EC-D97444E17CFF}.Debug|Any CPU.Build.0 = Debug|Any CPU
		{A8CED1AE-AA7C-06DE-F4EC-D97444E17CFF}.Debug|x64.ActiveCfg = Debug|Any CPU
		{A8CED1AE-AA7C-06DE-F4EC-D97444E17CFF}.Debug|x64.Build.0 = Debug|Any CPU
		{A8CED1AE-AA7C-06DE-F4EC-D97444E17CFF}.Debug|x86.ActiveCfg = Debug|Any CPU
		{A8CED1AE-AA7C-06DE-F4EC-D97444E17CFF}.Debug|x86.Build.0 = Debug|Any CPU
		{A8CED1AE-AA7C-06DE-F4EC-D97444E17CFF}.Release|Any CPU.ActiveCfg = Release|Any CPU
		{A8CED1AE-AA7C-06DE-F4EC-D97444E17CFF}.Release|Any CPU.Build.0 = Release|Any CPU
		{A8CED1AE-AA7C-06DE-F4EC-D97444E17CFF}.Release|x64.ActiveCfg = Release|Any CPU
		{A8CED1AE-AA7C-06DE-F4EC-D97444E17CFF}.Release|x64.Build.0 = Release|Any CPU
		{A8CED1AE-AA7C-06DE-F4EC-D97444E17CFF}.Release|x86.ActiveCfg = Release|Any CPU
		{A8CED1AE-AA7C-06DE-F4EC-D97444E17CFF}.Release|x86.Build.0 = Release|Any CPU
	EndGlobalSection
	GlobalSection(SolutionProperties) = preSolution
		HideSolutionNode = FALSE
	EndGlobalSection
	GlobalSection(NestedProjects) = preSolution
		{C1A1A1A1-A1A1-A1A1-A1A1-A1A1A1A1A1A1} = {827E0CD3-B72D-47B6-A68D-7590B98EB39B}
		{C2A2A2A2-A2A2-A2A2-A2A2-A2A2A2A2A2A2} = {827E0CD3-B72D-47B6-A68D-7590B98EB39B}
		{289C389E-00E9-4ACA-AC32-2B1705DC874E} = {C1A1A1A1-A1A1-A1A1-A1A1-A1A1A1A1A1A1}
		{83D18252-257F-8A25-5324-27ABCB5F0760} = {2CB42F12-E813-91B3-7D11-3220E40BEF4A}
		{BB1F9C5B-32DC-1D02-BC8B-46178ADB476B} = {2CB42F12-E813-91B3-7D11-3220E40BEF4A}
		{313F2DE4-9F11-4C52-B340-39F160B8F24F} = {83D18252-257F-8A25-5324-27ABCB5F0760}
		{E21DA819-F4DE-44AA-B9C8-C3C0E7319CBC} = {BB1F9C5B-32DC-1D02-BC8B-46178ADB476B}
		{93D18252-257F-8A25-5324-27ABCB5F0761} = {3CB42F12-E813-91B3-7D11-3220E40BEF4B}
		{CB1F9C5B-32DC-1D02-BC8B-46178ADB476C} = {3CB42F12-E813-91B3-7D11-3220E40BEF4B}
		{413F2DE4-9F11-4C52-B340-39F160B8F24F} = {93D18252-257F-8A25-5324-27ABCB5F0761}
		{F21DA819-F4DE-44AA-B9C8-C3C0E7319CBD} = {CB1F9C5B-32DC-1D02-BC8B-46178ADB476C}
		{A3D18252-257F-8A25-5324-27ABCB5F0762} = {4CB42F12-E813-91B3-7D11-3220E40BEF4C}
		{DB1F9C5B-32DC-1D02-BC8B-46178ADB476D} = {4CB42F12-E813-91B3-7D11-3220E40BEF4C}
		{513F2DE4-9F11-4C52-B340-39F160B8F24F} = {A3D18252-257F-8A25-5324-27ABCB5F0762}
		{A8CED1AE-AA7C-06DE-F4EC-D97444E17CFF} = {DB1F9C5B-32DC-1D02-BC8B-46178ADB476D}
	EndGlobalSection
EndGlobal
