dependencies:
- name: chaos-mesh
  repository: https://charts.chaos-mesh.org
  version: 2.6.3
- name: stress-test-addons
  repository: https://stresstestcharts.blob.core.windows.net/helm/
  version: 0.3.1
digest: sha256:b954ab9bea8f484f3110a2051e384621f6cfb0188cccd3911299da3aad6fd951
generated: "2024-05-08T14:47:49.4174026-07:00"
