dependencies:
- name: chaos-mesh
  repository: https://charts.chaos-mesh.org
  version: 2.1.4
- name: stress-test-addons
  repository: https://stresstestcharts.blob.core.windows.net/helm/
  version: 0.1.17
digest: sha256:ae35744d1dbfb8ea747a38bae8bc9cff0f6e5b72253ac0af63b3ac402bd25e67
generated: "2022-05-17T21:26:22.5081354-04:00"
