dependencies:
- name: chaos-mesh
  repository: https://charts.chaos-mesh.org
  version: 2.1.4
- name: stress-test-addons
  repository: https://stresstestcharts.blob.core.windows.net/helm/
  version: 0.1.14
digest: sha256:d8b0d65406e732b23ec5cd9787f8b5934f83841e2c9a348c1e63e5383c5a4dc9
generated: "2022-04-14T13:44:54.3788618-07:00"
