
Microsoft Visual Studio Solution File, Format Version 12.00
# Visual Studio Version 16
VisualStudioVersion = 16.0.28803.352
MinimumVisualStudioVersion = 15.0.26124.0
Project("{9A19103F-16F7-4668-BE54-9A1E7A4F7556}") = "Microsoft.Azure.Sdk.PipelineGenerator.Tool", "Microsoft.Azure.Sdk.PipelineGenerator.Tool\Microsoft.Azure.Sdk.PipelineGenerator.Tool.csproj", "{1029A65F-A849-4592-B98B-073BDF6239D2}"
EndProject
Global
	GlobalSection(SolutionConfigurationPlatforms) = preSolution
		Debug|Any CPU = Debug|Any CPU
		Release|Any CPU = Release|Any CPU
	EndGlobalSection
	GlobalSection(ProjectConfigurationPlatforms) = postSolution
		{1029A65F-A849-4592-B98B-073BDF6239D2}.Debug|Any CPU.ActiveCfg = Debug|Any CPU
		{1029A65F-A849-4592-B98B-073BDF6239D2}.Debug|Any CPU.Build.0 = Debug|Any CPU
		{1029A65F-A849-4592-B98B-073BDF6239D2}.Release|Any CPU.ActiveCfg = Release|Any CPU
		{1029A65F-A849-4592-B98B-073BDF6239D2}.Release|Any CPU.Build.0 = Release|Any CPU
	EndGlobalSection
	GlobalSection(SolutionProperties) = preSolution
		HideSolutionNode = FALSE
	EndGlobalSection
	GlobalSection(ExtensibilityGlobals) = postSolution
		SolutionGuid = {B299F712-5DF3-491E-8F54-449A26C32F3B}
	EndGlobalSection
EndGlobal
