Microsoft Visual Studio Solution File, Format Version 12.00
# Visual Studio Version 17
VisualStudioVersion = 17.0.31903.59
MinimumVisualStudioVersion = 10.0.40219.1
Project("{9A19103F-16F7-4668-BE54-9A1E7A4F7556}") = "Microsoft.FxLister", "Microsoft.FxLister.csproj", "{7F8E8B9C-5D3F-4A2E-9C8F-1B2A3C4D5E6F}"
EndProject
Global
	GlobalSection(SolutionConfigurationPlatforms) = preSolution
		Debug|Any CPU = Debug|Any CPU
		Release|Any CPU = Release|Any CPU
	EndGlobalSection
	GlobalSection(ProjectConfigurationPlatforms) = postSolution
		{7F8E8B9C-5D3F-4A2E-9C8F-1B2A3C4D5E6F}.Debug|Any CPU.ActiveCfg = Debug|Any CPU
		{7F8E8B9C-5D3F-4A2E-9C8F-1B2A3C4D5E6F}.Debug|Any CPU.Build.0 = Debug|Any CPU
		{7F8E8B9C-5D3F-4A2E-9C8F-1B2A3C4D5E6F}.Release|Any CPU.ActiveCfg = Release|Any CPU
		{7F8E8B9C-5D3F-4A2E-9C8F-1B2A3C4D5E6F}.Release|Any CPU.Build.0 = Release|Any CPU
	EndGlobalSection
	GlobalSection(SolutionProperties) = preSolution
		HideSolutionNode = FALSE
	EndGlobalSection
EndGlobal