{
  "name": "azure-typespec-author-doc-refinement",
  "lockfileVersion": 3,
  "requires": true,
  "packages": {
    "": {
      "name": "azure-typespec-author-doc-refinement",
      "dependencies": {
        "@github/copilot": "^1.0.68",
        "@github/copilot-sdk": "1.0.0-beta.5",
        "adm-zip": "0.6.0"
      },
      "engines": {
        "node": ">=20.0.0"
      }
    },
    "node_modules/@github/copilot": {
      "version": "1.0.68",
      "resolved": "https://ms-feed-25.pkgs.visualstudio.com/1es-public/_packaging/npm-public/npm/registry/@github/copilot/-/copilot-1.0.68.tgz",
      "integrity": "sha1-PMZWj0J7Suaa9gx+27+5g7F3rs8=",
      "license": "SEE LICENSE IN LICENSE.md",
      "dependencies": {
        "detect-libc": "^2.1.2"
      },
      "bin": {
        "copilot": "npm-loader.js"
      },
      "optionalDependencies": {
        "@github/copilot-darwin-arm64": "1.0.68",
        "@github/copilot-darwin-x64": "1.0.68",
        "@github/copilot-linux-arm64": "1.0.68",
        "@github/copilot-linux-x64": "1.0.68",
        "@github/copilot-linuxmusl-arm64": "1.0.68",
        "@github/copilot-linuxmusl-x64": "1.0.68",
        "@github/copilot-win32-arm64": "1.0.68",
        "@github/copilot-win32-x64": "1.0.68"
      }
    },
    "node_modules/@github/copilot-darwin-arm64": {
      "version": "1.0.68",
      "resolved": "https://ms-feed-2.pkgs.visualstudio.com/1es-public/_packaging/npm-public/npm/registry/@github/copilot-darwin-arm64/-/copilot-darwin-arm64-1.0.68.tgz",
      "integrity": "sha1-r918A/Bbl74brMLZCXCbVXucwH4=",
      "cpu": [
        "arm64"
      ],
      "license": "SEE LICENSE IN LICENSE.md",
      "optional": true,
      "os": [
        "darwin"
      ],
      "bin": {
        "copilot-darwin-arm64": "copilot"
      }
    },
    "node_modules/@github/copilot-darwin-x64": {
      "version": "1.0.68",
      "resolved": "https://ms-feed-2.pkgs.visualstudio.com/1es-public/_packaging/npm-public/npm/registry/@github/copilot-darwin-x64/-/copilot-darwin-x64-1.0.68.tgz",
      "integrity": "sha1-aYILgC5N8+fWghd2CUkger03Akk=",
      "cpu": [
        "x64"
      ],
      "license": "SEE LICENSE IN LICENSE.md",
      "optional": true,
      "os": [
        "darwin"
      ],
      "bin": {
        "copilot-darwin-x64": "copilot"
      }
    },
    "node_modules/@github/copilot-linux-arm64": {
      "version": "1.0.68",
      "resolved": "https://ms-feed-2.pkgs.visualstudio.com/1es-public/_packaging/npm-public/npm/registry/@github/copilot-linux-arm64/-/copilot-linux-arm64-1.0.68.tgz",
      "integrity": "sha1-Tj0cglkWdCvaaG1QSQVGrLQRNbE=",
      "cpu": [
        "arm64"
      ],
      "license": "SEE LICENSE IN LICENSE.md",
      "optional": true,
      "os": [
        "linux"
      ],
      "bin": {
        "copilot-linux-arm64": "copilot"
      }
    },
    "node_modules/@github/copilot-linux-x64": {
      "version": "1.0.68",
      "resolved": "https://ms-feed-25.pkgs.visualstudio.com/1es-public/_packaging/npm-public/npm/registry/@github/copilot-linux-x64/-/copilot-linux-x64-1.0.68.tgz",
      "integrity": "sha1-QglepYWjrS/AxvAkIxiVg1voSFs=",
      "cpu": [
        "x64"
      ],
      "license": "SEE LICENSE IN LICENSE.md",
      "optional": true,
      "os": [
        "linux"
      ],
      "bin": {
        "copilot-linux-x64": "copilot"
      }
    },
    "node_modules/@github/copilot-linuxmusl-arm64": {
      "version": "1.0.68",
      "resolved": "https://ms-feed-12.pkgs.visualstudio.com/1es-public/_packaging/npm-public/npm/registry/@github/copilot-linuxmusl-arm64/-/copilot-linuxmusl-arm64-1.0.68.tgz",
      "integrity": "sha1-m7hDBGMzhQN8yRBIlEsmb2dO004=",
      "cpu": [
        "arm64"
      ],
      "license": "SEE LICENSE IN LICENSE.md",
      "optional": true,
      "os": [
        "linux"
      ],
      "bin": {
        "copilot-linuxmusl-arm64": "copilot"
      }
    },
    "node_modules/@github/copilot-linuxmusl-x64": {
      "version": "1.0.68",
      "resolved": "https://ms-feed-12.pkgs.visualstudio.com/1es-public/_packaging/npm-public/npm/registry/@github/copilot-linuxmusl-x64/-/copilot-linuxmusl-x64-1.0.68.tgz",
      "integrity": "sha1-woS1ZkZsDldvg8SgrQgqR+3v0uc=",
      "cpu": [
        "x64"
      ],
      "license": "SEE LICENSE IN LICENSE.md",
      "optional": true,
      "os": [
        "linux"
      ],
      "bin": {
        "copilot-linuxmusl-x64": "copilot"
      }
    },
    "node_modules/@github/copilot-sdk": {
      "version": "1.0.0-beta.5",
      "resolved": "https://registry.npmjs.org/@github/copilot-sdk/-/copilot-sdk-1.0.0-beta.5.tgz",
      "integrity": "sha512-WT/JZXkLi4mZKjyQakqBEv4lU8zHOSERicEB75KN1oLVIvKRvL8WyfP6dqIjeO1xmCKd6/qKVGlQxJChCIzJ1w==",
      "license": "MIT",
      "dependencies": {
        "@github/copilot": "^1.0.51",
        "vscode-jsonrpc": "^8.2.1",
        "zod": "^4.3.6"
      },
      "engines": {
        "node": ">=20.0.0"
      }
    },
    "node_modules/@github/copilot-win32-arm64": {
      "version": "1.0.68",
      "resolved": "https://ms-feed-2.pkgs.visualstudio.com/1es-public/_packaging/npm-public/npm/registry/@github/copilot-win32-arm64/-/copilot-win32-arm64-1.0.68.tgz",
      "integrity": "sha1-Lv1e2H3qhF15EdU2MW+Y7+b7GbM=",
      "cpu": [
        "arm64"
      ],
      "license": "SEE LICENSE IN LICENSE.md",
      "optional": true,
      "os": [
        "win32"
      ],
      "bin": {
        "copilot-win32-arm64": "copilot.exe"
      }
    },
    "node_modules/@github/copilot-win32-x64": {
      "version": "1.0.68",
      "resolved": "https://ms-feed-2.pkgs.visualstudio.com/1es-public/_packaging/npm-public/npm/registry/@github/copilot-win32-x64/-/copilot-win32-x64-1.0.68.tgz",
      "integrity": "sha1-erONezs/udkgmdchXpfsRTFo/sE=",
      "cpu": [
        "x64"
      ],
      "license": "SEE LICENSE IN LICENSE.md",
      "optional": true,
      "os": [
        "win32"
      ],
      "bin": {
        "copilot-win32-x64": "copilot.exe"
      }
    },
    "node_modules/adm-zip": {
      "version": "0.6.0",
      "resolved": "https://registry.npmjs.org/adm-zip/-/adm-zip-0.6.0.tgz",
      "integrity": "sha512-XleryMhbuksdKtofnWZ9Sk+4CUTbms4Mb/EU32SZwToAyZ5RgVos/ki8n+yr0LWHOGKuakbXTuuYNHLQjhddgg==",
      "license": "MIT",
      "engines": {
        "node": ">=14.0"
      }
    },
    "node_modules/detect-libc": {
      "version": "2.1.2",
      "resolved": "https://registry.npmjs.org/detect-libc/-/detect-libc-2.1.2.tgz",
      "integrity": "sha512-Btj2BOOO83o3WyH59e8MgXsxEQVcarkUOpEYrubB0urwnN10yQ364rsiByU11nZlqWYZm05i/of7io4mzihBtQ==",
      "license": "Apache-2.0",
      "engines": {
        "node": ">=8"
      }
    },
    "node_modules/vscode-jsonrpc": {
      "version": "8.2.1",
      "resolved": "https://registry.npmjs.org/vscode-jsonrpc/-/vscode-jsonrpc-8.2.1.tgz",
      "integrity": "sha512-kdjOSJ2lLIn7r1rtrMbbNCHjyMPfRnowdKjBQ+mGq6NAW5QY2bEZC/khaC5OR8svbbjvLEaIXkOq45e2X9BIbQ==",
      "license": "MIT",
      "engines": {
        "node": ">=14.0.0"
      }
    },
    "node_modules/zod": {
      "version": "4.4.3",
      "resolved": "https://registry.npmjs.org/zod/-/zod-4.4.3.tgz",
      "integrity": "sha512-ytENFjIJFl2UwYglde2jchW2Hwm4GJFLDiSXWdTrJQBIN9Fcyp7n4DhxJEiWNAJMV1/BqWfW/kkg71UDcHJyTQ==",
      "license": "MIT",
      "funding": {
        "url": "https://github.com/sponsors/colinhacks"
      }
    }
  }
}
