{
    "name": "agentic-workflow-extension",
    "version": "0.1.0",
    "lockfileVersion": 3,
    "requires": true,
    "packages": {
        "": {
            "name": "agentic-workflow-extension",
            "version": "0.1.0",
            "dependencies": {
                "@github/copilot-sdk": "^1.0.4"
            },
            "engines": {
                "node": ">=20.19.0"
            }
        },
        "node_modules/@github/copilot": {
            "version": "1.0.66",
            "resolved": "https://registry.npmjs.org/@github/copilot/-/copilot-1.0.66.tgz",
            "integrity": "sha512-m3+3FLSgum90xN4+eiwnLvdrDvM+oZzur5DfhOH88duNDKBcLQvKQY9fG/I1l1t8a1iBwjpgtRpsBwykE8k3Zw==",
            "license": "SEE LICENSE IN LICENSE.md",
            "dependencies": {
                "detect-libc": "^2.1.2"
            },
            "bin": {
                "copilot": "npm-loader.js"
            },
            "optionalDependencies": {
                "@github/copilot-darwin-arm64": "1.0.66",
                "@github/copilot-darwin-x64": "1.0.66",
                "@github/copilot-linux-arm64": "1.0.66",
                "@github/copilot-linux-x64": "1.0.66",
                "@github/copilot-linuxmusl-arm64": "1.0.66",
                "@github/copilot-linuxmusl-x64": "1.0.66",
                "@github/copilot-win32-arm64": "1.0.66",
                "@github/copilot-win32-x64": "1.0.66"
            }
        },
        "node_modules/@github/copilot-darwin-arm64": {
            "version": "1.0.66",
            "resolved": "https://registry.npmjs.org/@github/copilot-darwin-arm64/-/copilot-darwin-arm64-1.0.66.tgz",
            "integrity": "sha512-cJPXE2rWSjR+B8GRBUUd0k9PM4euWRUe3xgHoJqi9o/jJjtRYn6DZMrmFt9xgjoYWf0WZOyrlDgedqO1V+zDAg==",
            "cpu": [
                "arm64"
            ],
            "license": "SEE LICENSE IN LICENSE.md",
            "optional": true,
            "os": [
                "darwin"
            ],
            "bin": {
                "copilot-darwin-arm64": "copilot"
            }
        },
        "node_modules/@github/copilot-darwin-x64": {
            "version": "1.0.66",
            "resolved": "https://registry.npmjs.org/@github/copilot-darwin-x64/-/copilot-darwin-x64-1.0.66.tgz",
            "integrity": "sha512-44mpx2ZcRFHDx4B9xlrL5OQyTgaD/Hn+bAkeStXgcG8UkkfYSsRtLhnaxqUEQrtIEiVQrw++XWvUO0AscRrX+w==",
            "cpu": [
                "x64"
            ],
            "license": "SEE LICENSE IN LICENSE.md",
            "optional": true,
            "os": [
                "darwin"
            ],
            "bin": {
                "copilot-darwin-x64": "copilot"
            }
        },
        "node_modules/@github/copilot-linux-arm64": {
            "version": "1.0.66",
            "resolved": "https://registry.npmjs.org/@github/copilot-linux-arm64/-/copilot-linux-arm64-1.0.66.tgz",
            "integrity": "sha512-uXtTs/rYjk6kacNs/T0s/lxn0JBvAgu78pBoZeWpU5APhICkPy9kC+lNAzLYoZujVVDOHT05IoeifHppFpQ8+w==",
            "cpu": [
                "arm64"
            ],
            "license": "SEE LICENSE IN LICENSE.md",
            "optional": true,
            "os": [
                "linux"
            ],
            "bin": {
                "copilot-linux-arm64": "copilot"
            }
        },
        "node_modules/@github/copilot-linux-x64": {
            "version": "1.0.66",
            "resolved": "https://registry.npmjs.org/@github/copilot-linux-x64/-/copilot-linux-x64-1.0.66.tgz",
            "integrity": "sha512-tXn3OuJCx/YEDNgYg8mdOGSFiIjmLJtTEyZ/VoEA86ffUIPxrunc0wnapEFk2zOW1unwdJeBuVIkzlB3RS1/eA==",
            "cpu": [
                "x64"
            ],
            "license": "SEE LICENSE IN LICENSE.md",
            "optional": true,
            "os": [
                "linux"
            ],
            "bin": {
                "copilot-linux-x64": "copilot"
            }
        },
        "node_modules/@github/copilot-linuxmusl-arm64": {
            "version": "1.0.66",
            "resolved": "https://registry.npmjs.org/@github/copilot-linuxmusl-arm64/-/copilot-linuxmusl-arm64-1.0.66.tgz",
            "integrity": "sha512-sHRag7W5CG0kbbX3j9v9cUmIafk/0N8MGGr2knvPeIHtxwZQYYjx397gT1nN6xagLWt5mvchkYybfQFCyCBaxg==",
            "cpu": [
                "arm64"
            ],
            "license": "SEE LICENSE IN LICENSE.md",
            "optional": true,
            "os": [
                "linux"
            ],
            "bin": {
                "copilot-linuxmusl-arm64": "copilot"
            }
        },
        "node_modules/@github/copilot-linuxmusl-x64": {
            "version": "1.0.66",
            "resolved": "https://registry.npmjs.org/@github/copilot-linuxmusl-x64/-/copilot-linuxmusl-x64-1.0.66.tgz",
            "integrity": "sha512-bdIgHOaVZlvsF/4awzMxsby6T+4k7aWe9HZr+sr+qU8tuG19jwi/1LXGB6tKdlFeFgY78yX0lR+ywByVJc5loA==",
            "cpu": [
                "x64"
            ],
            "license": "SEE LICENSE IN LICENSE.md",
            "optional": true,
            "os": [
                "linux"
            ],
            "bin": {
                "copilot-linuxmusl-x64": "copilot"
            }
        },
        "node_modules/@github/copilot-sdk": {
            "version": "1.0.4",
            "resolved": "https://registry.npmjs.org/@github/copilot-sdk/-/copilot-sdk-1.0.4.tgz",
            "integrity": "sha512-c6/gpatP7LAuP9stlc2uXXOrB+TJMFSs3Jrzu9FG8lJJYFGmdzbBvGz2UdL1jww84fp6D7cohEZa4UGq1+iuyA==",
            "license": "MIT",
            "dependencies": {
                "@github/copilot": "^1.0.65",
                "vscode-jsonrpc": "^8.2.1",
                "zod": "^4.3.6"
            },
            "engines": {
                "node": "^20.19.0 || >=22.12.0"
            }
        },
        "node_modules/@github/copilot-win32-arm64": {
            "version": "1.0.66",
            "resolved": "https://registry.npmjs.org/@github/copilot-win32-arm64/-/copilot-win32-arm64-1.0.66.tgz",
            "integrity": "sha512-T7FGONCVWIPjjAxp22cu4WKqNogq56FknHGAvj7Ryn5ZoanFAR3vXXlXDsYnDKLBcshjRYGxocl2UnmRTMxgvg==",
            "cpu": [
                "arm64"
            ],
            "license": "SEE LICENSE IN LICENSE.md",
            "optional": true,
            "os": [
                "win32"
            ],
            "bin": {
                "copilot-win32-arm64": "copilot.exe"
            }
        },
        "node_modules/@github/copilot-win32-x64": {
            "version": "1.0.66",
            "resolved": "https://registry.npmjs.org/@github/copilot-win32-x64/-/copilot-win32-x64-1.0.66.tgz",
            "integrity": "sha512-eroxRUSJZOJCk0luLyX6A1qqGIWs8p4w0EjZFhCzvdFvJ0abIovGyt3R/gN9DeyJM8Qs7ROPGvqevUlXh6DhCg==",
            "cpu": [
                "x64"
            ],
            "license": "SEE LICENSE IN LICENSE.md",
            "optional": true,
            "os": [
                "win32"
            ],
            "bin": {
                "copilot-win32-x64": "copilot.exe"
            }
        },
        "node_modules/detect-libc": {
            "version": "2.1.2",
            "resolved": "https://registry.npmjs.org/detect-libc/-/detect-libc-2.1.2.tgz",
            "integrity": "sha512-Btj2BOOO83o3WyH59e8MgXsxEQVcarkUOpEYrubB0urwnN10yQ364rsiByU11nZlqWYZm05i/of7io4mzihBtQ==",
            "license": "Apache-2.0",
            "engines": {
                "node": ">=8"
            }
        },
        "node_modules/vscode-jsonrpc": {
            "version": "8.2.1",
            "resolved": "https://registry.npmjs.org/vscode-jsonrpc/-/vscode-jsonrpc-8.2.1.tgz",
            "integrity": "sha512-kdjOSJ2lLIn7r1rtrMbbNCHjyMPfRnowdKjBQ+mGq6NAW5QY2bEZC/khaC5OR8svbbjvLEaIXkOq45e2X9BIbQ==",
            "license": "MIT",
            "engines": {
                "node": ">=14.0.0"
            }
        },
        "node_modules/zod": {
            "version": "4.4.3",
            "resolved": "https://registry.npmjs.org/zod/-/zod-4.4.3.tgz",
            "integrity": "sha512-ytENFjIJFl2UwYglde2jchW2Hwm4GJFLDiSXWdTrJQBIN9Fcyp7n4DhxJEiWNAJMV1/BqWfW/kkg71UDcHJyTQ==",
            "license": "MIT",
            "funding": {
                "url": "https://github.com/sponsors/colinhacks"
            }
        }
    }
}
