// !$*UTF8*$!
{
	archiveVersion = 1;
	classes = {
	};
	objectVersion = 52;
	objects = {

/* Begin PBXBuildFile section */
		0A6A5434268B82D0001006AF /* main.swift in Sources */ = {isa = PBXBuildFile; fileRef = 0A6A5433268B82D0001006AF /* main.swift */; };
		0A6A5441268B886D001006AF /* Logger.swift in Sources */ = {isa = PBXBuildFile; fileRef = 0A6A5440268B886D001006AF /* Logger.swift */; };
		0A6A5443268B88AE001006AF /* URL+Extensions.swift in Sources */ = {isa = PBXBuildFile; fileRef = 0A6A5442268B88AE001006AF /* URL+Extensions.swift */; };
		0A6A5445268B89DE001006AF /* APIViewManager.swift in Sources */ = {isa = PBXBuildFile; fileRef = 0A6A5444268B89DE001006AF /* APIViewManager.swift */; };
		0A6A5447268B8B4F001006AF /* CommandLineArguments.swift in Sources */ = {isa = PBXBuildFile; fileRef = 0A6A5446268B8B4E001006AF /* CommandLineArguments.swift */; };
		0A6A544A268B8EF9001006AF /* TokenFile.swift in Sources */ = {isa = PBXBuildFile; fileRef = 0A6A5449268B8EF9001006AF /* TokenFile.swift */; };
		0A6A544C268B8F67001006AF /* TokenItem.swift in Sources */ = {isa = PBXBuildFile; fileRef = 0A6A544B268B8F67001006AF /* TokenItem.swift */; };
		0A6A544E268B8F75001006AF /* NavigationItem.swift in Sources */ = {isa = PBXBuildFile; fileRef = 0A6A544D268B8F75001006AF /* NavigationItem.swift */; };
		0A6A5450268B91FC001006AF /* NavigationTags.swift in Sources */ = {isa = PBXBuildFile; fileRef = 0A6A544F268B91FC001006AF /* NavigationTags.swift */; };
		0A6A545B269CAD5A001006AF /* TypeModel.swift in Sources */ = {isa = PBXBuildFile; fileRef = 0A6A545A269CAD59001006AF /* TypeModel.swift */; };
		0A6A545E269CE223001006AF /* DeclarationModifier+Extensions.swift in Sources */ = {isa = PBXBuildFile; fileRef = 0A6A545D269CE223001006AF /* DeclarationModifier+Extensions.swift */; };
		0A6A546C269E2AE8001006AF /* SwiftAPIViewTests.swift in Sources */ = {isa = PBXBuildFile; fileRef = 0A6A546B269E2AE8001006AF /* SwiftAPIViewTests.swift */; };
		0A6A5474269E2B83001006AF /* SwiftAST in Frameworks */ = {isa = PBXBuildFile; productRef = 0A6A5473269E2B83001006AF /* SwiftAST */; };
		0A6A5476269E2B83001006AF /* SwiftAST+Tooling in Frameworks */ = {isa = PBXBuildFile; productRef = 0A6A5475269E2B83001006AF /* SwiftAST+Tooling */; };
		0A6A5478269F775B001006AF /* TestSwiftFile.swift in Sources */ = {isa = PBXBuildFile; fileRef = 0A6A5477269F775B001006AF /* TestSwiftFile.swift */; };
		0A6A547A269F8DA3001006AF /* Kind+Extensions.swift in Sources */ = {isa = PBXBuildFile; fileRef = 0A6A5479269F8DA3001006AF /* Kind+Extensions.swift */; };
		0A6A547C269F9A41001006AF /* PatternInitializer+Extensions.swift in Sources */ = {isa = PBXBuildFile; fileRef = 0A6A547B269F9A41001006AF /* PatternInitializer+Extensions.swift */; };
		0A6A547F26A0D296001006AF /* NavigationTokens.swift in Sources */ = {isa = PBXBuildFile; fileRef = 0A6A547E26A0D296001006AF /* NavigationTokens.swift */; };
/* End PBXBuildFile section */

/* Begin PBXCopyFilesBuildPhase section */
		0A6A542E268B82D0001006AF /* CopyFiles */ = {
			isa = PBXCopyFilesBuildPhase;
			buildActionMask = 2147483647;
			dstPath = /usr/share/man/man1/;
			dstSubfolderSpec = 0;
			files = (
			);
			runOnlyForDeploymentPostprocessing = 1;
		};
/* End PBXCopyFilesBuildPhase section */

/* Begin PBXFileReference section */
		0A6A5430268B82D0001006AF /* SwiftAPIView */ = {isa = PBXFileReference; explicitFileType = "compiled.mach-o.executable"; includeInIndex = 0; path = SwiftAPIView; sourceTree = BUILT_PRODUCTS_DIR; };
		0A6A5433268B82D0001006AF /* main.swift */ = {isa = PBXFileReference; lastKnownFileType = sourcecode.swift; path = main.swift; sourceTree = "<group>"; };
		0A6A543B268B845A001006AF /* Info.plist */ = {isa = PBXFileReference; fileEncoding = 4; lastKnownFileType = text.plist.xml; path = Info.plist; sourceTree = "<group>"; };
		0A6A5440268B886D001006AF /* Logger.swift */ = {isa = PBXFileReference; lastKnownFileType = sourcecode.swift; path = Logger.swift; sourceTree = "<group>"; };
		0A6A5442268B88AE001006AF /* URL+Extensions.swift */ = {isa = PBXFileReference; lastKnownFileType = sourcecode.swift; path = "URL+Extensions.swift"; sourceTree = "<group>"; };
		0A6A5444268B89DE001006AF /* APIViewManager.swift */ = {isa = PBXFileReference; lastKnownFileType = sourcecode.swift; path = APIViewManager.swift; sourceTree = "<group>"; };
		0A6A5446268B8B4E001006AF /* CommandLineArguments.swift */ = {isa = PBXFileReference; lastKnownFileType = sourcecode.swift; path = CommandLineArguments.swift; sourceTree = "<group>"; };
		0A6A5449268B8EF9001006AF /* TokenFile.swift */ = {isa = PBXFileReference; lastKnownFileType = sourcecode.swift; path = TokenFile.swift; sourceTree = "<group>"; };
		0A6A544B268B8F67001006AF /* TokenItem.swift */ = {isa = PBXFileReference; lastKnownFileType = sourcecode.swift; path = TokenItem.swift; sourceTree = "<group>"; };
		0A6A544D268B8F75001006AF /* NavigationItem.swift */ = {isa = PBXFileReference; lastKnownFileType = sourcecode.swift; path = NavigationItem.swift; sourceTree = "<group>"; };
		0A6A544F268B91FC001006AF /* NavigationTags.swift */ = {isa = PBXFileReference; lastKnownFileType = sourcecode.swift; path = NavigationTags.swift; sourceTree = "<group>"; };
		0A6A545A269CAD59001006AF /* TypeModel.swift */ = {isa = PBXFileReference; lastKnownFileType = sourcecode.swift; path = TypeModel.swift; sourceTree = "<group>"; };
		0A6A545D269CE223001006AF /* DeclarationModifier+Extensions.swift */ = {isa = PBXFileReference; lastKnownFileType = sourcecode.swift; path = "DeclarationModifier+Extensions.swift"; sourceTree = "<group>"; };
		0A6A545F269E2589001006AF /* README.md */ = {isa = PBXFileReference; lastKnownFileType = net.daringfireball.markdown; path = README.md; sourceTree = "<group>"; };
		0A6A5469269E2AE8001006AF /* SwiftAPIViewTests.xctest */ = {isa = PBXFileReference; explicitFileType = wrapper.cfbundle; includeInIndex = 0; path = SwiftAPIViewTests.xctest; sourceTree = BUILT_PRODUCTS_DIR; };
		0A6A546B269E2AE8001006AF /* SwiftAPIViewTests.swift */ = {isa = PBXFileReference; lastKnownFileType = sourcecode.swift; path = SwiftAPIViewTests.swift; sourceTree = "<group>"; };
		0A6A546D269E2AE8001006AF /* Info.plist */ = {isa = PBXFileReference; lastKnownFileType = text.plist.xml; path = Info.plist; sourceTree = "<group>"; };
		0A6A5477269F775B001006AF /* TestSwiftFile.swift */ = {isa = PBXFileReference; lastKnownFileType = sourcecode.swift; path = TestSwiftFile.swift; sourceTree = "<group>"; };
		0A6A5479269F8DA3001006AF /* Kind+Extensions.swift */ = {isa = PBXFileReference; lastKnownFileType = sourcecode.swift; path = "Kind+Extensions.swift"; sourceTree = "<group>"; };
		0A6A547B269F9A41001006AF /* PatternInitializer+Extensions.swift */ = {isa = PBXFileReference; lastKnownFileType = sourcecode.swift; path = "PatternInitializer+Extensions.swift"; sourceTree = "<group>"; };
		0A6A547E26A0D296001006AF /* NavigationTokens.swift */ = {isa = PBXFileReference; lastKnownFileType = sourcecode.swift; path = NavigationTokens.swift; sourceTree = "<group>"; };
/* End PBXFileReference section */

/* Begin PBXFrameworksBuildPhase section */
		0A6A542D268B82D0001006AF /* Frameworks */ = {
			isa = PBXFrameworksBuildPhase;
			buildActionMask = 2147483647;
			files = (
				0A6A5476269E2B83001006AF /* SwiftAST+Tooling in Frameworks */,
				0A6A5474269E2B83001006AF /* SwiftAST in Frameworks */,
			);
			runOnlyForDeploymentPostprocessing = 0;
		};
		0A6A5466269E2AE8001006AF /* Frameworks */ = {
			isa = PBXFrameworksBuildPhase;
			buildActionMask = 2147483647;
			files = (
			);
			runOnlyForDeploymentPostprocessing = 0;
		};
/* End PBXFrameworksBuildPhase section */

/* Begin PBXGroup section */
		0A6A5427268B82D0001006AF = {
			isa = PBXGroup;
			children = (
				0A6A545F269E2589001006AF /* README.md */,
				0A6A543B268B845A001006AF /* Info.plist */,
				0A6A5432268B82D0001006AF /* Sources */,
				0A6A546A269E2AE8001006AF /* Tests */,
				0A6A5431268B82D0001006AF /* Products */,
				6F4C0E2E04E03C6B3145C4A1 /* Frameworks */,
			);
			sourceTree = "<group>";
		};
		0A6A5431268B82D0001006AF /* Products */ = {
			isa = PBXGroup;
			children = (
				0A6A5430268B82D0001006AF /* SwiftAPIView */,
				0A6A5469269E2AE8001006AF /* SwiftAPIViewTests.xctest */,
			);
			name = Products;
			sourceTree = "<group>";
		};
		0A6A5432268B82D0001006AF /* Sources */ = {
			isa = PBXGroup;
			children = (
				0A6A545C269CE213001006AF /* Extensions */,
				0A6A547D26A0D280001006AF /* TokenGeneration */,
				0A6A5448268B8EED001006AF /* Models */,
				0A6A543F268B8862001006AF /* Util */,
				0A6A5433268B82D0001006AF /* main.swift */,
				0A6A5444268B89DE001006AF /* APIViewManager.swift */,
				0A6A5446268B8B4E001006AF /* CommandLineArguments.swift */,
			);
			path = Sources;
			sourceTree = "<group>";
		};
		0A6A543F268B8862001006AF /* Util */ = {
			isa = PBXGroup;
			children = (
				0A6A5440268B886D001006AF /* Logger.swift */,
				0A6A5442268B88AE001006AF /* URL+Extensions.swift */,
			);
			path = Util;
			sourceTree = "<group>";
		};
		0A6A5448268B8EED001006AF /* Models */ = {
			isa = PBXGroup;
			children = (
				0A6A544D268B8F75001006AF /* NavigationItem.swift */,
				0A6A544F268B91FC001006AF /* NavigationTags.swift */,
				0A6A5449268B8EF9001006AF /* TokenFile.swift */,
				0A6A544B268B8F67001006AF /* TokenItem.swift */,
				0A6A545A269CAD59001006AF /* TypeModel.swift */,
			);
			path = Models;
			sourceTree = "<group>";
		};
		0A6A545C269CE213001006AF /* Extensions */ = {
			isa = PBXGroup;
			children = (
				0A6A545D269CE223001006AF /* DeclarationModifier+Extensions.swift */,
				0A6A5479269F8DA3001006AF /* Kind+Extensions.swift */,
				0A6A547B269F9A41001006AF /* PatternInitializer+Extensions.swift */,
			);
			path = Extensions;
			sourceTree = "<group>";
		};
		0A6A546A269E2AE8001006AF /* Tests */ = {
			isa = PBXGroup;
			children = (
				0A6A5477269F775B001006AF /* TestSwiftFile.swift */,
				0A6A546B269E2AE8001006AF /* SwiftAPIViewTests.swift */,
				0A6A546D269E2AE8001006AF /* Info.plist */,
			);
			path = Tests;
			sourceTree = "<group>";
		};
		0A6A547D26A0D280001006AF /* TokenGeneration */ = {
			isa = PBXGroup;
			children = (
				0A6A547E26A0D296001006AF /* NavigationTokens.swift */,
			);
			path = TokenGeneration;
			sourceTree = "<group>";
		};
		6F4C0E2E04E03C6B3145C4A1 /* Frameworks */ = {
			isa = PBXGroup;
			children = (
			);
			name = Frameworks;
			sourceTree = "<group>";
		};
/* End PBXGroup section */

/* Begin PBXNativeTarget section */
		0A6A542F268B82D0001006AF /* SwiftAPIView */ = {
			isa = PBXNativeTarget;
			buildConfigurationList = 0A6A5437268B82D0001006AF /* Build configuration list for PBXNativeTarget "SwiftAPIView" */;
			buildPhases = (
				0A6A542C268B82D0001006AF /* Sources */,
				0A6A542D268B82D0001006AF /* Frameworks */,
				0A6A542E268B82D0001006AF /* CopyFiles */,
			);
			buildRules = (
			);
			dependencies = (
			);
			name = SwiftAPIView;
			packageProductDependencies = (
				0A6A5473269E2B83001006AF /* SwiftAST */,
				0A6A5475269E2B83001006AF /* SwiftAST+Tooling */,
			);
			productName = SwiftAPIView;
			productReference = 0A6A5430268B82D0001006AF /* SwiftAPIView */;
			productType = "com.apple.product-type.tool";
		};
		0A6A5468269E2AE8001006AF /* SwiftAPIViewTests */ = {
			isa = PBXNativeTarget;
			buildConfigurationList = 0A6A546E269E2AE8001006AF /* Build configuration list for PBXNativeTarget "SwiftAPIViewTests" */;
			buildPhases = (
				0A6A5465269E2AE8001006AF /* Sources */,
				0A6A5466269E2AE8001006AF /* Frameworks */,
				0A6A5467269E2AE8001006AF /* Resources */,
			);
			buildRules = (
			);
			dependencies = (
			);
			name = SwiftAPIViewTests;
			productName = SwiftAPIViewTests;
			productReference = 0A6A5469269E2AE8001006AF /* SwiftAPIViewTests.xctest */;
			productType = "com.apple.product-type.bundle.unit-test";
		};
/* End PBXNativeTarget section */

/* Begin PBXProject section */
		0A6A5428268B82D0001006AF /* Project object */ = {
			isa = PBXProject;
			attributes = {
				LastSwiftUpdateCheck = 1250;
				LastUpgradeCheck = 1250;
				TargetAttributes = {
					0A6A542F268B82D0001006AF = {
						CreatedOnToolsVersion = 12.5.1;
					};
					0A6A5468269E2AE8001006AF = {
						CreatedOnToolsVersion = 12.5.1;
					};
				};
			};
			buildConfigurationList = 0A6A542B268B82D0001006AF /* Build configuration list for PBXProject "SwiftAPIView" */;
			compatibilityVersion = "Xcode 9.3";
			developmentRegion = en;
			hasScannedForEncodings = 0;
			knownRegions = (
				en,
				Base,
			);
			mainGroup = 0A6A5427268B82D0001006AF;
			packageReferences = (
				0A6A5472269E2B83001006AF /* XCRemoteSwiftPackageReference "swift-ast" */,
			);
			productRefGroup = 0A6A5431268B82D0001006AF /* Products */;
			projectDirPath = "";
			projectRoot = "";
			targets = (
				0A6A542F268B82D0001006AF /* SwiftAPIView */,
				0A6A5468269E2AE8001006AF /* SwiftAPIViewTests */,
			);
		};
/* End PBXProject section */

/* Begin PBXResourcesBuildPhase section */
		0A6A5467269E2AE8001006AF /* Resources */ = {
			isa = PBXResourcesBuildPhase;
			buildActionMask = 2147483647;
			files = (
			);
			runOnlyForDeploymentPostprocessing = 0;
		};
/* End PBXResourcesBuildPhase section */

/* Begin PBXSourcesBuildPhase section */
		0A6A542C268B82D0001006AF /* Sources */ = {
			isa = PBXSourcesBuildPhase;
			buildActionMask = 2147483647;
			files = (
				0A6A545B269CAD5A001006AF /* TypeModel.swift in Sources */,
				0A6A547C269F9A41001006AF /* PatternInitializer+Extensions.swift in Sources */,
				0A6A547F26A0D296001006AF /* NavigationTokens.swift in Sources */,
				0A6A5450268B91FC001006AF /* NavigationTags.swift in Sources */,
				0A6A5447268B8B4F001006AF /* CommandLineArguments.swift in Sources */,
				0A6A544A268B8EF9001006AF /* TokenFile.swift in Sources */,
				0A6A544C268B8F67001006AF /* TokenItem.swift in Sources */,
				0A6A5434268B82D0001006AF /* main.swift in Sources */,
				0A6A545E269CE223001006AF /* DeclarationModifier+Extensions.swift in Sources */,
				0A6A5478269F775B001006AF /* TestSwiftFile.swift in Sources */,
				0A6A5443268B88AE001006AF /* URL+Extensions.swift in Sources */,
				0A6A5445268B89DE001006AF /* APIViewManager.swift in Sources */,
				0A6A544E268B8F75001006AF /* NavigationItem.swift in Sources */,
				0A6A5441268B886D001006AF /* Logger.swift in Sources */,
				0A6A547A269F8DA3001006AF /* Kind+Extensions.swift in Sources */,
			);
			runOnlyForDeploymentPostprocessing = 0;
		};
		0A6A5465269E2AE8001006AF /* Sources */ = {
			isa = PBXSourcesBuildPhase;
			buildActionMask = 2147483647;
			files = (
				0A6A546C269E2AE8001006AF /* SwiftAPIViewTests.swift in Sources */,
			);
			runOnlyForDeploymentPostprocessing = 0;
		};
/* End PBXSourcesBuildPhase section */

/* Begin XCBuildConfiguration section */
		0A6A5435268B82D0001006AF /* Debug */ = {
			isa = XCBuildConfiguration;
			buildSettings = {
				ALWAYS_SEARCH_USER_PATHS = NO;
				CLANG_ANALYZER_NONNULL = YES;
				CLANG_ANALYZER_NUMBER_OBJECT_CONVERSION = YES_AGGRESSIVE;
				CLANG_CXX_LANGUAGE_STANDARD = "gnu++14";
				CLANG_CXX_LIBRARY = "libc++";
				CLANG_ENABLE_MODULES = YES;
				CLANG_ENABLE_OBJC_ARC = YES;
				CLANG_ENABLE_OBJC_WEAK = YES;
				CLANG_WARN_BLOCK_CAPTURE_AUTORELEASING = YES;
				CLANG_WARN_BOOL_CONVERSION = YES;
				CLANG_WARN_COMMA = YES;
				CLANG_WARN_CONSTANT_CONVERSION = YES;
				CLANG_WARN_DEPRECATED_OBJC_IMPLEMENTATIONS = YES;
				CLANG_WARN_DIRECT_OBJC_ISA_USAGE = YES_ERROR;
				CLANG_WARN_DOCUMENTATION_COMMENTS = YES;
				CLANG_WARN_EMPTY_BODY = YES;
				CLANG_WARN_ENUM_CONVERSION = YES;
				CLANG_WARN_INFINITE_RECURSION = YES;
				CLANG_WARN_INT_CONVERSION = YES;
				CLANG_WARN_NON_LITERAL_NULL_CONVERSION = YES;
				CLANG_WARN_OBJC_IMPLICIT_RETAIN_SELF = YES;
				CLANG_WARN_OBJC_LITERAL_CONVERSION = YES;
				CLANG_WARN_OBJC_ROOT_CLASS = YES_ERROR;
				CLANG_WARN_QUOTED_INCLUDE_IN_FRAMEWORK_HEADER = YES;
				CLANG_WARN_RANGE_LOOP_ANALYSIS = YES;
				CLANG_WARN_STRICT_PROTOTYPES = YES;
				CLANG_WARN_SUSPICIOUS_MOVE = YES;
				CLANG_WARN_UNGUARDED_AVAILABILITY = YES_AGGRESSIVE;
				CLANG_WARN_UNREACHABLE_CODE = YES;
				CLANG_WARN__DUPLICATE_METHOD_MATCH = YES;
				COPY_PHASE_STRIP = NO;
				DEBUG_INFORMATION_FORMAT = dwarf;
				ENABLE_STRICT_OBJC_MSGSEND = YES;
				ENABLE_TESTABILITY = YES;
				GCC_C_LANGUAGE_STANDARD = gnu11;
				GCC_DYNAMIC_NO_PIC = NO;
				GCC_NO_COMMON_BLOCKS = YES;
				GCC_OPTIMIZATION_LEVEL = 0;
				GCC_PREPROCESSOR_DEFINITIONS = (
					"DEBUG=1",
					"$(inherited)",
				);
				GCC_WARN_64_TO_32_BIT_CONVERSION = YES;
				GCC_WARN_ABOUT_RETURN_TYPE = YES_ERROR;
				GCC_WARN_UNDECLARED_SELECTOR = YES;
				GCC_WARN_UNINITIALIZED_AUTOS = YES_AGGRESSIVE;
				GCC_WARN_UNUSED_FUNCTION = YES;
				GCC_WARN_UNUSED_VARIABLE = YES;
				MACOSX_DEPLOYMENT_TARGET = 11.3;
				MTL_ENABLE_DEBUG_INFO = INCLUDE_SOURCE;
				MTL_FAST_MATH = YES;
				ONLY_ACTIVE_ARCH = YES;
				SDKROOT = macosx;
				SWIFT_ACTIVE_COMPILATION_CONDITIONS = DEBUG;
				SWIFT_OPTIMIZATION_LEVEL = "-Onone";
			};
			name = Debug;
		};
		0A6A5436268B82D0001006AF /* Release */ = {
			isa = XCBuildConfiguration;
			buildSettings = {
				ALWAYS_SEARCH_USER_PATHS = NO;
				CLANG_ANALYZER_NONNULL = YES;
				CLANG_ANALYZER_NUMBER_OBJECT_CONVERSION = YES_AGGRESSIVE;
				CLANG_CXX_LANGUAGE_STANDARD = "gnu++14";
				CLANG_CXX_LIBRARY = "libc++";
				CLANG_ENABLE_MODULES = YES;
				CLANG_ENABLE_OBJC_ARC = YES;
				CLANG_ENABLE_OBJC_WEAK = YES;
				CLANG_WARN_BLOCK_CAPTURE_AUTORELEASING = YES;
				CLANG_WARN_BOOL_CONVERSION = YES;
				CLANG_WARN_COMMA = YES;
				CLANG_WARN_CONSTANT_CONVERSION = YES;
				CLANG_WARN_DEPRECATED_OBJC_IMPLEMENTATIONS = YES;
				CLANG_WARN_DIRECT_OBJC_ISA_USAGE = YES_ERROR;
				CLANG_WARN_DOCUMENTATION_COMMENTS = YES;
				CLANG_WARN_EMPTY_BODY = YES;
				CLANG_WARN_ENUM_CONVERSION = YES;
				CLANG_WARN_INFINITE_RECURSION = YES;
				CLANG_WARN_INT_CONVERSION = YES;
				CLANG_WARN_NON_LITERAL_NULL_CONVERSION = YES;
				CLANG_WARN_OBJC_IMPLICIT_RETAIN_SELF = YES;
				CLANG_WARN_OBJC_LITERAL_CONVERSION = YES;
				CLANG_WARN_OBJC_ROOT_CLASS = YES_ERROR;
				CLANG_WARN_QUOTED_INCLUDE_IN_FRAMEWORK_HEADER = YES;
				CLANG_WARN_RANGE_LOOP_ANALYSIS = YES;
				CLANG_WARN_STRICT_PROTOTYPES = YES;
				CLANG_WARN_SUSPICIOUS_MOVE = YES;
				CLANG_WARN_UNGUARDED_AVAILABILITY = YES_AGGRESSIVE;
				CLANG_WARN_UNREACHABLE_CODE = YES;
				CLANG_WARN__DUPLICATE_METHOD_MATCH = YES;
				COPY_PHASE_STRIP = NO;
				DEBUG_INFORMATION_FORMAT = "dwarf-with-dsym";
				ENABLE_NS_ASSERTIONS = NO;
				ENABLE_STRICT_OBJC_MSGSEND = YES;
				GCC_C_LANGUAGE_STANDARD = gnu11;
				GCC_NO_COMMON_BLOCKS = YES;
				GCC_WARN_64_TO_32_BIT_CONVERSION = YES;
				GCC_WARN_ABOUT_RETURN_TYPE = YES_ERROR;
				GCC_WARN_UNDECLARED_SELECTOR = YES;
				GCC_WARN_UNINITIALIZED_AUTOS = YES_AGGRESSIVE;
				GCC_WARN_UNUSED_FUNCTION = YES;
				GCC_WARN_UNUSED_VARIABLE = YES;
				MACOSX_DEPLOYMENT_TARGET = 11.3;
				MTL_ENABLE_DEBUG_INFO = NO;
				MTL_FAST_MATH = YES;
				SDKROOT = macosx;
				SWIFT_COMPILATION_MODE = wholemodule;
				SWIFT_OPTIMIZATION_LEVEL = "-O";
			};
			name = Release;
		};
		0A6A5438268B82D0001006AF /* Debug */ = {
			isa = XCBuildConfiguration;
			buildSettings = {
				CODE_SIGN_IDENTITY = "-";
				CODE_SIGN_STYLE = Automatic;
				DEVELOPMENT_TEAM = ZQB5E94758;
				ENABLE_HARDENED_RUNTIME = YES;
				INFOPLIST_FILE = "$(SRCROOT)/Info.plist";
				PRODUCT_BUNDLE_IDENTIFIER = com.microsoft.SwiftAPIView;
				PRODUCT_NAME = "$(TARGET_NAME)";
				SWIFT_VERSION = 5.0;
			};
			name = Debug;
		};
		0A6A5439268B82D0001006AF /* Release */ = {
			isa = XCBuildConfiguration;
			buildSettings = {
				CODE_SIGN_IDENTITY = "-";
				CODE_SIGN_STYLE = Automatic;
				DEVELOPMENT_TEAM = ZQB5E94758;
				ENABLE_HARDENED_RUNTIME = YES;
				INFOPLIST_FILE = "$(SRCROOT)/Info.plist";
				PRODUCT_BUNDLE_IDENTIFIER = com.microsoft.SwiftAPIView;
				PRODUCT_NAME = "$(TARGET_NAME)";
				PROVISIONING_PROFILE_SPECIFIER = "";
				SWIFT_VERSION = 5.0;
			};
			name = Release;
		};
		0A6A546F269E2AE8001006AF /* Debug */ = {
			isa = XCBuildConfiguration;
			buildSettings = {
				CODE_SIGN_STYLE = Automatic;
				COMBINE_HIDPI_IMAGES = YES;
				DEVELOPMENT_TEAM = UBF8T346G9;
				INFOPLIST_FILE = SwiftAPIViewTests/Info.plist;
				LD_RUNPATH_SEARCH_PATHS = (
					"$(inherited)",
					"@executable_path/../Frameworks",
					"@loader_path/../Frameworks",
				);
				PRODUCT_BUNDLE_IDENTIFIER = com.microsoft.azure.SwiftAPIViewTests;
				PRODUCT_NAME = "$(TARGET_NAME)";
				SWIFT_VERSION = 5.0;
			};
			name = Debug;
		};
		0A6A5470269E2AE8001006AF /* Release */ = {
			isa = XCBuildConfiguration;
			buildSettings = {
				CODE_SIGN_STYLE = Automatic;
				COMBINE_HIDPI_IMAGES = YES;
				DEVELOPMENT_TEAM = UBF8T346G9;
				INFOPLIST_FILE = SwiftAPIViewTests/Info.plist;
				LD_RUNPATH_SEARCH_PATHS = (
					"$(inherited)",
					"@executable_path/../Frameworks",
					"@loader_path/../Frameworks",
				);
				PRODUCT_BUNDLE_IDENTIFIER = com.microsoft.azure.SwiftAPIViewTests;
				PRODUCT_NAME = "$(TARGET_NAME)";
				SWIFT_VERSION = 5.0;
			};
			name = Release;
		};
/* End XCBuildConfiguration section */

/* Begin XCConfigurationList section */
		0A6A542B268B82D0001006AF /* Build configuration list for PBXProject "SwiftAPIView" */ = {
			isa = XCConfigurationList;
			buildConfigurations = (
				0A6A5435268B82D0001006AF /* Debug */,
				0A6A5436268B82D0001006AF /* Release */,
			);
			defaultConfigurationIsVisible = 0;
			defaultConfigurationName = Release;
		};
		0A6A5437268B82D0001006AF /* Build configuration list for PBXNativeTarget "SwiftAPIView" */ = {
			isa = XCConfigurationList;
			buildConfigurations = (
				0A6A5438268B82D0001006AF /* Debug */,
				0A6A5439268B82D0001006AF /* Release */,
			);
			defaultConfigurationIsVisible = 0;
			defaultConfigurationName = Release;
		};
		0A6A546E269E2AE8001006AF /* Build configuration list for PBXNativeTarget "SwiftAPIViewTests" */ = {
			isa = XCConfigurationList;
			buildConfigurations = (
				0A6A546F269E2AE8001006AF /* Debug */,
				0A6A5470269E2AE8001006AF /* Release */,
			);
			defaultConfigurationIsVisible = 0;
			defaultConfigurationName = Release;
		};
/* End XCConfigurationList section */

/* Begin XCRemoteSwiftPackageReference section */
		0A6A5472269E2B83001006AF /* XCRemoteSwiftPackageReference "swift-ast" */ = {
			isa = XCRemoteSwiftPackageReference;
			repositoryURL = "https://github.com/yanagiba/swift-ast";
			requirement = {
				kind = upToNextMajorVersion;
				minimumVersion = 0.19.9;
			};
		};
/* End XCRemoteSwiftPackageReference section */

/* Begin XCSwiftPackageProductDependency section */
		0A6A5473269E2B83001006AF /* SwiftAST */ = {
			isa = XCSwiftPackageProductDependency;
			package = 0A6A5472269E2B83001006AF /* XCRemoteSwiftPackageReference "swift-ast" */;
			productName = SwiftAST;
		};
		0A6A5475269E2B83001006AF /* SwiftAST+Tooling */ = {
			isa = XCSwiftPackageProductDependency;
			package = 0A6A5472269E2B83001006AF /* XCRemoteSwiftPackageReference "swift-ast" */;
			productName = "SwiftAST+Tooling";
		};
/* End XCSwiftPackageProductDependency section */
	};
	rootObject = 0A6A5428268B82D0001006AF /* Project object */;
}
