
Microsoft Visual Studio Solution File, Format Version 12.00
# Visual Studio Version 17
VisualStudioVersion = 17.7.34009.444
MinimumVisualStudioVersion = 10.0.40219.1
Project("{9A19103F-16F7-4668-BE54-9A1E7A4F7556}") = "Hello.Cdk", "Hello.Cdk\src\Hello.Cdk.csproj", "{C0FC0045-615F-4A76-842F-10D10F8B17BC}"
EndProject
Project("{9A19103F-16F7-4668-BE54-9A1E7A4F7556}") = "Cdk.Core", "Cdk.Core\src\Cdk.Core.csproj", "{F7324F23-52A3-4ECB-8AE8-D5FBBB7DBB13}"
EndProject
Global
	GlobalSection(SolutionConfigurationPlatforms) = preSolution
		Debug|Any CPU = Debug|Any CPU
		Release|Any CPU = Release|Any CPU
	EndGlobalSection
	GlobalSection(ProjectConfigurationPlatforms) = postSolution
		{C0FC0045-615F-4A76-842F-10D10F8B17BC}.Debug|Any CPU.ActiveCfg = Debug|Any CPU
		{C0FC0045-615F-4A76-842F-10D10F8B17BC}.Debug|Any CPU.Build.0 = Debug|Any CPU
		{C0FC0045-615F-4A76-842F-10D10F8B17BC}.Release|Any CPU.ActiveCfg = Release|Any CPU
		{C0FC0045-615F-4A76-842F-10D10F8B17BC}.Release|Any CPU.Build.0 = Release|Any CPU
		{F7324F23-52A3-4ECB-8AE8-D5FBBB7DBB13}.Debug|Any CPU.ActiveCfg = Debug|Any CPU
		{F7324F23-52A3-4ECB-8AE8-D5FBBB7DBB13}.Debug|Any CPU.Build.0 = Debug|Any CPU
		{F7324F23-52A3-4ECB-8AE8-D5FBBB7DBB13}.Release|Any CPU.ActiveCfg = Release|Any CPU
		{F7324F23-52A3-4ECB-8AE8-D5FBBB7DBB13}.Release|Any CPU.Build.0 = Release|Any CPU
	EndGlobalSection
	GlobalSection(SolutionProperties) = preSolution
		HideSolutionNode = FALSE
	EndGlobalSection
	GlobalSection(ExtensibilityGlobals) = postSolution
		SolutionGuid = {7CB2D417-323C-4A66-9355-26459881303F}
	EndGlobalSection
EndGlobal
