
Microsoft Visual Studio Solution File, Format Version 12.00
# Visual Studio Version 17
VisualStudioVersion = 17.0.31912.275
MinimumVisualStudioVersion = 10.0.40219.1
Project("{9A19103F-16F7-4668-BE54-9A1E7A4F7556}") = "Azure.Sdk.Tools.IdentityResolver", "Azure.Sdk.Tools.IdentityResolver.csproj", "{F45A511B-2B44-4345-BB93-CE25E5E927CA}"
EndProject
Global
	GlobalSection(SolutionConfigurationPlatforms) = preSolution
		Debug|Any CPU = Debug|Any CPU
		Release|Any CPU = Release|Any CPU
	EndGlobalSection
	GlobalSection(ProjectConfigurationPlatforms) = postSolution
		{F45A511B-2B44-4345-BB93-CE25E5E927CA}.Debug|Any CPU.ActiveCfg = Debug|Any CPU
		{F45A511B-2B44-4345-BB93-CE25E5E927CA}.Debug|Any CPU.Build.0 = Debug|Any CPU
		{F45A511B-2B44-4345-BB93-CE25E5E927CA}.Release|Any CPU.ActiveCfg = Release|Any CPU
		{F45A511B-2B44-4345-BB93-CE25E5E927CA}.Release|Any CPU.Build.0 = Release|Any CPU
	EndGlobalSection
	GlobalSection(SolutionProperties) = preSolution
		HideSolutionNode = FALSE
	EndGlobalSection
	GlobalSection(ExtensibilityGlobals) = postSolution
		SolutionGuid = {397373AE-C377-4AB0-A8FE-E6C0A4CA66B2}
	EndGlobalSection
EndGlobal
