
Microsoft Visual Studio Solution File, Format Version 12.00
# Visual Studio Version 17
VisualStudioVersion = 17.3.32929.385
MinimumVisualStudioVersion = 10.0.40219.1
Project("{9A19103F-16F7-4668-BE54-9A1E7A4F7556}") = "Azure.Sdk.Tools.GitHubEventProcessor", "Azure.Sdk.Tools.GitHubEventProcessor\Azure.Sdk.Tools.GitHubEventProcessor.csproj", "{CF5AED50-110D-401B-9557-DD7EFE095BD1}"
EndProject
Project("{9A19103F-16F7-4668-BE54-9A1E7A4F7556}") = "Azure.Sdk.Tools.GitHubEventProcessor.Tests", "Azure.Sdk.Tools.GitHubEventProcessor.Tests\Azure.Sdk.Tools.GitHubEventProcessor.Tests.csproj", "{7BB40AA1-FEC1-44E4-AB17-962859BB69C9}"
EndProject
Project("{9A19103F-16F7-4668-BE54-9A1E7A4F7556}") = "Azure.Sdk.Tools.CodeownersUtils", "..\codeowners-utils\Azure.Sdk.Tools.CodeownersUtils\Azure.Sdk.Tools.CodeownersUtils.csproj", "{D0BC4510-08B6-4401-BC03-ED3674C1082D}"
EndProject
Global
	GlobalSection(SolutionConfigurationPlatforms) = preSolution
		Debug|Any CPU = Debug|Any CPU
		Release|Any CPU = Release|Any CPU
	EndGlobalSection
	GlobalSection(ProjectConfigurationPlatforms) = postSolution
		{CF5AED50-110D-401B-9557-DD7EFE095BD1}.Debug|Any CPU.ActiveCfg = Debug|Any CPU
		{CF5AED50-110D-401B-9557-DD7EFE095BD1}.Debug|Any CPU.Build.0 = Debug|Any CPU
		{CF5AED50-110D-401B-9557-DD7EFE095BD1}.Release|Any CPU.ActiveCfg = Release|Any CPU
		{CF5AED50-110D-401B-9557-DD7EFE095BD1}.Release|Any CPU.Build.0 = Release|Any CPU
		{7BB40AA1-FEC1-44E4-AB17-962859BB69C9}.Debug|Any CPU.ActiveCfg = Debug|Any CPU
		{7BB40AA1-FEC1-44E4-AB17-962859BB69C9}.Debug|Any CPU.Build.0 = Debug|Any CPU
		{7BB40AA1-FEC1-44E4-AB17-962859BB69C9}.Release|Any CPU.ActiveCfg = Release|Any CPU
		{7BB40AA1-FEC1-44E4-AB17-962859BB69C9}.Release|Any CPU.Build.0 = Release|Any CPU
		{D0BC4510-08B6-4401-BC03-ED3674C1082D}.Debug|Any CPU.ActiveCfg = Debug|Any CPU
		{D0BC4510-08B6-4401-BC03-ED3674C1082D}.Debug|Any CPU.Build.0 = Debug|Any CPU
		{D0BC4510-08B6-4401-BC03-ED3674C1082D}.Release|Any CPU.ActiveCfg = Release|Any CPU
		{D0BC4510-08B6-4401-BC03-ED3674C1082D}.Release|Any CPU.Build.0 = Release|Any CPU
	EndGlobalSection
	GlobalSection(SolutionProperties) = preSolution
		HideSolutionNode = FALSE
	EndGlobalSection
	GlobalSection(ExtensibilityGlobals) = postSolution
		SolutionGuid = {E8E64D21-3E1C-4CC2-97B0-70F945A7668E}
	EndGlobalSection
EndGlobal
