
Microsoft Visual Studio Solution File, Format Version 12.00
# Visual Studio Version 17
VisualStudioVersion = 17.5.33103.201
MinimumVisualStudioVersion = 15.0.26124.0
Project("{9A19103F-16F7-4668-BE54-9A1E7A4F7556}") = "Stress.Generator", "Stress.Generator\Stress.Generator.csproj", "{DC8650BF-ACF0-4B82-BF15-B782331AAAD1}"
EndProject
Project("{9A19103F-16F7-4668-BE54-9A1E7A4F7556}") = "Stress.Generator.Tests", "Stress.Generator.Tests\Stress.Generator.Tests.csproj", "{98254509-20FD-4CAC-91D4-F880C6C50300}"
EndProject
Project("{2150E333-8FDC-42A3-9474-1A3956D46DE8}") = "Solution Items", "Solution Items", "{6870591F-AB47-4A08-B367-B3ECAC4C0CA7}"
	ProjectSection(SolutionItems) = preProject
		ci.yml = ci.yml
	EndProjectSection
EndProject
Global
	GlobalSection(SolutionConfigurationPlatforms) = preSolution
		Debug|Any CPU = Debug|Any CPU
		Debug|x64 = Debug|x64
		Debug|x86 = Debug|x86
		Release|Any CPU = Release|Any CPU
		Release|x64 = Release|x64
		Release|x86 = Release|x86
	EndGlobalSection
	GlobalSection(ProjectConfigurationPlatforms) = postSolution
		{DC8650BF-ACF0-4B82-BF15-B782331AAAD1}.Debug|Any CPU.ActiveCfg = Debug|Any CPU
		{DC8650BF-ACF0-4B82-BF15-B782331AAAD1}.Debug|Any CPU.Build.0 = Debug|Any CPU
		{DC8650BF-ACF0-4B82-BF15-B782331AAAD1}.Debug|x64.ActiveCfg = Debug|Any CPU
		{DC8650BF-ACF0-4B82-BF15-B782331AAAD1}.Debug|x64.Build.0 = Debug|Any CPU
		{DC8650BF-ACF0-4B82-BF15-B782331AAAD1}.Debug|x86.ActiveCfg = Debug|Any CPU
		{DC8650BF-ACF0-4B82-BF15-B782331AAAD1}.Debug|x86.Build.0 = Debug|Any CPU
		{DC8650BF-ACF0-4B82-BF15-B782331AAAD1}.Release|Any CPU.ActiveCfg = Release|Any CPU
		{DC8650BF-ACF0-4B82-BF15-B782331AAAD1}.Release|Any CPU.Build.0 = Release|Any CPU
		{DC8650BF-ACF0-4B82-BF15-B782331AAAD1}.Release|x64.ActiveCfg = Release|Any CPU
		{DC8650BF-ACF0-4B82-BF15-B782331AAAD1}.Release|x64.Build.0 = Release|Any CPU
		{DC8650BF-ACF0-4B82-BF15-B782331AAAD1}.Release|x86.ActiveCfg = Release|Any CPU
		{DC8650BF-ACF0-4B82-BF15-B782331AAAD1}.Release|x86.Build.0 = Release|Any CPU
		{98254509-20FD-4CAC-91D4-F880C6C50300}.Debug|Any CPU.ActiveCfg = Debug|Any CPU
		{98254509-20FD-4CAC-91D4-F880C6C50300}.Debug|Any CPU.Build.0 = Debug|Any CPU
		{98254509-20FD-4CAC-91D4-F880C6C50300}.Debug|x64.ActiveCfg = Debug|Any CPU
		{98254509-20FD-4CAC-91D4-F880C6C50300}.Debug|x64.Build.0 = Debug|Any CPU
		{98254509-20FD-4CAC-91D4-F880C6C50300}.Debug|x86.ActiveCfg = Debug|Any CPU
		{98254509-20FD-4CAC-91D4-F880C6C50300}.Debug|x86.Build.0 = Debug|Any CPU
		{98254509-20FD-4CAC-91D4-F880C6C50300}.Release|Any CPU.ActiveCfg = Release|Any CPU
		{98254509-20FD-4CAC-91D4-F880C6C50300}.Release|Any CPU.Build.0 = Release|Any CPU
		{98254509-20FD-4CAC-91D4-F880C6C50300}.Release|x64.ActiveCfg = Release|Any CPU
		{98254509-20FD-4CAC-91D4-F880C6C50300}.Release|x64.Build.0 = Release|Any CPU
		{98254509-20FD-4CAC-91D4-F880C6C50300}.Release|x86.ActiveCfg = Release|Any CPU
		{98254509-20FD-4CAC-91D4-F880C6C50300}.Release|x86.Build.0 = Release|Any CPU
	EndGlobalSection
	GlobalSection(SolutionProperties) = preSolution
		HideSolutionNode = FALSE
	EndGlobalSection
EndGlobal
