
Microsoft Visual Studio Solution File, Format Version 12.00
# Visual Studio Version 17
VisualStudioVersion = 17.14.36408.4
MinimumVisualStudioVersion = 10.0.40219.1
Project("{FAE04EC0-301F-11D3-BF4B-00C04F79EFBC}") = "Azure.Sdk.Tools.McpEvals", "Azure.Sdk.Tools.McpEvals.csproj", "{A838A023-31B9-4B04-91D5-58863544C4E6}"
EndProject
Global
	GlobalSection(SolutionConfigurationPlatforms) = preSolution
		Debug|Any CPU = Debug|Any CPU
		Release|Any CPU = Release|Any CPU
	EndGlobalSection
	GlobalSection(ProjectConfigurationPlatforms) = postSolution
		{A838A023-31B9-4B04-91D5-58863544C4E6}.Debug|Any CPU.ActiveCfg = Debug|Any CPU
		{A838A023-31B9-4B04-91D5-58863544C4E6}.Debug|Any CPU.Build.0 = Debug|Any CPU
		{A838A023-31B9-4B04-91D5-58863544C4E6}.Release|Any CPU.ActiveCfg = Release|Any CPU
		{A838A023-31B9-4B04-91D5-58863544C4E6}.Release|Any CPU.Build.0 = Release|Any CPU
	EndGlobalSection
	GlobalSection(SolutionProperties) = preSolution
		HideSolutionNode = FALSE
	EndGlobalSection
	GlobalSection(ExtensibilityGlobals) = postSolution
		SolutionGuid = {ECE843C5-DCB0-4DA6-8845-2311F009D9E5}
	EndGlobalSection
EndGlobal
