
Microsoft Visual Studio Solution File, Format Version 12.00
# Visual Studio Version 17
VisualStudioVersion = 17.13.35406.7 main
MinimumVisualStudioVersion = 10.0.40219.1
Project("{FAE04EC0-301F-11D3-BF4B-00C04F79EFBC}") = "AzureSDKDevToolsMCP", "AzureSDKDevToolsMCP.csproj", "{973B4195-BE96-4B89-98A7-587B0132E339}"
EndProject
Global
	GlobalSection(SolutionConfigurationPlatforms) = preSolution
		Debug|Any CPU = Debug|Any CPU
		Release|Any CPU = Release|Any CPU
	EndGlobalSection
	GlobalSection(ProjectConfigurationPlatforms) = postSolution
		{973B4195-BE96-4B89-98A7-587B0132E339}.Debug|Any CPU.ActiveCfg = Debug|Any CPU
		{973B4195-BE96-4B89-98A7-587B0132E339}.Debug|Any CPU.Build.0 = Debug|Any CPU
		{973B4195-BE96-4B89-98A7-587B0132E339}.Release|Any CPU.ActiveCfg = Release|Any CPU
		{973B4195-BE96-4B89-98A7-587B0132E339}.Release|Any CPU.Build.0 = Release|Any CPU
	EndGlobalSection
	GlobalSection(SolutionProperties) = preSolution
		HideSolutionNode = FALSE
	EndGlobalSection
EndGlobal
