
Microsoft Visual Studio Solution File, Format Version 12.00
# Visual Studio Version 17
VisualStudioVersion = 17.2.32616.157
MinimumVisualStudioVersion = 10.0.40219.1
Project("{9A19103F-16F7-4668-BE54-9A1E7A4F7556}") = "Azure.Sdk.Tools.PerfAutomation", "Azure.Sdk.Tools.PerfAutomation\Azure.Sdk.Tools.PerfAutomation.csproj", "{5E5338B7-18F2-4667-B5C8-AB808FAEAC78}"
EndProject
Project("{2150E333-8FDC-42A3-9474-1A3956D46DE8}") = "Solution Items", "Solution Items", "{C0B7C009-E887-4887-B791-4CC460FF1161}"
	ProjectSection(SolutionItems) = preProject
		README.md = README.md
	EndProjectSection
EndProject
Project("{FAE04EC0-301F-11D3-BF4B-00C04F79EFBC}") = "Azure.Sdk.Tools.PerfAutomation.Tests", "Azure.Sdk.Tools.PerfAutomation.Tests\Azure.Sdk.Tools.PerfAutomation.Tests.csproj", "{B6FFDE85-351D-4F7C-828E-B96296A70612}"
EndProject
Global
	GlobalSection(SolutionConfigurationPlatforms) = preSolution
		Debug|Any CPU = Debug|Any CPU
		Release|Any CPU = Release|Any CPU
	EndGlobalSection
	GlobalSection(ProjectConfigurationPlatforms) = postSolution
		{5E5338B7-18F2-4667-B5C8-AB808FAEAC78}.Debug|Any CPU.ActiveCfg = Debug|Any CPU
		{5E5338B7-18F2-4667-B5C8-AB808FAEAC78}.Debug|Any CPU.Build.0 = Debug|Any CPU
		{5E5338B7-18F2-4667-B5C8-AB808FAEAC78}.Release|Any CPU.ActiveCfg = Release|Any CPU
		{5E5338B7-18F2-4667-B5C8-AB808FAEAC78}.Release|Any CPU.Build.0 = Release|Any CPU
		{B6FFDE85-351D-4F7C-828E-B96296A70612}.Debug|Any CPU.ActiveCfg = Debug|Any CPU
		{B6FFDE85-351D-4F7C-828E-B96296A70612}.Debug|Any CPU.Build.0 = Debug|Any CPU
		{B6FFDE85-351D-4F7C-828E-B96296A70612}.Release|Any CPU.ActiveCfg = Release|Any CPU
		{B6FFDE85-351D-4F7C-828E-B96296A70612}.Release|Any CPU.Build.0 = Release|Any CPU
	EndGlobalSection
	GlobalSection(SolutionProperties) = preSolution
		HideSolutionNode = FALSE
	EndGlobalSection
	GlobalSection(ExtensibilityGlobals) = postSolution
		SolutionGuid = {FF33F975-ACF9-4387-B631-25FC86F3D564}
	EndGlobalSection
EndGlobal
