
Microsoft Visual Studio Solution File, Format Version 12.00
# Visual Studio Version 16
VisualStudioVersion = 16.0.30907.101
MinimumVisualStudioVersion = 10.0.40219.1
Project("{9A19103F-16F7-4668-BE54-9A1E7A4F7556}") = "Azure.Sdk.Tools.PerfAutomation", "Azure.Sdk.Tools.PerfAutomation\Azure.Sdk.Tools.PerfAutomation.csproj", "{5E5338B7-18F2-4667-B5C8-AB808FAEAC78}"
EndProject
Global
	GlobalSection(SolutionConfigurationPlatforms) = preSolution
		Debug|Any CPU = Debug|Any CPU
		Release|Any CPU = Release|Any CPU
	EndGlobalSection
	GlobalSection(ProjectConfigurationPlatforms) = postSolution
		{5E5338B7-18F2-4667-B5C8-AB808FAEAC78}.Debug|Any CPU.ActiveCfg = Debug|Any CPU
		{5E5338B7-18F2-4667-B5C8-AB808FAEAC78}.Debug|Any CPU.Build.0 = Debug|Any CPU
		{5E5338B7-18F2-4667-B5C8-AB808FAEAC78}.Release|Any CPU.ActiveCfg = Release|Any CPU
		{5E5338B7-18F2-4667-B5C8-AB808FAEAC78}.Release|Any CPU.Build.0 = Release|Any CPU
	EndGlobalSection
	GlobalSection(SolutionProperties) = preSolution
		HideSolutionNode = FALSE
	EndGlobalSection
	GlobalSection(ExtensibilityGlobals) = postSolution
		SolutionGuid = {FF33F975-ACF9-4387-B631-25FC86F3D564}
	EndGlobalSection
EndGlobal
