
Microsoft Visual Studio Solution File, Format Version 12.00
# Visual Studio Version 17
VisualStudioVersion = 17.13.35931.197
MinimumVisualStudioVersion = 10.0.40219.1
Project("{FAE04EC0-301F-11D3-BF4B-00C04F79EFBC}") = "Azure.Sdk.Tools.Cli", "Azure.Sdk.Tools.Cli\Azure.Sdk.Tools.Cli.csproj", "{162CDABB-D3C2-46DF-A955-183488D5716F}"
EndProject
Project("{FAE04EC0-301F-11D3-BF4B-00C04F79EFBC}") = "Azure.Sdk.Tools.Cli.Contract", "Azure.Sdk.Tools.Cli.Contract\Azure.Sdk.Tools.Cli.Contract.csproj", "{D16D6FB0-A629-4878-B215-8503041C56CE}"
EndProject
Project("{FAE04EC0-301F-11D3-BF4B-00C04F79EFBC}") = "Azure.Sdk.Tools.Cli.Tests", "Azure.Sdk.Tools.Cli.Tests\Azure.Sdk.Tools.Cli.Tests.csproj", "{97D903D8-ADC9-4C01-8922-9ADB9137B584}"
EndProject
Project("{FAE04EC0-301F-11D3-BF4B-00C04F79EFBC}") = "Azure.Sdk.Tools.Cli.Analyzer", "Azure.Sdk.Tools.Cli.Analyzer\Azure.Sdk.Tools.Cli.Analyzer.csproj", "{BC20D79B-D515-4A14-BACA-8809949A4D08}"
EndProject
Global
	GlobalSection(SolutionConfigurationPlatforms) = preSolution
		Debug|Any CPU = Debug|Any CPU
		Release|Any CPU = Release|Any CPU
	EndGlobalSection
	GlobalSection(ProjectConfigurationPlatforms) = postSolution
		{162CDABB-D3C2-46DF-A955-183488D5716F}.Debug|Any CPU.ActiveCfg = Debug|Any CPU
		{162CDABB-D3C2-46DF-A955-183488D5716F}.Debug|Any CPU.Build.0 = Debug|Any CPU
		{162CDABB-D3C2-46DF-A955-183488D5716F}.Release|Any CPU.ActiveCfg = Release|Any CPU
		{162CDABB-D3C2-46DF-A955-183488D5716F}.Release|Any CPU.Build.0 = Release|Any CPU
		{D16D6FB0-A629-4878-B215-8503041C56CE}.Debug|Any CPU.ActiveCfg = Debug|Any CPU
		{D16D6FB0-A629-4878-B215-8503041C56CE}.Debug|Any CPU.Build.0 = Debug|Any CPU
		{D16D6FB0-A629-4878-B215-8503041C56CE}.Release|Any CPU.ActiveCfg = Release|Any CPU
		{D16D6FB0-A629-4878-B215-8503041C56CE}.Release|Any CPU.Build.0 = Release|Any CPU
		{97D903D8-ADC9-4C01-8922-9ADB9137B584}.Debug|Any CPU.ActiveCfg = Debug|Any CPU
		{97D903D8-ADC9-4C01-8922-9ADB9137B584}.Debug|Any CPU.Build.0 = Debug|Any CPU
		{97D903D8-ADC9-4C01-8922-9ADB9137B584}.Release|Any CPU.ActiveCfg = Release|Any CPU
		{97D903D8-ADC9-4C01-8922-9ADB9137B584}.Release|Any CPU.Build.0 = Release|Any CPU
		{BC20D79B-D515-4A14-BACA-8809949A4D08}.Debug|Any CPU.ActiveCfg = Debug|Any CPU
		{BC20D79B-D515-4A14-BACA-8809949A4D08}.Debug|Any CPU.Build.0 = Debug|Any CPU
		{BC20D79B-D515-4A14-BACA-8809949A4D08}.Release|Any CPU.ActiveCfg = Release|Any CPU
		{BC20D79B-D515-4A14-BACA-8809949A4D08}.Release|Any CPU.Build.0 = Release|Any CPU
	EndGlobalSection
	GlobalSection(SolutionProperties) = preSolution
		HideSolutionNode = FALSE
	EndGlobalSection
	GlobalSection(ExtensibilityGlobals) = postSolution
		SolutionGuid = {A02A4249-4B28-468E-B4A9-025843E3E1D2}
	EndGlobalSection
EndGlobal
